<?xml version="1.0" encoding="utf-8"?>
<Project ToolsVersion="4.0" xmlns="http://schemas.microsoft.com/developer/msbuild/2003">
  <ItemGroup>
    <Filter Include="Resource Files">
      <UniqueIdentifier>{67DA6AB6-F800-4c08-8B7A-83BB121AAD01}</UniqueIdentifier>
      <Extensions>rc;ico;cur;bmp;dlg;rc2;rct;bin;rgs;gif;jpg;jpeg;jpe;resx;tiff;tif;png;wav</Extensions>
    </Filter>
    <Filter Include="Sources Files">
      <UniqueIdentifier>{93995380-89BD-4b04-88EB-625FBE52EBFB}</UniqueIdentifier>
      <Extensions>h;hpp;hxx;hm;inl;inc;xsd</Extensions>
    </Filter>
    <Filter Include="Sources Files\Application">
      <UniqueIdentifier>{c845f3fe-60ec-4b69-870e-1b94806be78e}</UniqueIdentifier>
    </Filter>
    <Filter Include="Sources Files\Environnement">
      <UniqueIdentifier>{9442597c-399a-4cb0-95f0-8ce763870496}</UniqueIdentifier>
    </Filter>
    <Filter Include="Sources Files\Environnement\Evenements">
      <UniqueIdentifier>{9b3ebc76-0e4d-4010-bb5e-56d455164370}</UniqueIdentifier>
    </Filter>
    <Filter Include="Sources Files\Interface">
      <UniqueIdentifier>{6c8e2c48-de9f-4091-bc76-fed408577f6f}</UniqueIdentifier>
    </Filter>
    <Filter Include="Sources Files\Interface\EtatSouris">
      <UniqueIdentifier>{50dbe0d8-df1e-4994-8354-16654ee64e79}</UniqueIdentifier>
    </Filter>
    <Filter Include="Sources Files\Interface\GestionEtat">
      <UniqueIdentifier>{708b9294-0b82-4e15-8d73-ab7618065a3c}</UniqueIdentifier>
    </Filter>
    <Filter Include="Sources Files\Configuration">
      <UniqueIdentifier>{737950f1-92e0-48cc-99df-484ed3bae29b}</UniqueIdentifier>
    </Filter>
    <Filter Include="Sources Files\Arbre">
      <UniqueIdentifier>{824db547-4831-4bb7-b7f2-70d05299ed49}</UniqueIdentifier>
    </Filter>
    <Filter Include="Sources Files\Arbre\Noeuds">
      <UniqueIdentifier>{adf7252c-e0c2-4e7e-9194-a254f846e61d}</UniqueIdentifier>
    </Filter>
    <Filter Include="Sources Files\Arbre\Modeles">
      <UniqueIdentifier>{d8be4f7f-ac4e-4fbe-be6f-a0b17cb46c3e}</UniqueIdentifier>
    </Filter>
    <Filter Include="Sources Files\Arbre\Visiteur">
      <UniqueIdentifier>{e8ddb81d-3eeb-49c8-ab8e-4b53d680db37}</UniqueIdentifier>
    </Filter>
    <Filter Include="Sources Files\Tests">
      <UniqueIdentifier>{0dbbcffd-49b5-4878-a09c-22650c7a5093}</UniqueIdentifier>
    </Filter>
    <Filter Include="Sources Files\Sons">
      <UniqueIdentifier>{7400df63-e505-4537-863c-56393d65acd5}</UniqueIdentifier>
    </Filter>
    <Filter Include="Sources Files\Jeu">
      <UniqueIdentifier>{7ef81c68-898c-41bd-a323-e6b552a5ab81}</UniqueIdentifier>
    </Filter>
    <Filter Include="Sources Files\Arbre\ArbreRendu">
      <UniqueIdentifier>{a492940a-6481-4341-98de-88a6319a12c4}</UniqueIdentifier>
    </Filter>
    <Filter Include="Sources Files\Arbre\Edition">
      <UniqueIdentifier>{4a88c72d-9324-4c23-8596-12afed3ad534}</UniqueIdentifier>
    </Filter>
    <Filter Include="Sources Files\Jeu\AI">
      <UniqueIdentifier>{e1d97e2f-2507-4ef1-894f-2af9a495eb7e}</UniqueIdentifier>
    </Filter>
    <Filter Include="Sources Files\Arbre\Hud">
      <UniqueIdentifier>{b888852e-6f04-4fad-b632-a4c009c203ef}</UniqueIdentifier>
    </Filter>
    <Filter Include="Sources Files\Reseau">
      <UniqueIdentifier>{5c38cbba-2b01-416d-abce-e6453f3078f7}</UniqueIdentifier>
    </Filter>
    <Filter Include="Sources Files\Reseau\Paquets">
      <UniqueIdentifier>{d36e293c-de77-45e1-bfec-591015b4a879}</UniqueIdentifier>
    </Filter>
    <Filter Include="Sources Files\Reseau\PaquetHandlers">
      <UniqueIdentifier>{88fca8f0-3b7b-4125-a2df-36c117b13552}</UniqueIdentifier>
    </Filter>
    <Filter Include="Sources Files\Reseau\UsinePaquets">
      <UniqueIdentifier>{730757d9-2967-4595-9ace-2d0c4045ab15}</UniqueIdentifier>
    </Filter>
    <Filter Include="Sources Files\Reseau\Global">
      <UniqueIdentifier>{4eccdfc7-8d86-49e4-b03b-97833967b258}</UniqueIdentifier>
    </Filter>
    <Filter Include="Sources Files\Reseau\Global\PaquetHandlers">
      <UniqueIdentifier>{e2dd2609-6ce5-4967-990f-3193de45d40c}</UniqueIdentifier>
    </Filter>
    <Filter Include="Sources Files\Reseau\Global\Paquets">
      <UniqueIdentifier>{c7c99604-afde-4772-9122-0d7accee2245}</UniqueIdentifier>
    </Filter>
    <Filter Include="Sources Files\Reseau\Global\UsinePaquets">
      <UniqueIdentifier>{99013afa-7cb6-46e6-bcc8-91c45754deb4}</UniqueIdentifier>
    </Filter>
    <Filter Include="Sources Files\Reseau\Global\ExceptionsReseau">
      <UniqueIdentifier>{aabae61a-04c9-4e65-8e07-3c6b99869765}</UniqueIdentifier>
    </Filter>
    <Filter Include="Sources Files\Reseau\Global\ObjetsGlobauxServeurs">
      <UniqueIdentifier>{db519a46-759c-42c5-833e-b217a25f0b51}</UniqueIdentifier>
    </Filter>
    <Filter Include="Sources Files\Arbre\Bonus">
      <UniqueIdentifier>{df564af7-932a-4e50-9943-1528050503eb}</UniqueIdentifier>
    </Filter>
    <Filter Include="Sources Files\Arbre\FieldModificationStrategy">
      <UniqueIdentifier>{ea9119c6-a85a-4d09-a9fa-d74a27e8814f}</UniqueIdentifier>
    </Filter>
    <Filter Include="Sources Files\Achievements">
      <UniqueIdentifier>{f8495929-e4fc-4305-bcb8-997254900016}</UniqueIdentifier>
    </Filter>
    <Filter Include="Sources Files\Physics">
      <UniqueIdentifier>{97821e45-c342-4bc4-afbb-bcfef0a748cb}</UniqueIdentifier>
    </Filter>
    <Filter Include="Sources Files\Jeu\AI\Renforcement">
      <UniqueIdentifier>{6b545438-cabd-41a9-b067-b0857ed88eb2}</UniqueIdentifier>
    </Filter>
  </ItemGroup>
  <ItemGroup>
    <ClCompile Include="Application\FacadeModele.cpp">
      <Filter>Sources Files\Application</Filter>
    </ClCompile>
    <ClCompile Include="Arbre\Noeuds\NoeudAbstrait.cpp">
      <Filter>Sources Files\Arbre\Noeuds</Filter>
    </ClCompile>
    <ClCompile Include="Arbre\Noeuds\NoeudTable.cpp">
      <Filter>Sources Files\Arbre\Noeuds</Filter>
    </ClCompile>
    <ClCompile Include="Arbre\Noeuds\NoeudBut.cpp">
      <Filter>Sources Files\Arbre\Noeuds</Filter>
    </ClCompile>
    <ClCompile Include="Arbre\Noeuds\NoeudComposite.cpp">
      <Filter>Sources Files\Arbre\Noeuds</Filter>
    </ClCompile>
    <ClCompile Include="Arbre\Noeuds\NoeudMaillet.cpp">
      <Filter>Sources Files\Arbre\Noeuds</Filter>
    </ClCompile>
    <ClCompile Include="Arbre\Noeuds\NoeudRondelle.cpp">
      <Filter>Sources Files\Arbre\Noeuds</Filter>
    </ClCompile>
    <ClCompile Include="Arbre\Modeles\Modele3D.cpp">
      <Filter>Sources Files\Arbre\Modeles</Filter>
    </ClCompile>
    <ClCompile Include="Environnement\Evenements\EvenementClavier.cpp">
      <Filter>Sources Files\Environnement\Evenements</Filter>
    </ClCompile>
    <ClCompile Include="Environnement\Evenements\EvenementSouris.cpp">
      <Filter>Sources Files\Environnement\Evenements</Filter>
    </ClCompile>
    <ClCompile Include="Environnement\Evenements\EvenementRouletteSouris.cpp">
      <Filter>Sources Files\Environnement\Evenements</Filter>
    </ClCompile>
    <ClCompile Include="Interface\EtatSouris\SourisEtatAbstrait.cpp">
      <Filter>Sources Files\Interface\EtatSouris</Filter>
    </ClCompile>
    <ClCompile Include="Interface\EtatSouris\SourisEtatZoomProportionnel.cpp">
      <Filter>Sources Files\Interface\EtatSouris</Filter>
    </ClCompile>
    <ClCompile Include="Interface\EtatSouris\SourisEtatDeplacerFenetre.cpp">
      <Filter>Sources Files\Interface\EtatSouris</Filter>
    </ClCompile>
    <ClCompile Include="Interface\EtatSouris\SourisEtatZoomElastique.cpp">
      <Filter>Sources Files\Interface\EtatSouris</Filter>
    </ClCompile>
    <ClCompile Include="Interface\GestionEtat\GestionnaireEtatAbstrait.cpp">
      <Filter>Sources Files\Interface\GestionEtat</Filter>
    </ClCompile>
    <ClCompile Include="Interface\GestionEtat\GestionnaireEtatModeJeu.cpp">
      <Filter>Sources Files\Interface\GestionEtat</Filter>
    </ClCompile>
    <ClCompile Include="Interface\GestionEtat\GestionnaireEtatModeEdition.cpp">
      <Filter>Sources Files\Interface\GestionEtat</Filter>
    </ClCompile>
    <ClCompile Include="Interface\GestionnaireEvenements.cpp">
      <Filter>Sources Files\Interface</Filter>
    </ClCompile>
    <ClCompile Include="Interface\FacadeJNI.cpp">
      <Filter>Sources Files\Interface</Filter>
    </ClCompile>
    <ClCompile Include="Arbre\Noeuds\NoeudPortail.cpp">
      <Filter>Sources Files\Arbre\Noeuds</Filter>
    </ClCompile>
    <ClCompile Include="Arbre\Visiteur\VisiteurEcrireXML.cpp">
      <Filter>Sources Files\Arbre\Visiteur</Filter>
    </ClCompile>
    <ClCompile Include="Arbre\Visiteur\VisiteurNoeud.cpp">
      <Filter>Sources Files\Arbre\Visiteur</Filter>
    </ClCompile>
    <ClCompile Include="Arbre\Modeles\GestionnaireModeles.cpp">
      <Filter>Sources Files\Arbre\Modeles</Filter>
    </ClCompile>
    <ClCompile Include="Tests\BancTests.cpp">
      <Filter>Sources Files\Tests</Filter>
    </ClCompile>
    <ClCompile Include="Tests\ConfigSceneTest.cpp">
      <Filter>Sources Files\Tests</Filter>
    </ClCompile>
    <ClCompile Include="Tests\NoeudAbstraitTest.cpp">
      <Filter>Sources Files\Tests</Filter>
    </ClCompile>
    <ClCompile Include="Tests\NoeudCompositeTest.cpp">
      <Filter>Sources Files\Tests</Filter>
    </ClCompile>
    <ClCompile Include="Tests\ProjectionOrthoTest.cpp">
      <Filter>Sources Files\Tests</Filter>
    </ClCompile>
    <ClCompile Include="Tests\VisiteurNoeudTest.cpp">
      <Filter>Sources Files\Tests</Filter>
    </ClCompile>
    <ClCompile Include="Arbre\Noeuds\NoeudAccelerateur.cpp">
      <Filter>Sources Files\Arbre\Noeuds</Filter>
    </ClCompile>
    <ClCompile Include="Interface\EtatSouris\SourisEtatSelection.cpp">
      <Filter>Sources Files\Interface\EtatSouris</Filter>
    </ClCompile>
    <ClCompile Include="Arbre\Visiteur\VisiteurSelection.cpp">
      <Filter>Sources Files\Arbre\Visiteur</Filter>
    </ClCompile>
    <ClCompile Include="Arbre\Noeuds\NoeudPoint.cpp">
      <Filter>Sources Files\Arbre\Noeuds</Filter>
    </ClCompile>
    <ClCompile Include="Tests\GestionnaireEvenementsTest.cpp">
      <Filter>Sources Files\Tests</Filter>
    </ClCompile>
    <ClCompile Include="Arbre\Visiteur\VisiteurEchelle.cpp">
      <Filter>Sources Files\Arbre\Visiteur</Filter>
    </ClCompile>
    <ClCompile Include="Arbre\Visiteur\VisiteurRotation.cpp">
      <Filter>Sources Files\Arbre\Visiteur</Filter>
    </ClCompile>
    <ClCompile Include="Tests\GestionnaireModelesTest.cpp">
      <Filter>Sources Files\Tests</Filter>
    </ClCompile>
    <ClCompile Include="Arbre\Visiteur\VisiteurSuppression.cpp">
      <Filter>Sources Files\Arbre\Visiteur</Filter>
    </ClCompile>
    <ClCompile Include="Arbre\Noeuds\NoeudMuret.cpp">
      <Filter>Sources Files\Arbre\Noeuds</Filter>
    </ClCompile>
    <ClCompile Include="Arbre\Visiteur\VisiteurCollision.cpp">
      <Filter>Sources Files\Arbre\Visiteur</Filter>
    </ClCompile>
    <ClCompile Include="Arbre\Visiteur\VisiteurDeplacement.cpp">
      <Filter>Sources Files\Arbre\Visiteur</Filter>
    </ClCompile>
    <ClCompile Include="Arbre\Visiteur\VisiteurDupliquer.cpp">
      <Filter>Sources Files\Arbre\Visiteur</Filter>
    </ClCompile>
    <ClCompile Include="Arbre\Noeuds\NoeudMuretRelatif.cpp">
      <Filter>Sources Files\Arbre\Noeuds</Filter>
    </ClCompile>
    <ClCompile Include="Sons\SoundFMOD.cpp">
      <Filter>Sources Files\Sons</Filter>
    </ClCompile>
    <ClCompile Include="Arbre\Visiteur\VisiteurModifierProprieteNoeud.cpp">
      <Filter>Sources Files\Arbre\Visiteur</Filter>
    </ClCompile>
    <ClCompile Include="Jeu\JoueurAbstrait.cpp">
      <Filter>Sources Files\Jeu</Filter>
    </ClCompile>
    <ClCompile Include="Jeu\JoueurHumain.cpp">
      <Filter>Sources Files\Jeu</Filter>
    </ClCompile>
    <ClCompile Include="Jeu\JoueurVirtuel.cpp">
      <Filter>Sources Files\Jeu</Filter>
    </ClCompile>
    <ClCompile Include="Jeu\Partie.cpp">
      <Filter>Sources Files\Jeu</Filter>
    </ClCompile>
    <ClCompile Include="Jeu\Tournoi.cpp">
      <Filter>Sources Files\Jeu</Filter>
    </ClCompile>
    <ClCompile Include="Tests\TournoiTest.cpp">
      <Filter>Sources Files\Tests</Filter>
    </ClCompile>
    <ClCompile Include="Interface\GestionEtat\GestionnaireEtatMenuPrincipal.cpp">
      <Filter>Sources Files\Interface\GestionEtat</Filter>
    </ClCompile>
    <ClCompile Include="Interface\GestionEtat\GestionnaireEtatModeTournoi.cpp">
      <Filter>Sources Files\Interface\GestionEtat</Filter>
    </ClCompile>
    <ClCompile Include="Arbre\Visiteur\VisiteurEstSelectione.cpp">
      <Filter>Sources Files\Arbre\Visiteur</Filter>
    </ClCompile>
    <ClCompile Include="Application\RepartiteurActions.cpp">
      <Filter>Sources Files\Application</Filter>
    </ClCompile>
    <ClCompile Include="Arbre\Noeuds\NoeudGroupe.cpp">
      <Filter>Sources Files\Arbre\Noeuds</Filter>
    </ClCompile>
    <ClCompile Include="Arbre\Noeuds\NoeudAffichage.cpp">
      <Filter>Sources Files\Arbre\Noeuds</Filter>
    </ClCompile>
    <ClCompile Include="Arbre\ArbreNoeudLibre.cpp">
      <Filter>Sources Files\Arbre\ArbreRendu</Filter>
    </ClCompile>
    <ClCompile Include="Arbre\ArbreRendu.cpp">
      <Filter>Sources Files\Arbre\ArbreRendu</Filter>
    </ClCompile>
    <ClCompile Include="Arbre\Terrain.cpp">
      <Filter>Sources Files\Arbre\Edition</Filter>
    </ClCompile>
    <ClCompile Include="Arbre\ZoneEdition.cpp">
      <Filter>Sources Files\Arbre\Edition</Filter>
    </ClCompile>
    <ClCompile Include="Interface\EtatSouris\SourisEtatAjout.cpp">
      <Filter>Sources Files\Interface\EtatSouris</Filter>
    </ClCompile>
    <ClCompile Include="Jeu\AI\AIMaillet.cpp">
      <Filter>Sources Files\Jeu\AI</Filter>
    </ClCompile>
    <ClCompile Include="Jeu\AI\AIStratDefensive.cpp">
      <Filter>Sources Files\Jeu\AI</Filter>
    </ClCompile>
    <ClCompile Include="Jeu\AI\AIStratOffensive.cpp">
      <Filter>Sources Files\Jeu\AI</Filter>
    </ClCompile>
    <ClCompile Include="Jeu\AI\AIStrat.cpp">
      <Filter>Sources Files\Jeu\AI</Filter>
    </ClCompile>
    <ClCompile Include="Arbre\Visiteur\VisiteurSelectionOpenGL.cpp">
      <Filter>Sources Files\Arbre\Visiteur</Filter>
    </ClCompile>
    <ClCompile Include="Arbre\HUD\HUDElement.cpp">
      <Filter>Sources Files\Arbre\Hud</Filter>
    </ClCompile>
    <ClCompile Include="Arbre\HUD\HUDTexte.cpp">
      <Filter>Sources Files\Arbre\Hud</Filter>
    </ClCompile>
    <ClCompile Include="Arbre\HUD\HUDSurfaceGL.cpp">
      <Filter>Sources Files\Arbre\Hud</Filter>
    </ClCompile>
    <ClCompile Include="Arbre\HUD\GestionnaireHUD.cpp">
      <Filter>Sources Files\Arbre\Hud</Filter>
    </ClCompile>
    <ClCompile Include="Tests\TerrainTest.cpp">
      <Filter>Sources Files\Tests</Filter>
    </ClCompile>
    <ClCompile Include="Interface\EtatSouris\SourisEtatOrbit.cpp">
      <Filter>Sources Files\Interface\EtatSouris</Filter>
    </ClCompile>
    <ClCompile Include="Interface\GestionEtat\GestionnaireEtatPartieTournoiTerminee.cpp">
      <Filter>Sources Files\Interface\GestionEtat</Filter>
    </ClCompile>
    <ClCompile Include="Interface\GestionEtat\GestionnaireEtatPartieRapideTerminee.cpp">
      <Filter>Sources Files\Interface\GestionEtat</Filter>
    </ClCompile>
    <ClCompile Include="Arbre\HUD\HUDMultiligne.cpp">
      <Filter>Sources Files\Arbre\Hud</Filter>
    </ClCompile>
    <ClCompile Include="Configuration\ConfigScene.cpp">
      <Filter>Sources Files\Configuration</Filter>
    </ClCompile>
    <ClCompile Include="Arbre\HUD\HUDElementComparatif.cpp">
      <Filter>Sources Files\Arbre\Hud</Filter>
    </ClCompile>
    <ClCompile Include="Arbre\Visiteur\VisiteurFunction.cpp">
      <Filter>Sources Files\Arbre\Visiteur</Filter>
    </ClCompile>
    <ClCompile Include="Interface\FacadeCSharp.cpp">
      <Filter>Sources Files\Interface</Filter>
    </ClCompile>
    <ClCompile Include="Interface\DebugRenderBox2D.cpp">
      <Filter>Sources Files\Interface</Filter>
    </ClCompile>
    <ClCompile Include="Reseau\GestionnaireReseauClientLourd.cpp">
      <Filter>Sources Files\Reseau</Filter>
    </ClCompile>
    <ClCompile Include="Reseau\PaquetHandlers\PacketHandlerChatMessage.cpp">
      <Filter>Sources Files\Reseau\PaquetHandlers</Filter>
    </ClCompile>
    <ClCompile Include="Reseau\Paquets\PaquetChatMessage.cpp">
      <Filter>Sources Files\Reseau\Paquets</Filter>
    </ClCompile>
    <ClCompile Include="Reseau\ControllerCSharp.cpp">
      <Filter>Sources Files\Reseau</Filter>
    </ClCompile>
    <ClCompile Include="Arbre\RazerGameTree.cpp">
      <Filter>Sources Files\Arbre\ArbreRendu</Filter>
    </ClCompile>
    <ClCompile Include="Environnement\RazerGameUtilities.cpp">
      <Filter>Sources Files\Environnement</Filter>
    </ClCompile>
    <ClCompile Include="Reseau\Paquets\PaquetUserStatus.cpp">
      <Filter>Sources Files\Reseau\Paquets</Filter>
    </ClCompile>
    <ClCompile Include="Reseau\PaquetHandlers\PacketHandlerUserStatus.cpp">
      <Filter>Sources Files\Reseau\PaquetHandlers</Filter>
    </ClCompile>
    <ClCompile Include="Reseau\CommunicateurReseau.cpp">
      <Filter>Sources Files\Reseau\Global</Filter>
    </ClCompile>
    <ClCompile Include="Reseau\GestionnaireReseau.cpp">
      <Filter>Sources Files\Reseau\Global</Filter>
    </ClCompile>
    <ClCompile Include="Reseau\PacketBuilder.cpp">
      <Filter>Sources Files\Reseau\Global</Filter>
    </ClCompile>
    <ClCompile Include="Reseau\PacketReader.cpp">
      <Filter>Sources Files\Reseau\Global</Filter>
    </ClCompile>
    <ClCompile Include="Reseau\PaquetHandlers\PacketHandlerConnAutomatique.cpp">
      <Filter>Sources Files\Reseau\Global\PaquetHandlers</Filter>
    </ClCompile>
    <ClCompile Include="Reseau\PaquetHandlers\PacketHandlerEvent.cpp">
      <Filter>Sources Files\Reseau\Global\PaquetHandlers</Filter>
    </ClCompile>
    <ClCompile Include="Reseau\PaquetHandlers\PacketHandlerLoginInfo.cpp">
      <Filter>Sources Files\Reseau\Global\PaquetHandlers</Filter>
    </ClCompile>
    <ClCompile Include="Reseau\PaquetHandlers\PacketHandlerTest.cpp">
      <Filter>Sources Files\Reseau\Global\PaquetHandlers</Filter>
    </ClCompile>
    <ClCompile Include="Reseau\PaquetHandlers\PacketHandler.cpp">
      <Filter>Sources Files\Reseau\Global\PaquetHandlers</Filter>
    </ClCompile>
    <ClCompile Include="Reseau\Paquets\PaquetEvent.cpp">
      <Filter>Sources Files\Reseau\Global\Paquets</Filter>
    </ClCompile>
    <ClCompile Include="Reseau\Paquets\PaquetLoginInfo.cpp">
      <Filter>Sources Files\Reseau\Global\Paquets</Filter>
    </ClCompile>
    <ClCompile Include="Reseau\Paquets\PaquetTest.cpp">
      <Filter>Sources Files\Reseau\Global\Paquets</Filter>
    </ClCompile>
    <ClCompile Include="Reseau\Paquets\Paquet.cpp">
      <Filter>Sources Files\Reseau\Global\Paquets</Filter>
    </ClCompile>
    <ClCompile Include="Reseau\Paquets\PaquetConnAutomatique.cpp">
      <Filter>Sources Files\Reseau\Global\Paquets</Filter>
    </ClCompile>
    <ClCompile Include="Reseau\Socket.cpp">
      <Filter>Sources Files\Reseau\Global</Filter>
    </ClCompile>
    <ClCompile Include="Reseau\RelayeurMessage.cpp">
      <Filter>Sources Files\Reseau\Global</Filter>
    </ClCompile>
    <ClCompile Include="Reseau\ExceptionsReseau\ExceptionReseauParametreInvalide.cpp">
      <Filter>Sources Files\Reseau\Global\ExceptionsReseau</Filter>
    </ClCompile>
    <ClCompile Include="Reseau\ExceptionsReseau\ExceptionReseauSocketDeconnecte.cpp">
      <Filter>Sources Files\Reseau\Global\ExceptionsReseau</Filter>
    </ClCompile>
    <ClCompile Include="Reseau\ExceptionsReseau\ExceptionReseauTimeout.cpp">
      <Filter>Sources Files\Reseau\Global\ExceptionsReseau</Filter>
    </ClCompile>
    <ClCompile Include="Reseau\ExceptionsReseau\ExceptionReseau.cpp">
      <Filter>Sources Files\Reseau\Global\ExceptionsReseau</Filter>
    </ClCompile>
    <ClCompile Include="Reseau\ExceptionsReseau\ExceptionReseauGlobale.cpp">
      <Filter>Sources Files\Reseau\Global\ExceptionsReseau</Filter>
    </ClCompile>
    <ClCompile Include="Reseau\SocketTCPServeur.cpp">
      <Filter>Sources Files\Reseau\Global</Filter>
    </ClCompile>
    <ClCompile Include="Reseau\ObjetsGlobaux\PartieServeurs.cpp">
      <Filter>Sources Files\Reseau\Global\ObjetsGlobauxServeurs</Filter>
    </ClCompile>
    <ClCompile Include="Reseau\ObjetsGlobaux\JoueurServeurs.cpp">
      <Filter>Sources Files\Reseau\Global\ObjetsGlobauxServeurs</Filter>
    </ClCompile>
    <ClCompile Include="Reseau\ControllerInterface.cpp">
      <Filter>Sources Files\Reseau</Filter>
    </ClCompile>
    <ClCompile Include="Reseau\PaquetRunnable.cpp">
      <Filter>Sources Files\Reseau</Filter>
    </ClCompile>
    <ClCompile Include="Reseau\ControllerServeurJeu.cpp">
      <Filter>Sources Files\Reseau</Filter>
    </ClCompile>
    <ClCompile Include="Arbre\Noeuds\NodeWallAbstract.cpp">
      <Filter>Sources Files\Arbre\Noeuds</Filter>
    </ClCompile>
    <ClCompile Include="Reseau\Paquets\PaquetGameStatus.cpp">
      <Filter>Sources Files\Reseau\Paquets</Filter>
    </ClCompile>
    <ClCompile Include="Reseau\PaquetHandlers\PacketHandlerGameStatus.cpp">
      <Filter>Sources Files\Reseau\PaquetHandlers</Filter>
    </ClCompile>
    <ClCompile Include="Arbre\Noeuds\NodeWallEdition.cpp">
      <Filter>Sources Files\Arbre\Noeuds</Filter>
    </ClCompile>
    <ClCompile Include="Arbre\Noeuds\NodeRinkBoards.cpp">
      <Filter>Sources Files\Arbre\Noeuds</Filter>
    </ClCompile>
    <ClCompile Include="Arbre\Noeuds\ControlPointMutableAbstract.cpp">
      <Filter>Sources Files\Arbre\Noeuds</Filter>
    </ClCompile>
    <ClCompile Include="Arbre\Noeuds\NodeControlPoint.cpp">
      <Filter>Sources Files\Arbre\Noeuds</Filter>
    </ClCompile>
    <ClCompile Include="Arbre\Noeuds\NodePolygone.cpp">
      <Filter>Sources Files\Arbre\Noeuds</Filter>
    </ClCompile>
    <ClCompile Include="Interface\FacadeServeurJeu.cpp">
      <Filter>Sources Files\Interface</Filter>
    </ClCompile>
    <ClCompile Include="Reseau\PaquetRunnableClientLourd.cpp">
      <Filter>Sources Files\Reseau</Filter>
    </ClCompile>
    <ClCompile Include="Jeu\JoueurNetwork.cpp">
      <Filter>Sources Files\Jeu</Filter>
    </ClCompile>
    <ClCompile Include="Jeu\PartieSyncer.cpp">
      <Filter>Sources Files\Jeu</Filter>
    </ClCompile>
    <ClCompile Include="Reseau\Paquets\PaquetGameCreation.cpp">
      <Filter>Sources Files\Reseau\Paquets</Filter>
    </ClCompile>
    <ClCompile Include="Arbre\Noeuds\NodeModelRender.cpp">
      <Filter>Sources Files\Arbre\Noeuds</Filter>
    </ClCompile>
    <ClCompile Include="Arbre\Noeuds\NodeBonus.cpp">
      <Filter>Sources Files\Arbre\Noeuds</Filter>
    </ClCompile>
    <ClCompile Include="Arbre\Bonus\BonusModifierGoThorughWall.cpp">
      <Filter>Sources Files\Arbre\Bonus</Filter>
    </ClCompile>
    <ClCompile Include="Arbre\Usines\UsineNoeud.cpp">
      <Filter>Sources Files\Arbre</Filter>
    </ClCompile>
    <ClCompile Include="reseau\PaquetHandlers\PacketHandlerMaillet.cpp">
      <Filter>Sources Files\Reseau\PaquetHandlers</Filter>
    </ClCompile>
    <ClCompile Include="reseau\PaquetHandlers\PacketHandlerRondelle.cpp">
      <Filter>Sources Files\Reseau\PaquetHandlers</Filter>
    </ClCompile>
    <ClCompile Include="Reseau\Paquets\PaquetMaillet.cpp">
      <Filter>Sources Files\Reseau\Paquets</Filter>
    </ClCompile>
    <ClCompile Include="Reseau\Paquets\PaquetRondelle.cpp">
      <Filter>Sources Files\Reseau\Paquets</Filter>
    </ClCompile>
    <ClCompile Include="Reseau\PaquetRunnableServeurJeu.cpp">
      <Filter>Sources Files\Reseau</Filter>
    </ClCompile>
    <ClCompile Include="Tests\XMLTests.cpp">
      <Filter>Sources Files\Tests</Filter>
    </ClCompile>
    <ClCompile Include="Tests\UtilitaireTests.cpp">
      <Filter>Sources Files\Tests</Filter>
    </ClCompile>
    <ClCompile Include="Application\GameManager.cpp">
      <Filter>Sources Files\Jeu</Filter>
    </ClCompile>
    <ClCompile Include="Interface\GestionEtat\GestionnaireEtatModeSimulation.cpp">
      <Filter>Sources Files\Interface\GestionEtat</Filter>
    </ClCompile>
    <ClCompile Include="Arbre\Usines\BonusModifierFactory.cpp">
      <Filter>Sources Files\Arbre\Bonus</Filter>
    </ClCompile>
    <ClCompile Include="Arbre\Bonus\BonusModifierAbstract.cpp">
      <Filter>Sources Files\Arbre\Bonus</Filter>
    </ClCompile>
    <ClCompile Include="Reseau\PaquetHandlers\PacketHandlerGameCreation.cpp">
      <Filter>Sources Files\Reseau\PaquetHandlers</Filter>
    </ClCompile>
    <ClCompile Include="reseau\PaquetHandlers\PacketHandlerGameConnection.cpp">
      <Filter>Sources Files\Reseau\PaquetHandlers</Filter>
    </ClCompile>
    <ClCompile Include="reseau\Paquets\PaquetGameConnection.cpp">
      <Filter>Sources Files\Reseau\Paquets</Filter>
    </ClCompile>
    <ClCompile Include="Jeu\JoueurNetworkServeur.cpp">
      <Filter>Sources Files\Jeu</Filter>
    </ClCompile>
    <ClCompile Include="Arbre\HUD\HUDBonus.cpp">
      <Filter>Sources Files\Arbre\Hud</Filter>
    </ClCompile>
    <ClCompile Include="Arbre\Bonus\BonusModifierBlockGoal.cpp">
      <Filter>Sources Files\Arbre\Bonus</Filter>
    </ClCompile>
    <ClCompile Include="Arbre\Visiteur\VisitorGatherProperties.cpp">
      <Filter>Sources Files\Arbre\Visiteur</Filter>
    </ClCompile>
    <ClCompile Include="Reseau\PaquetHandlers\PacketHandlerGameEvent.cpp">
      <Filter>Sources Files\Reseau\PaquetHandlers</Filter>
    </ClCompile>
    <ClCompile Include="Reseau\Paquets\PaquetGameEvent.cpp">
      <Filter>Sources Files\Reseau\Paquets</Filter>
    </ClCompile>
    <ClCompile Include="Reseau\FacadePortability.cpp">
      <Filter>Sources Files\Reseau\Global</Filter>
    </ClCompile>
    <ClCompile Include="Arbre\FieldModificationStrategy\FieldModificationStrategyMove.cpp">
      <Filter>Sources Files\Arbre\FieldModificationStrategy</Filter>
    </ClCompile>
    <ClCompile Include="Arbre\FieldModificationStrategy\FieldModificationStrategyRotate.cpp">
      <Filter>Sources Files\Arbre\FieldModificationStrategy</Filter>
    </ClCompile>
    <ClCompile Include="Arbre\FieldModificationStrategy\FieldModificationStrategyScale.cpp">
      <Filter>Sources Files\Arbre\FieldModificationStrategy</Filter>
    </ClCompile>
    <ClCompile Include="Arbre\Visiteur\VisitorSetProperties.cpp">
      <Filter>Sources Files\Arbre\Visiteur</Filter>
    </ClCompile>
    <ClCompile Include="Arbre\HUD\HUDForeverAlone.cpp">
      <Filter>Sources Files\Arbre\Hud</Filter>
    </ClCompile>
    <ClCompile Include="Reseau\Paquets\PaquetBonus.cpp">
      <Filter>Sources Files\Reseau\Paquets</Filter>
    </ClCompile>
    <ClCompile Include="Reseau\PaquetHandlers\PacketHandlerBonus.cpp">
      <Filter>Sources Files\Reseau\PaquetHandlers</Filter>
    </ClCompile>
    <ClCompile Include="Arbre\FieldModificationStrategy\FieldModificationStrategyAddNode.cpp">
      <Filter>Sources Files\Arbre\FieldModificationStrategy</Filter>
    </ClCompile>
    <ClCompile Include="Arbre\FieldModificationStrategy\FieldModificationStrategyAddWall.cpp">
      <Filter>Sources Files\Arbre\FieldModificationStrategy</Filter>
    </ClCompile>
    <ClCompile Include="Interface\EtatSouris\SourisEtatTransformation.cpp">
      <Filter>Sources Files\Interface\EtatSouris</Filter>
    </ClCompile>
    <ClCompile Include="Achievements\AchievementsManager.cpp">
      <Filter>Sources Files\Achievements</Filter>
    </ClCompile>
    <ClCompile Include="Achievements\Achievements.cpp">
      <Filter>Sources Files\Achievements</Filter>
    </ClCompile>
    <ClCompile Include="Achievements\LaunchAchievementLite.cpp">
      <Filter>Sources Files\Achievements</Filter>
    </ClCompile>
    <ClCompile Include="Tests\AchievementsTests.cpp">
      <Filter>Sources Files\Tests</Filter>
    </ClCompile>
    <ClCompile Include="Environnement\EditionEventManager.cpp">
      <Filter>Sources Files\Environnement</Filter>
    </ClCompile>
    <ClCompile Include="Physics\ForceField.cpp">
      <Filter>Sources Files\Physics</Filter>
    </ClCompile>
    <ClCompile Include="Arbre\Bonus\BonusModifierFan.cpp">
      <Filter>Sources Files\Arbre\Bonus</Filter>
    </ClCompile>
    <ClCompile Include="Arbre\Bonus\BonusModifierChangeZone.cpp">
      <Filter>Sources Files\Arbre\Bonus</Filter>
    </ClCompile>
    <ClCompile Include="Jeu\AI\Renforcement\AILearner.cpp">
      <Filter>Sources Files\Jeu\AI\Renforcement</Filter>
    </ClCompile>
    <ClCompile Include="Tests\AiLearnerTests.cpp">
      <Filter>Sources Files\Tests</Filter>
    </ClCompile>
  </ItemGroup>
  <ItemGroup>
    <ClInclude Include="Application\FacadeModele.h">
      <Filter>Sources Files\Application</Filter>
    </ClInclude>
    <ClInclude Include="Interface\FacadeJNI.h">
      <Filter>Sources Files\Interface</Filter>
    </ClInclude>
    <ClInclude Include="Configuration\ConfigScene.h">
      <Filter>Sources Files\Configuration</Filter>
    </ClInclude>
    <ClInclude Include="Arbre\Noeuds\NoeudAbstrait.h">
      <Filter>Sources Files\Arbre\Noeuds</Filter>
    </ClInclude>
    <ClInclude Include="Arbre\Noeuds\NoeudComposite.h">
      <Filter>Sources Files\Arbre\Noeuds</Filter>
    </ClInclude>
    <ClInclude Include="Arbre\Modeles\Modele3D.h">
      <Filter>Sources Files\Arbre\Modeles</Filter>
    </ClInclude>
    <ClInclude Include="Interface\CodesEvenements.h">
      <Filter>Sources Files\Interface</Filter>
    </ClInclude>
    <ClInclude Include="Arbre\Noeuds\NoeudBut.h">
      <Filter>Sources Files\Arbre\Noeuds</Filter>
    </ClInclude>
    <ClInclude Include="Arbre\Noeuds\NoeudMaillet.h">
      <Filter>Sources Files\Arbre\Noeuds</Filter>
    </ClInclude>
    <ClInclude Include="Arbre\Noeuds\NoeudRondelle.h">
      <Filter>Sources Files\Arbre\Noeuds</Filter>
    </ClInclude>
    <ClInclude Include="Arbre\Noeuds\NoeudTable.h">
      <Filter>Sources Files\Arbre\Noeuds</Filter>
    </ClInclude>
    <ClInclude Include="Arbre\Noeuds\NoeudPortail.h">
      <Filter>Sources Files\Arbre\Noeuds</Filter>
    </ClInclude>
    <ClInclude Include="Interface\GestionEtat\GestionnaireEtatModeJeu.h">
      <Filter>Sources Files\Interface\GestionEtat</Filter>
    </ClInclude>
    <ClInclude Include="Interface\GestionEtat\GestionnaireEtatAbstrait.h">
      <Filter>Sources Files\Interface\GestionEtat</Filter>
    </ClInclude>
    <ClInclude Include="Interface\GestionEtat\GestionnaireEtatModeEdition.h">
      <Filter>Sources Files\Interface\GestionEtat</Filter>
    </ClInclude>
    <ClInclude Include="Interface\GestionnaireEvenements.h">
      <Filter>Sources Files\Interface</Filter>
    </ClInclude>
    <ClInclude Include="Interface\EtatSouris\SourisEtatAbstrait.h">
      <Filter>Sources Files\Interface\EtatSouris</Filter>
    </ClInclude>
    <ClInclude Include="Interface\EtatSouris\SourisEtatDeplacerFenetre.h">
      <Filter>Sources Files\Interface\EtatSouris</Filter>
    </ClInclude>
    <ClInclude Include="Interface\EtatSouris\SourisEtatZoomElastique.h">
      <Filter>Sources Files\Interface\EtatSouris</Filter>
    </ClInclude>
    <ClInclude Include="Interface\EtatSouris\SourisEtatZoomProportionnel.h">
      <Filter>Sources Files\Interface\EtatSouris</Filter>
    </ClInclude>
    <ClInclude Include="Environnement\Evenements\EvenementClavier.h">
      <Filter>Sources Files\Environnement\Evenements</Filter>
    </ClInclude>
    <ClInclude Include="Environnement\Evenements\EvenementRouletteSouris.h">
      <Filter>Sources Files\Environnement\Evenements</Filter>
    </ClInclude>
    <ClInclude Include="Environnement\Evenements\EvenementSouris.h">
      <Filter>Sources Files\Environnement\Evenements</Filter>
    </ClInclude>
    <ClInclude Include="Arbre\Visiteur\VisiteurEcrireXML.h">
      <Filter>Sources Files\Arbre\Visiteur</Filter>
    </ClInclude>
    <ClInclude Include="Arbre\Visiteur\VisiteurNoeud.h">
      <Filter>Sources Files\Arbre\Visiteur</Filter>
    </ClInclude>
    <ClInclude Include="Arbre\Modeles\GestionnaireModeles.h">
      <Filter>Sources Files\Arbre\Modeles</Filter>
    </ClInclude>
    <ClInclude Include="Tests\BancTests.h">
      <Filter>Sources Files\Tests</Filter>
    </ClInclude>
    <ClInclude Include="Tests\ConfigSceneTest.h">
      <Filter>Sources Files\Tests</Filter>
    </ClInclude>
    <ClInclude Include="Tests\NoeudAbstraitTest.h">
      <Filter>Sources Files\Tests</Filter>
    </ClInclude>
    <ClInclude Include="Tests\NoeudCompositeTest.h">
      <Filter>Sources Files\Tests</Filter>
    </ClInclude>
    <ClInclude Include="Tests\ProjectionOrthoTest.h">
      <Filter>Sources Files\Tests</Filter>
    </ClInclude>
    <ClInclude Include="Tests\VisiteurNoeudTest.h">
      <Filter>Sources Files\Tests</Filter>
    </ClInclude>
    <ClInclude Include="Arbre\Noeuds\NoeudAccelerateur.h">
      <Filter>Sources Files\Arbre\Noeuds</Filter>
    </ClInclude>
    <ClInclude Include="Interface\EtatSouris\SourisEtatSelection.h">
      <Filter>Sources Files\Interface\EtatSouris</Filter>
    </ClInclude>
    <ClInclude Include="Arbre\Visiteur\VisiteurSelection.h">
      <Filter>Sources Files\Arbre\Visiteur</Filter>
    </ClInclude>
    <ClInclude Include="Arbre\Noeuds\NoeudPoint.h">
      <Filter>Sources Files\Arbre\Noeuds</Filter>
    </ClInclude>
    <ClInclude Include="Tests\GestionnaireEvenementsTest.h">
      <Filter>Sources Files\Tests</Filter>
    </ClInclude>
    <ClInclude Include="Arbre\Visiteur\VisiteurEchelle.h">
      <Filter>Sources Files\Arbre\Visiteur</Filter>
    </ClInclude>
    <ClInclude Include="Arbre\Visiteur\VisiteurRotation.h">
      <Filter>Sources Files\Arbre\Visiteur</Filter>
    </ClInclude>
    <ClInclude Include="Tests\GestionnaireModelesTest.h">
      <Filter>Sources Files\Tests</Filter>
    </ClInclude>
    <ClInclude Include="Arbre\Visiteur\VisiteurSuppression.h">
      <Filter>Sources Files\Arbre\Visiteur</Filter>
    </ClInclude>
    <ClInclude Include="Arbre\Noeuds\NoeudMuret.h">
      <Filter>Sources Files\Arbre\Noeuds</Filter>
    </ClInclude>
    <ClInclude Include="Arbre\Visiteur\VisiteurCollision.h">
      <Filter>Sources Files\Arbre\Visiteur</Filter>
    </ClInclude>
    <ClInclude Include="Arbre\Visiteur\VisiteurDeplacement.h">
      <Filter>Sources Files\Arbre\Visiteur</Filter>
    </ClInclude>
    <ClInclude Include="Arbre\Visiteur\VisiteurDupliquer.h">
      <Filter>Sources Files\Arbre\Visiteur</Filter>
    </ClInclude>
    <ClInclude Include="Arbre\Noeuds\NoeudMuretRelatif.h">
      <Filter>Sources Files\Arbre\Noeuds</Filter>
    </ClInclude>
    <ClInclude Include="Sons\SoundFMOD.h">
      <Filter>Sources Files\Sons</Filter>
    </ClInclude>
    <ClInclude Include="Arbre\Visiteur\VisiteurModifierProprieteNoeud.h">
      <Filter>Sources Files\Arbre\Visiteur</Filter>
    </ClInclude>
    <ClInclude Include="Jeu\JoueurAbstrait.h">
      <Filter>Sources Files\Jeu</Filter>
    </ClInclude>
    <ClInclude Include="Jeu\JoueurHumain.h">
      <Filter>Sources Files\Jeu</Filter>
    </ClInclude>
    <ClInclude Include="Jeu\JoueurVirtuel.h">
      <Filter>Sources Files\Jeu</Filter>
    </ClInclude>
    <ClInclude Include="Jeu\Partie.h">
      <Filter>Sources Files\Jeu</Filter>
    </ClInclude>
    <ClInclude Include="Jeu\Tournoi.h">
      <Filter>Sources Files\Jeu</Filter>
    </ClInclude>
    <ClInclude Include="Tests\TournoiTest.h">
      <Filter>Sources Files\Tests</Filter>
    </ClInclude>
    <ClInclude Include="Interface\GestionEtat\GestionnaireEtatMenuPrincipal.h">
      <Filter>Sources Files\Interface\GestionEtat</Filter>
    </ClInclude>
    <ClInclude Include="Interface\GestionEtat\GestionnaireEtatModeTournoi.h">
      <Filter>Sources Files\Interface\GestionEtat</Filter>
    </ClInclude>
    <ClInclude Include="Arbre\Visiteur\VisiteurEstSelectione.h">
      <Filter>Sources Files\Arbre\Visiteur</Filter>
    </ClInclude>
    <ClInclude Include="Application\RepartiteurActions.h">
      <Filter>Sources Files\Application</Filter>
    </ClInclude>
    <ClInclude Include="Arbre\Noeuds\NoeudGroupe.h">
      <Filter>Sources Files\Arbre\Noeuds</Filter>
    </ClInclude>
    <ClInclude Include="Arbre\Noeuds\NoeudAffichage.h">
      <Filter>Sources Files\Arbre\Noeuds</Filter>
    </ClInclude>
    <ClInclude Include="Arbre\ArbreNoeudLibre.h">
      <Filter>Sources Files\Arbre\ArbreRendu</Filter>
    </ClInclude>
    <ClInclude Include="Arbre\ArbreRendu.h">
      <Filter>Sources Files\Arbre\ArbreRendu</Filter>
    </ClInclude>
    <ClInclude Include="Arbre\ZoneEdition.h">
      <Filter>Sources Files\Arbre\Edition</Filter>
    </ClInclude>
    <ClInclude Include="Arbre\Terrain.h">
      <Filter>Sources Files\Arbre\Edition</Filter>
    </ClInclude>
    <ClInclude Include="Configuration\RazerGameTypeDef.h">
      <Filter>Sources Files\Configuration</Filter>
    </ClInclude>
    <ClInclude Include="Interface\EtatSouris\SourisEtatAjout.h">
      <Filter>Sources Files\Interface\EtatSouris</Filter>
    </ClInclude>
    <ClInclude Include="Jeu\AI\AIMaillet.h">
      <Filter>Sources Files\Jeu\AI</Filter>
    </ClInclude>
    <ClInclude Include="Jeu\AI\AIStratDefensive.h">
      <Filter>Sources Files\Jeu\AI</Filter>
    </ClInclude>
    <ClInclude Include="Jeu\AI\AIStratOffensive.h">
      <Filter>Sources Files\Jeu\AI</Filter>
    </ClInclude>
    <ClInclude Include="Jeu\AI\AIStrat.h">
      <Filter>Sources Files\Jeu\AI</Filter>
    </ClInclude>
    <ClInclude Include="Arbre\Visiteur\VisiteurSelectionOpenGL.h">
      <Filter>Sources Files\Arbre\Visiteur</Filter>
    </ClInclude>
    <ClInclude Include="Arbre\HUD\HUDElement.h">
      <Filter>Sources Files\Arbre\Hud</Filter>
    </ClInclude>
    <ClInclude Include="Arbre\HUD\HUDSurfaceGL.h">
      <Filter>Sources Files\Arbre\Hud</Filter>
    </ClInclude>
    <ClInclude Include="Arbre\HUD\GestionnaireHUD.h">
      <Filter>Sources Files\Arbre\Hud</Filter>
    </ClInclude>
    <ClInclude Include="Tests\TerrainTest.h">
      <Filter>Sources Files\Tests</Filter>
    </ClInclude>
    <ClInclude Include="Interface\EtatSouris\SourisEtatOrbit.h">
      <Filter>Sources Files\Interface\EtatSouris</Filter>
    </ClInclude>
    <ClInclude Include="Interface\GestionEtat\GestionnaireEtatPartieRapideTerminee.h">
      <Filter>Sources Files\Interface\GestionEtat</Filter>
    </ClInclude>
    <ClInclude Include="Interface\GestionEtat\GestionnaireEtatPartieTournoiTerminee.h">
      <Filter>Sources Files\Interface\GestionEtat</Filter>
    </ClInclude>
    <ClInclude Include="Arbre\HUD\HUDMultiligne.h">
      <Filter>Sources Files\Arbre\Hud</Filter>
    </ClInclude>
    <ClInclude Include="Arbre\HUD\HUDElementComparatif.h">
      <Filter>Sources Files\Arbre\Hud</Filter>
    </ClInclude>
    <ClInclude Include="Arbre\HUD\HUDTexte.h">
      <Filter>Sources Files\Arbre\Hud</Filter>
    </ClInclude>
    <ClInclude Include="Arbre\Visiteur\VisiteurFunction.h">
      <Filter>Sources Files\Arbre\Visiteur</Filter>
    </ClInclude>
    <ClInclude Include="Interface\FacadeCSharp.h">
      <Filter>Sources Files\Interface</Filter>
    </ClInclude>
    <ClInclude Include="Interface\DebugRenderBox2D.h">
      <Filter>Sources Files\Interface</Filter>
    </ClInclude>
    <ClInclude Include="Reseau\GestionnaireReseauClientLourd.h">
      <Filter>Sources Files\Reseau</Filter>
    </ClInclude>
    <ClInclude Include="Reseau\Paquets\PaquetChatMessage.h">
      <Filter>Sources Files\Reseau\Paquets</Filter>
    </ClInclude>
    <ClInclude Include="Reseau\UsinePaquets\UsinePaquetChatMessage.h">
      <Filter>Sources Files\Reseau\UsinePaquets</Filter>
    </ClInclude>
    <ClInclude Include="Reseau\ControllerCSharp.h">
      <Filter>Sources Files\Reseau</Filter>
    </ClInclude>
    <ClInclude Include="Arbre\RazerGameTree.h">
      <Filter>Sources Files\Arbre\ArbreRendu</Filter>
    </ClInclude>
    <ClInclude Include="Environnement\RazerGameUtilities.h">
      <Filter>Sources Files\Environnement</Filter>
    </ClInclude>
    <ClInclude Include="Reseau\UsinePaquets\UsinePaquetUserStatus.h">
      <Filter>Sources Files\Reseau\UsinePaquets</Filter>
    </ClInclude>
    <ClInclude Include="Reseau\Paquets\PaquetUserStatus.h">
      <Filter>Sources Files\Reseau\Paquets</Filter>
    </ClInclude>
    <ClInclude Include="Reseau\CommunicateurReseau.h">
      <Filter>Sources Files\Reseau\Global</Filter>
    </ClInclude>
    <ClInclude Include="Reseau\ControllerCPP.h">
      <Filter>Sources Files\Reseau\Global</Filter>
    </ClInclude>
    <ClInclude Include="Reseau\GestionnaireReseau.h">
      <Filter>Sources Files\Reseau\Global</Filter>
    </ClInclude>
    <ClInclude Include="Reseau\PacketBuilder.h">
      <Filter>Sources Files\Reseau\Global</Filter>
    </ClInclude>
    <ClInclude Include="Reseau\PacketReader.h">
      <Filter>Sources Files\Reseau\Global</Filter>
    </ClInclude>
    <ClInclude Include="Reseau\Socket.h">
      <Filter>Sources Files\Reseau\Global</Filter>
    </ClInclude>
    <ClInclude Include="Reseau\PaquetHandlers\PacketHandlerConnAutomatique.h">
      <Filter>Sources Files\Reseau\Global\PaquetHandlers</Filter>
    </ClInclude>
    <ClInclude Include="Reseau\PaquetHandlers\PacketHandlerEvent.h">
      <Filter>Sources Files\Reseau\Global\PaquetHandlers</Filter>
    </ClInclude>
    <ClInclude Include="Reseau\PaquetHandlers\PacketHandlerLoginInfo.h">
      <Filter>Sources Files\Reseau\Global\PaquetHandlers</Filter>
    </ClInclude>
    <ClInclude Include="Reseau\PaquetHandlers\PacketHandlerTest.h">
      <Filter>Sources Files\Reseau\Global\PaquetHandlers</Filter>
    </ClInclude>
    <ClInclude Include="Reseau\PaquetHandlers\PacketHandler.h">
      <Filter>Sources Files\Reseau\Global\PaquetHandlers</Filter>
    </ClInclude>
    <ClInclude Include="Reseau\Paquets\PaquetConnAutomatique.h">
      <Filter>Sources Files\Reseau\Global\Paquets</Filter>
    </ClInclude>
    <ClInclude Include="Reseau\Paquets\PaquetEvent.h">
      <Filter>Sources Files\Reseau\Global\Paquets</Filter>
    </ClInclude>
    <ClInclude Include="Reseau\Paquets\PaquetLoginInfo.h">
      <Filter>Sources Files\Reseau\Global\Paquets</Filter>
    </ClInclude>
    <ClInclude Include="Reseau\Paquets\PaquetTest.h">
      <Filter>Sources Files\Reseau\Global\Paquets</Filter>
    </ClInclude>
    <ClInclude Include="Reseau\Paquets\Paquet.h">
      <Filter>Sources Files\Reseau\Global\Paquets</Filter>
    </ClInclude>
    <ClInclude Include="Reseau\UsinePaquets\UsinePaquet.h">
      <Filter>Sources Files\Reseau\Global\UsinePaquets</Filter>
    </ClInclude>
    <ClInclude Include="Reseau\UsinePaquets\UsinePaquetConnAutomatique.h">
      <Filter>Sources Files\Reseau\Global\UsinePaquets</Filter>
    </ClInclude>
    <ClInclude Include="Reseau\UsinePaquets\UsinePaquetEvent.h">
      <Filter>Sources Files\Reseau\Global\UsinePaquets</Filter>
    </ClInclude>
    <ClInclude Include="Reseau\UsinePaquets\UsinePaquetLoginInfo.h">
      <Filter>Sources Files\Reseau\Global\UsinePaquets</Filter>
    </ClInclude>
    <ClInclude Include="Reseau\UsinePaquets\UsinePaquetTest.h">
      <Filter>Sources Files\Reseau\Global\UsinePaquets</Filter>
    </ClInclude>
    <ClInclude Include="Reseau\RelayeurMessage.h">
      <Filter>Sources Files\Reseau\Global</Filter>
    </ClInclude>
    <ClInclude Include="Reseau\ExceptionsReseau\ExceptionReseauGlobale.h">
      <Filter>Sources Files\Reseau\Global\ExceptionsReseau</Filter>
    </ClInclude>
    <ClInclude Include="Reseau\ExceptionsReseau\ExceptionReseauParametreInvalide.h">
      <Filter>Sources Files\Reseau\Global\ExceptionsReseau</Filter>
    </ClInclude>
    <ClInclude Include="Reseau\ExceptionsReseau\ExceptionReseauSocketDeconnecte.h">
      <Filter>Sources Files\Reseau\Global\ExceptionsReseau</Filter>
    </ClInclude>
    <ClInclude Include="Reseau\ExceptionsReseau\ExceptionReseauTimeout.h">
      <Filter>Sources Files\Reseau\Global\ExceptionsReseau</Filter>
    </ClInclude>
    <ClInclude Include="Reseau\ExceptionsReseau\ExceptionReseau.h">
      <Filter>Sources Files\Reseau\Global\ExceptionsReseau</Filter>
    </ClInclude>
    <ClInclude Include="Reseau\SocketTCPServeur.h">
      <Filter>Sources Files\Reseau\Global</Filter>
    </ClInclude>
    <ClInclude Include="Reseau\ObjetsGlobaux\JoueurServeurs.h">
      <Filter>Sources Files\Reseau\Global\ObjetsGlobauxServeurs</Filter>
    </ClInclude>
    <ClInclude Include="Reseau\ObjetsGlobaux\PartieServeurs.h">
      <Filter>Sources Files\Reseau\Global\ObjetsGlobauxServeurs</Filter>
    </ClInclude>
    <ClInclude Include="Reseau\ControllerInterface.h">
      <Filter>Sources Files\Reseau</Filter>
    </ClInclude>
    <ClInclude Include="Reseau\PaquetRunnable.h">
      <Filter>Sources Files\Reseau</Filter>
    </ClInclude>
    <ClInclude Include="Reseau\ControllerServeurJeu.h">
      <Filter>Sources Files\Reseau</Filter>
    </ClInclude>
    <ClInclude Include="Arbre\Noeuds\NodeWallAbstract.h">
      <Filter>Sources Files\Arbre\Noeuds</Filter>
    </ClInclude>
    <ClInclude Include="Arbre\Usines\UsineNoeud.h">
      <Filter>Sources Files\Arbre</Filter>
    </ClInclude>
    <ClInclude Include="Reseau\UsinePaquets\UsinePaquetGameStatus.h">
      <Filter>Sources Files\Reseau\UsinePaquets</Filter>
    </ClInclude>
    <ClInclude Include="Reseau\Paquets\PaquetGameStatus.h">
      <Filter>Sources Files\Reseau\Paquets</Filter>
    </ClInclude>
    <ClInclude Include="Arbre\Noeuds\NodeRinkBoards.h">
      <Filter>Sources Files\Arbre\Noeuds</Filter>
    </ClInclude>
    <ClInclude Include="Arbre\Noeuds\NodeWallEdition.h">
      <Filter>Sources Files\Arbre\Noeuds</Filter>
    </ClInclude>
    <ClInclude Include="Arbre\Noeuds\NodeControlPoint.h">
      <Filter>Sources Files\Arbre\Noeuds</Filter>
    </ClInclude>
    <ClInclude Include="Arbre\Noeuds\ControlPointMutableAbstract.h">
      <Filter>Sources Files\Arbre\Noeuds</Filter>
    </ClInclude>
    <ClInclude Include="Arbre\Noeuds\NodePolygone.h">
      <Filter>Sources Files\Arbre\Noeuds</Filter>
    </ClInclude>
    <ClInclude Include="Interface\FacadeServeurJeu.h">
      <Filter>Sources Files\Interface</Filter>
    </ClInclude>
    <ClInclude Include="Reseau\PaquetRunnableClientLourd.h">
      <Filter>Sources Files\Reseau</Filter>
    </ClInclude>
    <ClInclude Include="Arbre\Noeuds\NodeModelRender.h">
      <Filter>Sources Files\Arbre\Noeuds</Filter>
    </ClInclude>
    <ClInclude Include="Arbre\Noeuds\NodeBonus.h">
      <Filter>Sources Files\Arbre\Noeuds</Filter>
    </ClInclude>
    <ClInclude Include="Arbre\Bonus\BonusModifierAbstract.h">
      <Filter>Sources Files\Arbre\Bonus</Filter>
    </ClInclude>
    <ClInclude Include="Arbre\Bonus\BonusModifierGoThorughWall.h">
      <Filter>Sources Files\Arbre\Bonus</Filter>
    </ClInclude>
    <ClInclude Include="Reseau\Paquets\PaquetMaillet.h">
      <Filter>Sources Files\Reseau\Paquets</Filter>
    </ClInclude>
    <ClInclude Include="Reseau\Paquets\PaquetRondelle.h">
      <Filter>Sources Files\Reseau\Paquets</Filter>
    </ClInclude>
    <ClInclude Include="reseau\UsinePaquets\UsinePaquetMaillet.h">
      <Filter>Sources Files\Reseau\UsinePaquets</Filter>
    </ClInclude>
    <ClInclude Include="reseau\UsinePaquets\UsinePaquetRondelle.h">
      <Filter>Sources Files\Reseau\UsinePaquets</Filter>
    </ClInclude>
    <ClInclude Include="Reseau\PaquetRunnableServeurJeu.h">
      <Filter>Sources Files\Reseau</Filter>
    </ClInclude>
    <ClInclude Include="Tests\XMLTests.h">
      <Filter>Sources Files\Tests</Filter>
    </ClInclude>
    <ClInclude Include="Tests\UtilitaireTests.h">
      <Filter>Sources Files\Tests</Filter>
    </ClInclude>
    <ClInclude Include="Application\GameManager.h">
      <Filter>Sources Files\Jeu</Filter>
    </ClInclude>
    <ClInclude Include="Interface\GestionEtat\GestionnaireEtatModeSimulation.h">
      <Filter>Sources Files\Interface\GestionEtat</Filter>
    </ClInclude>
    <ClInclude Include="Arbre\Usines\BonusModifierFactory.h">
      <Filter>Sources Files\Arbre\Bonus</Filter>
    </ClInclude>
    <ClInclude Include="Jeu\JoueurNetwork.h">
      <Filter>Sources Files\Jeu</Filter>
    </ClInclude>
    <ClInclude Include="Jeu\PartieSyncer.h">
      <Filter>Sources Files\Jeu</Filter>
    </ClInclude>
    <ClInclude Include="Reseau\Paquets\PaquetGameCreation.h">
      <Filter>Sources Files\Reseau\Paquets</Filter>
    </ClInclude>
    <ClInclude Include="Reseau\UsinePaquets\UsinePaquetGameCreation.h">
      <Filter>Sources Files\Reseau\UsinePaquets</Filter>
    </ClInclude>
    <ClInclude Include="reseau\Paquets\PaquetGameConnection.h">
      <Filter>Sources Files\Reseau\Paquets</Filter>
    </ClInclude>
    <ClInclude Include="reseau\UsinePaquets\UsinePaquetGameConnection.h">
      <Filter>Sources Files\Reseau\UsinePaquets</Filter>
    </ClInclude>
    <ClInclude Include="Jeu\JoueurNetworkServeur.h">
      <Filter>Sources Files\Jeu</Filter>
    </ClInclude>
    <ClInclude Include="Arbre\HUD\HUDBonus.h">
      <Filter>Sources Files\Arbre\Hud</Filter>
    </ClInclude>
    <ClInclude Include="Arbre\Bonus\BonusModifierBlockGoal.h">
      <Filter>Sources Files\Arbre\Bonus</Filter>
    </ClInclude>
    <ClInclude Include="Arbre\Visiteur\VisitorGatherProperties.h">
      <Filter>Sources Files\Arbre\Visiteur</Filter>
    </ClInclude>
    <ClInclude Include="Reseau\FacadePortability.h">
      <Filter>Sources Files\Reseau\Global</Filter>
    </ClInclude>
    <ClInclude Include="Reseau\Paquets\PaquetGameEvent.h">
      <Filter>Sources Files\Reseau\Paquets</Filter>
    </ClInclude>
    <ClInclude Include="Arbre\FieldModificationStrategy\FieldModificationStrategyMove.h">
      <Filter>Sources Files\Arbre\FieldModificationStrategy</Filter>
    </ClInclude>
    <ClInclude Include="Arbre\FieldModificationStrategy\FieldModificationStrategyAbstract.h">
      <Filter>Sources Files\Arbre\FieldModificationStrategy</Filter>
    </ClInclude>
    <ClInclude Include="Arbre\FieldModificationStrategy\FieldModificationStrategyRotate.h">
      <Filter>Sources Files\Arbre\FieldModificationStrategy</Filter>
    </ClInclude>
    <ClInclude Include="Arbre\FieldModificationStrategy\FieldModificationStrategyScale.h">
      <Filter>Sources Files\Arbre\FieldModificationStrategy</Filter>
    </ClInclude>
    <ClInclude Include="Arbre\Visiteur\VisitorSetProperties.h">
      <Filter>Sources Files\Arbre\Visiteur</Filter>
    </ClInclude>
    <ClInclude Include="Arbre\HUD\HUDForeverAlone.h">
      <Filter>Sources Files\Arbre\Hud</Filter>
    </ClInclude>
    <ClInclude Include="Reseau\Paquets\PaquetBonus.h">
      <Filter>Sources Files\Reseau\Paquets</Filter>
    </ClInclude>
    <ClInclude Include="Reseau\PaquetHandlers\PacketHandlerBonus.h">
      <Filter>Sources Files\Reseau\PaquetHandlers</Filter>
    </ClInclude>
    <ClInclude Include="Reseau\UsinePaquets\UsinePaquetBonus.h">
      <Filter>Sources Files\Reseau\UsinePaquets</Filter>
    </ClInclude>
    <ClInclude Include="Reseau\UsinePaquets\UsinePaquetGameEvent.h">
      <Filter>Sources Files\Reseau\UsinePaquets</Filter>
    </ClInclude>
    <ClInclude Include="Arbre\FieldModificationStrategy\FieldModificationStrategyAddNode.h">
      <Filter>Sources Files\Arbre\FieldModificationStrategy</Filter>
    </ClInclude>
    <ClInclude Include="Arbre\FieldModificationStrategy\FieldModificationStrategyAddWall.h">
      <Filter>Sources Files\Arbre\FieldModificationStrategy</Filter>
    </ClInclude>
    <ClInclude Include="Interface\EtatSouris\SourisEtatTransformation.h">
      <Filter>Sources Files\Interface\EtatSouris</Filter>
    </ClInclude>
    <ClInclude Include="Achievements\AchievementsManager.h">
      <Filter>Sources Files\Achievements</Filter>
    </ClInclude>
    <ClInclude Include="Achievements\Achievements.h">
      <Filter>Sources Files\Achievements</Filter>
    </ClInclude>
    <ClInclude Include="Achievements\LaunchAchievementLite.h">
      <Filter>Sources Files\Achievements</Filter>
    </ClInclude>
    <ClInclude Include="..\C#\UIHeavyClient\UIHeavyClient\AchievementsEnums.h">
      <Filter>Sources Files\Achievements</Filter>
    </ClInclude>
    <ClInclude Include="Tests\AchievementsTests.h">
      <Filter>Sources Files\Tests</Filter>
    </ClInclude>
    <ClInclude Include="Environnement\EditionEventManager.h">
      <Filter>Sources Files\Environnement</Filter>
    </ClInclude>
    <ClInclude Include="Physics\ForceField.h">
      <Filter>Sources Files\Physics</Filter>
    </ClInclude>
    <ClInclude Include="Arbre\Bonus\BonusModifierFan.h">
      <Filter>Sources Files\Arbre\Bonus</Filter>
    </ClInclude>
    <ClInclude Include="Arbre\Bonus\BonusModifierChangeZone.h">
      <Filter>Sources Files\Arbre\Bonus</Filter>
    </ClInclude>
    <ClInclude Include="Jeu\AI\Renforcement\AILearner.h">
      <Filter>Sources Files\Jeu\AI\Renforcement</Filter>
    </ClInclude>
    <ClInclude Include="Tests\AiLearnerTests.h">
      <Filter>Sources Files\Tests</Filter>
    </ClInclude>
  </ItemGroup>
</Project>