
Microsoft Visual Studio Solution File, Format Version 11.00
# Visual Studio 2010
Project("{F088123C-0E9E-452A-89E6-6BA2F21D5CAC}") = "Diagrammes", "Diagrammes.modelproj", "{01F0C8F0-D591-4479-9F8C-56192453EECB}"
EndProject
Project("{F088123C-0E9E-452A-89E6-6BA2F21D5CAC}") = "SequenceDiagrams", "SequenceDiagrams\SequenceDiagrams.modelproj", "{4D8B9A69-1DD8-4616-881C-7A06CFB77FA7}"
EndProject
Project("{F088123C-0E9E-452A-89E6-6BA2F21D5CAC}") = "PackageDiagram", "PackageDiagram\PackageDiagram.modelproj", "{54454753-5F35-4057-B7AF-013FB92CD21E}"
EndProject
Global
	GlobalSection(SolutionConfigurationPlatforms) = preSolution
		Debug|Any CPU = Debug|Any CPU
		Release|Any CPU = Release|Any CPU
	EndGlobalSection
	GlobalSection(ProjectConfigurationPlatforms) = postSolution
		{01F0C8F0-D591-4479-9F8C-56192453EECB}.Debug|Any CPU.ActiveCfg = Debug|Any CPU
		{01F0C8F0-D591-4479-9F8C-56192453EECB}.Debug|Any CPU.Build.0 = Debug|Any CPU
		{01F0C8F0-D591-4479-9F8C-56192453EECB}.Release|Any CPU.ActiveCfg = Release|Any CPU
		{01F0C8F0-D591-4479-9F8C-56192453EECB}.Release|Any CPU.Build.0 = Release|Any CPU
		{4D8B9A69-1DD8-4616-881C-7A06CFB77FA7}.Debug|Any CPU.ActiveCfg = Debug|Any CPU
		{4D8B9A69-1DD8-4616-881C-7A06CFB77FA7}.Debug|Any CPU.Build.0 = Debug|Any CPU
		{4D8B9A69-1DD8-4616-881C-7A06CFB77FA7}.Release|Any CPU.ActiveCfg = Release|Any CPU
		{4D8B9A69-1DD8-4616-881C-7A06CFB77FA7}.Release|Any CPU.Build.0 = Release|Any CPU
		{54454753-5F35-4057-B7AF-013FB92CD21E}.Debug|Any CPU.ActiveCfg = Debug|Any CPU
		{54454753-5F35-4057-B7AF-013FB92CD21E}.Debug|Any CPU.Build.0 = Debug|Any CPU
		{54454753-5F35-4057-B7AF-013FB92CD21E}.Release|Any CPU.ActiveCfg = Release|Any CPU
		{54454753-5F35-4057-B7AF-013FB92CD21E}.Release|Any CPU.Build.0 = Release|Any CPU
	EndGlobalSection
	GlobalSection(SolutionProperties) = preSolution
		HideSolutionNode = FALSE
	EndGlobalSection
EndGlobal
