<?xml version="1.0" encoding="utf-8"?>
<Project ToolsVersion="4.0" xmlns="http://schemas.microsoft.com/developer/msbuild/2003">
  <ItemGroup>
    <Filter Include="Source Files">
      <UniqueIdentifier>{4FC737F1-C7A5-4376-A066-2A32D752A2FF}</UniqueIdentifier>
      <Extensions>cpp;c;cc;cxx;def;odl;idl;hpj;bat;asm;asmx</Extensions>
    </Filter>
    <Filter Include="Header Files">
      <UniqueIdentifier>{93995380-89BD-4b04-88EB-625FBE52EBFB}</UniqueIdentifier>
      <Extensions>h;hpp;hxx;hm;inl;inc;xsd</Extensions>
    </Filter>
    <Filter Include="Resource Files">
      <UniqueIdentifier>{67DA6AB6-F800-4c08-8B7A-83BB121AAD01}</UniqueIdentifier>
      <Extensions>rc;ico;cur;bmp;dlg;rc2;rct;bin;rgs;gif;jpg;jpeg;jpe;resx;tiff;tif;png;wav;mfcribbon-ms</Extensions>
    </Filter>
    <Filter Include="Source Files\Paquets">
      <UniqueIdentifier>{5d9279cb-ddf3-4886-adde-4e0346bcbc7e}</UniqueIdentifier>
    </Filter>
    <Filter Include="Source Files\PacketHandlers">
      <UniqueIdentifier>{8d0bf5e6-757a-47ac-91bd-9db4403f3898}</UniqueIdentifier>
    </Filter>
    <Filter Include="Source Files\UsinePaquets">
      <UniqueIdentifier>{b7b5af64-ebf4-494e-b30b-51701f224552}</UniqueIdentifier>
    </Filter>
  </ItemGroup>
  <ItemGroup>
    <ClCompile Include="mainClientPrototypeV2.cpp">
      <Filter>Source Files</Filter>
    </ClCompile>
    <ClCompile Include="..\Reseau\Paquets\PaquetChatMessage.cpp">
      <Filter>Source Files\Paquets</Filter>
    </ClCompile>
    <ClCompile Include="..\Reseau\PaquetHandlers\PacketHandlerChatMessage.cpp">
      <Filter>Source Files\PacketHandlers</Filter>
    </ClCompile>
    <ClCompile Include="..\Reseau\GestionnaireReseauClientLourd.cpp">
      <Filter>Source Files</Filter>
    </ClCompile>
    <ClCompile Include="..\Reseau\RelayeurMessage.cpp">
      <Filter>Source Files</Filter>
    </ClCompile>
    <ClCompile Include="Menu.cpp">
      <Filter>Source Files</Filter>
    </ClCompile>
    <ClCompile Include="MenuOption.cpp">
      <Filter>Source Files</Filter>
    </ClCompile>
    <ClCompile Include="MenuOptionIPChooser.cpp">
      <Filter>Source Files</Filter>
    </ClCompile>
    <ClCompile Include="PacketDisassembler.cpp">
      <Filter>Source Files</Filter>
    </ClCompile>
  </ItemGroup>
  <ItemGroup>
    <ClInclude Include="..\Reseau\UsinePaquets\UsinePaquetChatMessage.h">
      <Filter>Source Files\UsinePaquets</Filter>
    </ClInclude>
    <ClInclude Include="..\Reseau\Paquets\PaquetChatMessage.h">
      <Filter>Source Files\Paquets</Filter>
    </ClInclude>
    <ClInclude Include="..\Reseau\PaquetHandlers\PacketHandlerChatMessage.h">
      <Filter>Source Files\PacketHandlers</Filter>
    </ClInclude>
    <ClInclude Include="..\Reseau\GestionnaireReseauClientLourd.h">
      <Filter>Source Files</Filter>
    </ClInclude>
    <ClInclude Include="..\Reseau\RelayeurMessage.h">
      <Filter>Source Files</Filter>
    </ClInclude>
    <ClInclude Include="Menu.h">
      <Filter>Source Files</Filter>
    </ClInclude>
    <ClInclude Include="MenuOption.h">
      <Filter>Source Files</Filter>
    </ClInclude>
    <ClInclude Include="MenuOptionIPChooser.h">
      <Filter>Source Files</Filter>
    </ClInclude>
    <ClInclude Include="PacketDisassembler.h">
      <Filter>Source Files</Filter>
    </ClInclude>
  </ItemGroup>
</Project>