// !$*UTF8*$!
{
	archiveVersion = 1;
	classes = {
	};
	objectVersion = 46;
	objects = {

/* Begin PBXBuildFile section */
		0C04E06216DE7835002B0EE2 /* aide32x32.png in Resources */ = {isa = PBXBuildFile; fileRef = 0C04E03C16DE7835002B0EE2 /* aide32x32.png */; };
		0C04E06316DE7835002B0EE2 /* ajouter_accelerateur.png in Resources */ = {isa = PBXBuildFile; fileRef = 0C04E03D16DE7835002B0EE2 /* ajouter_accelerateur.png */; };
		0C04E06416DE7835002B0EE2 /* ajouter_maillet.png in Resources */ = {isa = PBXBuildFile; fileRef = 0C04E03E16DE7835002B0EE2 /* ajouter_maillet.png */; };
		0C04E06516DE7835002B0EE2 /* ajouter_muret.png in Resources */ = {isa = PBXBuildFile; fileRef = 0C04E03F16DE7835002B0EE2 /* ajouter_muret.png */; };
		0C04E06616DE7835002B0EE2 /* ajouter_objet.png in Resources */ = {isa = PBXBuildFile; fileRef = 0C04E04016DE7835002B0EE2 /* ajouter_objet.png */; };
		0C04E06716DE7835002B0EE2 /* ajouter_portail.png in Resources */ = {isa = PBXBuildFile; fileRef = 0C04E04116DE7835002B0EE2 /* ajouter_portail.png */; };
		0C04E06816DE7835002B0EE2 /* ajouter_rondelle.png in Resources */ = {isa = PBXBuildFile; fileRef = 0C04E04216DE7835002B0EE2 /* ajouter_rondelle.png */; };
		0C04E06916DE7835002B0EE2 /* bouton_enfonce.png in Resources */ = {isa = PBXBuildFile; fileRef = 0C04E04316DE7835002B0EE2 /* bouton_enfonce.png */; };
		0C04E06A16DE7835002B0EE2 /* bouton_normal.png in Resources */ = {isa = PBXBuildFile; fileRef = 0C04E04416DE7835002B0EE2 /* bouton_normal.png */; };
		0C04E06B16DE7835002B0EE2 /* bouton_survole.png in Resources */ = {isa = PBXBuildFile; fileRef = 0C04E04516DE7835002B0EE2 /* bouton_survole.png */; };
		0C04E06C16DE7835002B0EE2 /* camera.gif in Resources */ = {isa = PBXBuildFile; fileRef = 0C04E04616DE7835002B0EE2 /* camera.gif */; };
		0C04E06D16DE7835002B0EE2 /* cameraFixe.png in Resources */ = {isa = PBXBuildFile; fileRef = 0C04E04716DE7835002B0EE2 /* cameraFixe.png */; };
		0C04E06E16DE7835002B0EE2 /* cameraLibre.png in Resources */ = {isa = PBXBuildFile; fileRef = 0C04E04816DE7835002B0EE2 /* cameraLibre.png */; };
		0C04E06F16DE7835002B0EE2 /* cameraOrbite.png in Resources */ = {isa = PBXBuildFile; fileRef = 0C04E04916DE7835002B0EE2 /* cameraOrbite.png */; };
		0C04E07016DE7835002B0EE2 /* deplacer.png in Resources */ = {isa = PBXBuildFile; fileRef = 0C04E04A16DE7835002B0EE2 /* deplacer.png */; };
		0C04E07116DE7835002B0EE2 /* dupliquer.png in Resources */ = {isa = PBXBuildFile; fileRef = 0C04E04B16DE7835002B0EE2 /* dupliquer.png */; };
		0C04E07216DE7835002B0EE2 /* menu.png in Resources */ = {isa = PBXBuildFile; fileRef = 0C04E04C16DE7835002B0EE2 /* menu.png */; };
		0C04E0EC16DE8B7B002B0EE2 /* RazerGameUtilities.cpp in Sources */ = {isa = PBXBuildFile; fileRef = 0C04E0EA16DE8B7B002B0EE2 /* RazerGameUtilities.cpp */; };
		0C04E15616DE960B002B0EE2 /* ArbreNoeudLibre.cpp in Sources */ = {isa = PBXBuildFile; fileRef = 0C04E0F116DE960A002B0EE2 /* ArbreNoeudLibre.cpp */; };
		0C04E15716DE960B002B0EE2 /* ArbreRendu.cpp in Sources */ = {isa = PBXBuildFile; fileRef = 0C04E0F316DE960A002B0EE2 /* ArbreRendu.cpp */; };
		0C04E16116DE960B002B0EE2 /* ControlPointMutableAbstract.cpp in Sources */ = {isa = PBXBuildFile; fileRef = 0C04E10A16DE960B002B0EE2 /* ControlPointMutableAbstract.cpp */; };
		0C04E16216DE960B002B0EE2 /* NodeControlPoint.cpp in Sources */ = {isa = PBXBuildFile; fileRef = 0C04E10C16DE960B002B0EE2 /* NodeControlPoint.cpp */; };
		0C04E16316DE960B002B0EE2 /* NodePolygone.cpp in Sources */ = {isa = PBXBuildFile; fileRef = 0C04E10E16DE960B002B0EE2 /* NodePolygone.cpp */; };
		0C04E16416DE960B002B0EE2 /* NodeRinkBoards.cpp in Sources */ = {isa = PBXBuildFile; fileRef = 0C04E11016DE960B002B0EE2 /* NodeRinkBoards.cpp */; };
		0C04E16516DE960B002B0EE2 /* NodeWallAbstract.cpp in Sources */ = {isa = PBXBuildFile; fileRef = 0C04E11216DE960B002B0EE2 /* NodeWallAbstract.cpp */; };
		0C04E16616DE960B002B0EE2 /* NodeWallEdition.cpp in Sources */ = {isa = PBXBuildFile; fileRef = 0C04E11416DE960B002B0EE2 /* NodeWallEdition.cpp */; };
		0C04E16816DE960B002B0EE2 /* NoeudAccelerateur.cpp in Sources */ = {isa = PBXBuildFile; fileRef = 0C04E11716DE960B002B0EE2 /* NoeudAccelerateur.cpp */; };
		0C04E16A16DE960B002B0EE2 /* NoeudBut.cpp in Sources */ = {isa = PBXBuildFile; fileRef = 0C04E11B16DE960B002B0EE2 /* NoeudBut.cpp */; };
		0C04E16B16DE960B002B0EE2 /* NoeudComposite.cpp in Sources */ = {isa = PBXBuildFile; fileRef = 0C04E11D16DE960B002B0EE2 /* NoeudComposite.cpp */; };
		0C04E16C16DE960B002B0EE2 /* NoeudGroupe.cpp in Sources */ = {isa = PBXBuildFile; fileRef = 0C04E11F16DE960B002B0EE2 /* NoeudGroupe.cpp */; };
		0C04E16D16DE960B002B0EE2 /* NoeudMaillet.cpp in Sources */ = {isa = PBXBuildFile; fileRef = 0C04E12116DE960B002B0EE2 /* NoeudMaillet.cpp */; };
		0C04E16E16DE960B002B0EE2 /* NoeudMuret.cpp in Sources */ = {isa = PBXBuildFile; fileRef = 0C04E12316DE960B002B0EE2 /* NoeudMuret.cpp */; };
		0C04E16F16DE960B002B0EE2 /* NoeudMuretRelatif.cpp in Sources */ = {isa = PBXBuildFile; fileRef = 0C04E12516DE960B002B0EE2 /* NoeudMuretRelatif.cpp */; };
		0C04E17116DE960B002B0EE2 /* NoeudPoint.cpp in Sources */ = {isa = PBXBuildFile; fileRef = 0C04E12916DE960B002B0EE2 /* NoeudPoint.cpp */; };
		0C04E17216DE960B002B0EE2 /* NoeudPortail.cpp in Sources */ = {isa = PBXBuildFile; fileRef = 0C04E12B16DE960B002B0EE2 /* NoeudPortail.cpp */; };
		0C04E17316DE960B002B0EE2 /* NoeudRondelle.cpp in Sources */ = {isa = PBXBuildFile; fileRef = 0C04E12D16DE960B002B0EE2 /* NoeudRondelle.cpp */; };
		0C04E17416DE960B002B0EE2 /* NoeudTable.cpp in Sources */ = {isa = PBXBuildFile; fileRef = 0C04E12F16DE960B002B0EE2 /* NoeudTable.cpp */; };
		0C04E17516DE960B002B0EE2 /* RazerGameTree.cpp in Sources */ = {isa = PBXBuildFile; fileRef = 0C04E13316DE960B002B0EE2 /* RazerGameTree.cpp */; };
		0C04E17616DE960B002B0EE2 /* Terrain.cpp in Sources */ = {isa = PBXBuildFile; fileRef = 0C04E13516DE960B002B0EE2 /* Terrain.cpp */; };
		0C04E17716DE960B002B0EE2 /* VisiteurCollision.cpp in Sources */ = {isa = PBXBuildFile; fileRef = 0C04E13A16DE960B002B0EE2 /* VisiteurCollision.cpp */; };
		0C04E17816DE960B002B0EE2 /* VisiteurDeplacement.cpp in Sources */ = {isa = PBXBuildFile; fileRef = 0C04E13C16DE960B002B0EE2 /* VisiteurDeplacement.cpp */; };
		0C04E17916DE960B002B0EE2 /* VisiteurDupliquer.cpp in Sources */ = {isa = PBXBuildFile; fileRef = 0C04E13E16DE960B002B0EE2 /* VisiteurDupliquer.cpp */; };
		0C04E17A16DE960B002B0EE2 /* VisiteurEchelle.cpp in Sources */ = {isa = PBXBuildFile; fileRef = 0C04E14016DE960B002B0EE2 /* VisiteurEchelle.cpp */; };
		0C04E17B16DE960B002B0EE2 /* VisiteurEcrireXML.cpp in Sources */ = {isa = PBXBuildFile; fileRef = 0C04E14216DE960B002B0EE2 /* VisiteurEcrireXML.cpp */; };
		0C04E17C16DE960B002B0EE2 /* VisiteurEstSelectione.cpp in Sources */ = {isa = PBXBuildFile; fileRef = 0C04E14416DE960B002B0EE2 /* VisiteurEstSelectione.cpp */; };
		0C04E17E16DE960B002B0EE2 /* VisiteurModifierProprieteNoeud.cpp in Sources */ = {isa = PBXBuildFile; fileRef = 0C04E14816DE960B002B0EE2 /* VisiteurModifierProprieteNoeud.cpp */; };
		0C04E17F16DE960B002B0EE2 /* VisiteurNoeud.cpp in Sources */ = {isa = PBXBuildFile; fileRef = 0C04E14A16DE960B002B0EE2 /* VisiteurNoeud.cpp */; };
		0C04E18016DE960B002B0EE2 /* VisiteurRotation.cpp in Sources */ = {isa = PBXBuildFile; fileRef = 0C04E14C16DE960B002B0EE2 /* VisiteurRotation.cpp */; };
		0C04E18116DE960B002B0EE2 /* VisiteurSelection.cpp in Sources */ = {isa = PBXBuildFile; fileRef = 0C04E14E16DE960B002B0EE2 /* VisiteurSelection.cpp */; };
		0C04E18216DE960B002B0EE2 /* VisiteurSelectionOpenGL.cpp in Sources */ = {isa = PBXBuildFile; fileRef = 0C04E15016DE960B002B0EE2 /* VisiteurSelectionOpenGL.cpp */; };
		0C04E18316DE960B002B0EE2 /* VisiteurSuppression.cpp in Sources */ = {isa = PBXBuildFile; fileRef = 0C04E15216DE960B002B0EE2 /* VisiteurSuppression.cpp */; };
		0C04E18416DE960B002B0EE2 /* ZoneEdition.cpp in Sources */ = {isa = PBXBuildFile; fileRef = 0C04E15416DE960B002B0EE2 /* ZoneEdition.cpp */; };
		0C04E1D816DE964F002B0EE2 /* AideCollision.cpp in Sources */ = {isa = PBXBuildFile; fileRef = 0C04E18616DE964E002B0EE2 /* AideCollision.cpp */; };
		0C04E1DE16DE964F002B0EE2 /* BoundingBox.cpp in Sources */ = {isa = PBXBuildFile; fileRef = 0C04E19216DE964E002B0EE2 /* BoundingBox.cpp */; };
		0C04E1DF16DE964F002B0EE2 /* CEcritureFichierBinaire.cpp in Sources */ = {isa = PBXBuildFile; fileRef = 0C04E19416DE964E002B0EE2 /* CEcritureFichierBinaire.cpp */; };
		0C04E1E016DE964F002B0EE2 /* CLectureFichierBinaire.cpp in Sources */ = {isa = PBXBuildFile; fileRef = 0C04E19616DE964E002B0EE2 /* CLectureFichierBinaire.cpp */; };
		0C04E1E216DE964F002B0EE2 /* ConteneurAttribut.cpp in Sources */ = {isa = PBXBuildFile; fileRef = 0C04E19A16DE964E002B0EE2 /* ConteneurAttribut.cpp */; };
		0C04E1E316DE964F002B0EE2 /* Droite3D.cpp in Sources */ = {isa = PBXBuildFile; fileRef = 0C04E19D16DE964E002B0EE2 /* Droite3D.cpp */; };
		0C04E1E516DE964F002B0EE2 /* GameTime.cpp in Sources */ = {isa = PBXBuildFile; fileRef = 0C04E1A116DE964E002B0EE2 /* GameTime.cpp */; };
		0C04E1EB16DE964F002B0EE2 /* ObjetAnimable.cpp in Sources */ = {isa = PBXBuildFile; fileRef = 0C04E1AF16DE964E002B0EE2 /* ObjetAnimable.cpp */; };
		0C04E1ED16DE964F002B0EE2 /* Plan3D.cpp in Sources */ = {isa = PBXBuildFile; fileRef = 0C04E1B516DE964F002B0EE2 /* Plan3D.cpp */; };
		0C04E1EE16DE964F002B0EE2 /* Utilitaire.cpp in Sources */ = {isa = PBXBuildFile; fileRef = 0C04E1BA16DE964F002B0EE2 /* Utilitaire.cpp */; };
		0C04E1FB16DE964F002B0EE2 /* XMLUtils.cpp in Sources */ = {isa = PBXBuildFile; fileRef = 0C04E1D316DE964F002B0EE2 /* XMLUtils.cpp */; };
		0C04E1FF16DEA0AC002B0EE2 /* EvenementSouris.cpp in Sources */ = {isa = PBXBuildFile; fileRef = 0C04E1FD16DEA0AB002B0EE2 /* EvenementSouris.cpp */; };
		0C49614216E7F37F00D13713 /* ExceptionJeu.cpp in Sources */ = {isa = PBXBuildFile; fileRef = 0C49614016E7F37F00D13713 /* ExceptionJeu.cpp */; };
		0C49614616E80AC600D13713 /* UsineNoeud.cpp in Sources */ = {isa = PBXBuildFile; fileRef = 0C49614516E80AC600D13713 /* UsineNoeud.cpp */; };
		4E058F2E16FA5D0800A68C40 /* libAFNetworking.a in Frameworks */ = {isa = PBXBuildFile; fileRef = 4E058F0D16FA5C2B00A68C40 /* libAFNetworking.a */; };
		4E07580916FBE5ED005F697E /* FieldModificationStrategyMove.cpp in Sources */ = {isa = PBXBuildFile; fileRef = 4E07580716FBE5ED005F697E /* FieldModificationStrategyMove.cpp */; };
		4E2A595716F2E48C002160AE /* BonusModifierAbstract.cpp in Sources */ = {isa = PBXBuildFile; fileRef = 4E2A595316F2E48C002160AE /* BonusModifierAbstract.cpp */; };
		4E2A595816F2E48C002160AE /* BonusModifierGoThorughWall.cpp in Sources */ = {isa = PBXBuildFile; fileRef = 4E2A595516F2E48C002160AE /* BonusModifierGoThorughWall.cpp */; };
		4E2A595D16F2E558002160AE /* NodeBonus.cpp in Sources */ = {isa = PBXBuildFile; fileRef = 4E2A595916F2E558002160AE /* NodeBonus.cpp */; };
		4E2A595E16F2E558002160AE /* NodeModelRender.cpp in Sources */ = {isa = PBXBuildFile; fileRef = 4E2A595B16F2E558002160AE /* NodeModelRender.cpp */; };
		4E2A596116F2E658002160AE /* BonusModifierFactory.cpp in Sources */ = {isa = PBXBuildFile; fileRef = 4E2A595F16F2E658002160AE /* BonusModifierFactory.cpp */; };
		4E8C11B916FA31AE003D61E8 /* libTinyXml.a in Frameworks */ = {isa = PBXBuildFile; fileRef = 4EF216A316FA2AC0005FB093 /* libTinyXml.a */; };
		4E8E3AC01700EB3100C8FC56 /* EditorStateAbstract.m in Sources */ = {isa = PBXBuildFile; fileRef = 4E8E3ABF1700EB3100C8FC56 /* EditorStateAbstract.m */; };
		4E8E3AC31700EB7E00C8FC56 /* EventManager.m in Sources */ = {isa = PBXBuildFile; fileRef = 4E8E3AC21700EB7E00C8FC56 /* EventManager.m */; };
		4E8E3AC61700EBF700C8FC56 /* EditorStateAdd.m in Sources */ = {isa = PBXBuildFile; fileRef = 4E8E3AC51700EBF700C8FC56 /* EditorStateAdd.m */; };
		4E8E3AC91700EC6800C8FC56 /* EditorStateTransform.m in Sources */ = {isa = PBXBuildFile; fileRef = 4E8E3AC81700EC6800C8FC56 /* EditorStateTransform.m */; };
		4E8E3ACC1700ECB900C8FC56 /* EditorStateSelection.m in Sources */ = {isa = PBXBuildFile; fileRef = 4E8E3ACB1700ECB900C8FC56 /* EditorStateSelection.m */; };
		4E8E3ACF1700ECDF00C8FC56 /* EditorStateView.m in Sources */ = {isa = PBXBuildFile; fileRef = 4E8E3ACE1700ECDF00C8FC56 /* EditorStateView.m */; };
		4E90C0FC17024114000F2564 /* EditionEventManager.cpp in Sources */ = {isa = PBXBuildFile; fileRef = 4E90C0FA17024114000F2564 /* EditionEventManager.cpp */; };
<<<<<<< HEAD
=======
		4E94494417025200005BC9F6 /* Model3DManager.m in Sources */ = {isa = PBXBuildFile; fileRef = 4E94494317025200005BC9F6 /* Model3DManager.m */; };
		4E96C87816FE0A5000CBA826 /* razor_sharp.png in Resources */ = {isa = PBXBuildFile; fileRef = 4E96C87716FE0A5000CBA826 /* razor_sharp.png */; };
>>>>>>> Debut du manager pour le dessin en 3D des noeuds sur iPad
		4E96DF0416F64C4700588998 /* libBox2D.a in Frameworks */ = {isa = PBXBuildFile; fileRef = 4E96DC6716F63D2100588998 /* libBox2D.a */; };
		4E9CE9FA16FBB74100B04A12 /* Login.xib in Resources */ = {isa = PBXBuildFile; fileRef = 4E9CE9F916FBB74100B04A12 /* Login.xib */; };
		4E9CE9FE16FBBA4B00B04A12 /* LoadMapViewController.m in Sources */ = {isa = PBXBuildFile; fileRef = 4E9CE9FC16FBBA4B00B04A12 /* LoadMapViewController.m */; };
		4E9CE9FF16FBBA4B00B04A12 /* LoadMapViewController.xib in Resources */ = {isa = PBXBuildFile; fileRef = 4E9CE9FD16FBBA4B00B04A12 /* LoadMapViewController.xib */; };
		4E9DDDB216FF842C0081B35D /* VisitorGatherProperties.cpp in Sources */ = {isa = PBXBuildFile; fileRef = 4E9DDDB016FF842C0081B35D /* VisitorGatherProperties.cpp */; };
		4EA5287716FE356A008F89BD /* FieldModificationStrategyRotate.cpp in Sources */ = {isa = PBXBuildFile; fileRef = 4EA5287316FE356A008F89BD /* FieldModificationStrategyRotate.cpp */; };
		4EA5287816FE356A008F89BD /* FieldModificationStrategyScale.cpp in Sources */ = {isa = PBXBuildFile; fileRef = 4EA5287516FE356A008F89BD /* FieldModificationStrategyScale.cpp */; };
		4EA5287B16FE366A008F89BD /* VisitorSetProperties.cpp in Sources */ = {isa = PBXBuildFile; fileRef = 4EA5287916FE366A008F89BD /* VisitorSetProperties.cpp */; };
		4EB7EA7916EFBE4100493722 /* VisiteurFunction.cpp in Sources */ = {isa = PBXBuildFile; fileRef = 4EB7EA7716EFBE4100493722 /* VisiteurFunction.cpp */; };
		4EC1626E16F81A8C00577704 /* BonusModifierBlockGoal.cpp in Sources */ = {isa = PBXBuildFile; fileRef = 4EC1626C16F81A8C00577704 /* BonusModifierBlockGoal.cpp */; };
		4EC7359D17015F85002FCF4C /* Solution_Defines.cpp in Sources */ = {isa = PBXBuildFile; fileRef = 4EC7359C17015F85002FCF4C /* Solution_Defines.cpp */; };
		4ED4BC3516FEED3200227F1E /* FieldModificationStrategyAddNode.cpp in Sources */ = {isa = PBXBuildFile; fileRef = 4ED4BC3116FEED3200227F1E /* FieldModificationStrategyAddNode.cpp */; };
		4ED4BC3616FEED3200227F1E /* FieldModificationStrategyAddWall.cpp in Sources */ = {isa = PBXBuildFile; fileRef = 4ED4BC3316FEED3200227F1E /* FieldModificationStrategyAddWall.cpp */; };
		4EEBBF9A16E86E5B00017127 /* Model.mm in Sources */ = {isa = PBXBuildFile; fileRef = 4EEBBF9916E86E5B00017127 /* Model.mm */; };
		4EEBBFA316E8832900017127 /* NoeudAbstrait.cpp in Sources */ = {isa = PBXBuildFile; fileRef = 4EEBBFA216E8832900017127 /* NoeudAbstrait.cpp */; };
		6D01D0921702682400899CCB /* razor_sharp.png in Resources */ = {isa = PBXBuildFile; fileRef = 6D01D0911702682400899CCB /* razor_sharp.png */; };
		6D951C3F16EE753600894B44 /* LeftBar.png in Resources */ = {isa = PBXBuildFile; fileRef = 6D951C3E16EE753600894B44 /* LeftBar.png */; };
		6D951C4116EE767B00894B44 /* BottomBar.png in Resources */ = {isa = PBXBuildFile; fileRef = 6D951C4016EE767B00894B44 /* BottomBar.png */; };
		96378D7B1472C71100F543EA /* UIKit.framework in Frameworks */ = {isa = PBXBuildFile; fileRef = 96378D7A1472C71100F543EA /* UIKit.framework */; };
		96378D7D1472C71100F543EA /* Foundation.framework in Frameworks */ = {isa = PBXBuildFile; fileRef = 96378D7C1472C71100F543EA /* Foundation.framework */; };
		96378D7F1472C71100F543EA /* CoreGraphics.framework in Frameworks */ = {isa = PBXBuildFile; fileRef = 96378D7E1472C71100F543EA /* CoreGraphics.framework */; };
		96378D851472C71200F543EA /* InfoPlist.strings in Resources */ = {isa = PBXBuildFile; fileRef = 96378D831472C71200F543EA /* InfoPlist.strings */; };
		96378D871472C71200F543EA /* main.m in Sources */ = {isa = PBXBuildFile; fileRef = 96378D861472C71200F543EA /* main.m */; };
		96378D8B1472C71200F543EA /* HockeduAppDelegate.m in Sources */ = {isa = PBXBuildFile; fileRef = 96378D8A1472C71200F543EA /* HockeduAppDelegate.m */; };
		96378D8E1472C71200F543EA /* MainWindow.xib in Resources */ = {isa = PBXBuildFile; fileRef = 96378D8C1472C71200F543EA /* MainWindow.xib */; };
		96378D971472C7CC00F543EA /* MenuViewController.m in Sources */ = {isa = PBXBuildFile; fileRef = 96378D961472C7CC00F543EA /* MenuViewController.m */; };
		96378D9A1472C80A00F543EA /* MenuViewController.xib in Resources */ = {isa = PBXBuildFile; fileRef = 96378D991472C80A00F543EA /* MenuViewController.xib */; };
		968DACBE1472EB55007D15A3 /* cube.mtl in Resources */ = {isa = PBXBuildFile; fileRef = 968DACBB1472EB55007D15A3 /* cube.mtl */; };
		968DACBF1472EB55007D15A3 /* cube.obj in Resources */ = {isa = PBXBuildFile; fileRef = 968DACBC1472EB55007D15A3 /* cube.obj */; };
		968DACC01472EB55007D15A3 /* poly.png in Resources */ = {isa = PBXBuildFile; fileRef = 968DACBD1472EB55007D15A3 /* poly.png */; };
		968DACCC1472EDA4007D15A3 /* OpenGLTexture3D.m in Sources */ = {isa = PBXBuildFile; fileRef = 968DACC41472EDA4007D15A3 /* OpenGLTexture3D.m */; };
		968DACCD1472EDA4007D15A3 /* OpenGLWaveFrontGroup.m in Sources */ = {isa = PBXBuildFile; fileRef = 968DACC71472EDA4007D15A3 /* OpenGLWaveFrontGroup.m */; };
		968DACCE1472EDA4007D15A3 /* OpenGLWaveFrontMaterial.m in Sources */ = {isa = PBXBuildFile; fileRef = 968DACC91472EDA4007D15A3 /* OpenGLWaveFrontMaterial.m */; };
		968DACCF1472EDA4007D15A3 /* OpenGLWaveFrontObject.m in Sources */ = {isa = PBXBuildFile; fileRef = 968DACCB1472EDA4007D15A3 /* OpenGLWaveFrontObject.m */; };
		969DDEE01472CF8C00ED5DC8 /* EAGLView.m in Sources */ = {isa = PBXBuildFile; fileRef = 969DDEDF1472CF8C00ED5DC8 /* EAGLView.m */; };
		969DDF891472E03500ED5DC8 /* OpenGLES.framework in Frameworks */ = {isa = PBXBuildFile; fileRef = 969DDF881472E03500ED5DC8 /* OpenGLES.framework */; };
		969DDF8B1472E05400ED5DC8 /* QuartzCore.framework in Frameworks */ = {isa = PBXBuildFile; fileRef = 969DDF8A1472E05400ED5DC8 /* QuartzCore.framework */; };
		969DDF901472E15900ED5DC8 /* EAGLViewController.m in Sources */ = {isa = PBXBuildFile; fileRef = 969DDF8E1472E15900ED5DC8 /* EAGLViewController.m */; };
		969DDF911472E15900ED5DC8 /* EAGLViewController.xib in Resources */ = {isa = PBXBuildFile; fileRef = 969DDF8F1472E15900ED5DC8 /* EAGLViewController.xib */; };
/* End PBXBuildFile section */

/* Begin PBXContainerItemProxy section */
		4E058F0C16FA5C2B00A68C40 /* PBXContainerItemProxy */ = {
			isa = PBXContainerItemProxy;
			containerPortal = 4E058F0816FA5C2A00A68C40 /* AFNetworking.xcodeproj */;
			proxyType = 2;
			remoteGlobalIDString = 4E058EF716FA5C2A00A68C40;
			remoteInfo = AFNetworking;
		};
		4E058F2C16FA5CFD00A68C40 /* PBXContainerItemProxy */ = {
			isa = PBXContainerItemProxy;
			containerPortal = 4E058F0816FA5C2A00A68C40 /* AFNetworking.xcodeproj */;
			proxyType = 1;
			remoteGlobalIDString = 4E058EF616FA5C2A00A68C40;
			remoteInfo = AFNetworking;
		};
		4E96DC6616F63D2100588998 /* PBXContainerItemProxy */ = {
			isa = PBXContainerItemProxy;
			containerPortal = 4E96DC6216F63D1D00588998 /* Box2D.xcodeproj */;
			proxyType = 2;
			remoteGlobalIDString = 4E96DC5116F63D1C00588998;
			remoteInfo = Box2D;
		};
		4E96DF0116F641E600588998 /* PBXContainerItemProxy */ = {
			isa = PBXContainerItemProxy;
			containerPortal = 4E96DC6216F63D1D00588998 /* Box2D.xcodeproj */;
			proxyType = 1;
			remoteGlobalIDString = 4E96DC5016F63D1C00588998;
			remoteInfo = Box2D;
		};
		4EF216A216FA2AC0005FB093 /* PBXContainerItemProxy */ = {
			isa = PBXContainerItemProxy;
			containerPortal = 4EF2169E16FA2ABE005FB093 /* TinyXml.xcodeproj */;
			proxyType = 2;
			remoteGlobalIDString = 4EF2169716FA2ABE005FB093;
			remoteInfo = TinyXml;
		};
		4EF216B516FA2CAF005FB093 /* PBXContainerItemProxy */ = {
			isa = PBXContainerItemProxy;
			containerPortal = 4EF2169E16FA2ABE005FB093 /* TinyXml.xcodeproj */;
			proxyType = 1;
			remoteGlobalIDString = 4EF2169616FA2ABE005FB093;
			remoteInfo = TinyXml;
		};
/* End PBXContainerItemProxy section */

/* Begin PBXFileReference section */
		0C04E03C16DE7835002B0EE2 /* aide32x32.png */ = {isa = PBXFileReference; lastKnownFileType = image.png; path = aide32x32.png; sourceTree = "<group>"; };
		0C04E03D16DE7835002B0EE2 /* ajouter_accelerateur.png */ = {isa = PBXFileReference; lastKnownFileType = image.png; path = ajouter_accelerateur.png; sourceTree = "<group>"; };
		0C04E03E16DE7835002B0EE2 /* ajouter_maillet.png */ = {isa = PBXFileReference; lastKnownFileType = image.png; path = ajouter_maillet.png; sourceTree = "<group>"; };
		0C04E03F16DE7835002B0EE2 /* ajouter_muret.png */ = {isa = PBXFileReference; lastKnownFileType = image.png; path = ajouter_muret.png; sourceTree = "<group>"; };
		0C04E04016DE7835002B0EE2 /* ajouter_objet.png */ = {isa = PBXFileReference; lastKnownFileType = image.png; path = ajouter_objet.png; sourceTree = "<group>"; };
		0C04E04116DE7835002B0EE2 /* ajouter_portail.png */ = {isa = PBXFileReference; lastKnownFileType = image.png; path = ajouter_portail.png; sourceTree = "<group>"; };
		0C04E04216DE7835002B0EE2 /* ajouter_rondelle.png */ = {isa = PBXFileReference; lastKnownFileType = image.png; path = ajouter_rondelle.png; sourceTree = "<group>"; };
		0C04E04316DE7835002B0EE2 /* bouton_enfonce.png */ = {isa = PBXFileReference; lastKnownFileType = image.png; path = bouton_enfonce.png; sourceTree = "<group>"; };
		0C04E04416DE7835002B0EE2 /* bouton_normal.png */ = {isa = PBXFileReference; lastKnownFileType = image.png; path = bouton_normal.png; sourceTree = "<group>"; };
		0C04E04516DE7835002B0EE2 /* bouton_survole.png */ = {isa = PBXFileReference; lastKnownFileType = image.png; path = bouton_survole.png; sourceTree = "<group>"; };
		0C04E04616DE7835002B0EE2 /* camera.gif */ = {isa = PBXFileReference; lastKnownFileType = image.gif; path = camera.gif; sourceTree = "<group>"; };
		0C04E04716DE7835002B0EE2 /* cameraFixe.png */ = {isa = PBXFileReference; lastKnownFileType = image.png; path = cameraFixe.png; sourceTree = "<group>"; };
		0C04E04816DE7835002B0EE2 /* cameraLibre.png */ = {isa = PBXFileReference; lastKnownFileType = image.png; path = cameraLibre.png; sourceTree = "<group>"; };
		0C04E04916DE7835002B0EE2 /* cameraOrbite.png */ = {isa = PBXFileReference; lastKnownFileType = image.png; path = cameraOrbite.png; sourceTree = "<group>"; };
		0C04E04A16DE7835002B0EE2 /* deplacer.png */ = {isa = PBXFileReference; lastKnownFileType = image.png; path = deplacer.png; sourceTree = "<group>"; };
		0C04E04B16DE7835002B0EE2 /* dupliquer.png */ = {isa = PBXFileReference; lastKnownFileType = image.png; path = dupliquer.png; sourceTree = "<group>"; };
		0C04E04C16DE7835002B0EE2 /* menu.png */ = {isa = PBXFileReference; lastKnownFileType = image.png; path = menu.png; sourceTree = "<group>"; };
		0C04E08F16DE81DC002B0EE2 /* Vecteur.h */ = {isa = PBXFileReference; fileEncoding = 4; lastKnownFileType = sourcecode.c.h; name = Vecteur.h; path = ../../../Commun/Utilitaire/Vecteur.h; sourceTree = "<group>"; };
		0C04E09216DE88A2002B0EE2 /* NoeudAbstrait.h */ = {isa = PBXFileReference; fileEncoding = 4; lastKnownFileType = sourcecode.c.h; path = NoeudAbstrait.h; sourceTree = "<group>"; };
		0C04E0EA16DE8B7B002B0EE2 /* RazerGameUtilities.cpp */ = {isa = PBXFileReference; fileEncoding = 4; lastKnownFileType = sourcecode.cpp.cpp; name = RazerGameUtilities.cpp; path = "../../C++/Environnement/RazerGameUtilities.cpp"; sourceTree = "<group>"; };
		0C04E0EB16DE8B7B002B0EE2 /* RazerGameUtilities.h */ = {isa = PBXFileReference; fileEncoding = 4; lastKnownFileType = sourcecode.c.h; name = RazerGameUtilities.h; path = "../../C++/Environnement/RazerGameUtilities.h"; sourceTree = "<group>"; };
		0C04E0EF16DE917C002B0EE2 /* RazerGameTypeDef.h */ = {isa = PBXFileReference; fileEncoding = 4; lastKnownFileType = sourcecode.c.h; name = RazerGameTypeDef.h; path = "../../C++/Configuration/RazerGameTypeDef.h"; sourceTree = "<group>"; };
		0C04E0F116DE960A002B0EE2 /* ArbreNoeudLibre.cpp */ = {isa = PBXFileReference; fileEncoding = 4; lastKnownFileType = sourcecode.cpp.cpp; name = ArbreNoeudLibre.cpp; path = ../ArbreNoeudLibre.cpp; sourceTree = "<group>"; };
		0C04E0F216DE960A002B0EE2 /* ArbreNoeudLibre.h */ = {isa = PBXFileReference; fileEncoding = 4; lastKnownFileType = sourcecode.c.h; name = ArbreNoeudLibre.h; path = ../ArbreNoeudLibre.h; sourceTree = "<group>"; };
		0C04E0F316DE960A002B0EE2 /* ArbreRendu.cpp */ = {isa = PBXFileReference; fileEncoding = 4; lastKnownFileType = sourcecode.cpp.cpp; name = ArbreRendu.cpp; path = ../ArbreRendu.cpp; sourceTree = "<group>"; };
		0C04E0F416DE960A002B0EE2 /* ArbreRendu.h */ = {isa = PBXFileReference; fileEncoding = 4; lastKnownFileType = sourcecode.c.h; name = ArbreRendu.h; path = ../ArbreRendu.h; sourceTree = "<group>"; };
		0C04E10A16DE960B002B0EE2 /* ControlPointMutableAbstract.cpp */ = {isa = PBXFileReference; fileEncoding = 4; lastKnownFileType = sourcecode.cpp.cpp; path = ControlPointMutableAbstract.cpp; sourceTree = "<group>"; };
		0C04E10B16DE960B002B0EE2 /* ControlPointMutableAbstract.h */ = {isa = PBXFileReference; fileEncoding = 4; lastKnownFileType = sourcecode.c.h; path = ControlPointMutableAbstract.h; sourceTree = "<group>"; };
		0C04E10C16DE960B002B0EE2 /* NodeControlPoint.cpp */ = {isa = PBXFileReference; fileEncoding = 4; lastKnownFileType = sourcecode.cpp.cpp; path = NodeControlPoint.cpp; sourceTree = "<group>"; };
		0C04E10D16DE960B002B0EE2 /* NodeControlPoint.h */ = {isa = PBXFileReference; fileEncoding = 4; lastKnownFileType = sourcecode.c.h; path = NodeControlPoint.h; sourceTree = "<group>"; };
		0C04E10E16DE960B002B0EE2 /* NodePolygone.cpp */ = {isa = PBXFileReference; fileEncoding = 4; lastKnownFileType = sourcecode.cpp.cpp; path = NodePolygone.cpp; sourceTree = "<group>"; };
		0C04E10F16DE960B002B0EE2 /* NodePolygone.h */ = {isa = PBXFileReference; fileEncoding = 4; lastKnownFileType = sourcecode.c.h; path = NodePolygone.h; sourceTree = "<group>"; };
		0C04E11016DE960B002B0EE2 /* NodeRinkBoards.cpp */ = {isa = PBXFileReference; fileEncoding = 4; lastKnownFileType = sourcecode.cpp.cpp; path = NodeRinkBoards.cpp; sourceTree = "<group>"; };
		0C04E11116DE960B002B0EE2 /* NodeRinkBoards.h */ = {isa = PBXFileReference; fileEncoding = 4; lastKnownFileType = sourcecode.c.h; path = NodeRinkBoards.h; sourceTree = "<group>"; };
		0C04E11216DE960B002B0EE2 /* NodeWallAbstract.cpp */ = {isa = PBXFileReference; fileEncoding = 4; lastKnownFileType = sourcecode.cpp.cpp; path = NodeWallAbstract.cpp; sourceTree = "<group>"; };
		0C04E11316DE960B002B0EE2 /* NodeWallAbstract.h */ = {isa = PBXFileReference; fileEncoding = 4; lastKnownFileType = sourcecode.c.h; path = NodeWallAbstract.h; sourceTree = "<group>"; };
		0C04E11416DE960B002B0EE2 /* NodeWallEdition.cpp */ = {isa = PBXFileReference; fileEncoding = 4; lastKnownFileType = sourcecode.cpp.cpp; path = NodeWallEdition.cpp; sourceTree = "<group>"; };
		0C04E11516DE960B002B0EE2 /* NodeWallEdition.h */ = {isa = PBXFileReference; fileEncoding = 4; lastKnownFileType = sourcecode.c.h; path = NodeWallEdition.h; sourceTree = "<group>"; };
		0C04E11716DE960B002B0EE2 /* NoeudAccelerateur.cpp */ = {isa = PBXFileReference; fileEncoding = 4; lastKnownFileType = sourcecode.cpp.cpp; path = NoeudAccelerateur.cpp; sourceTree = "<group>"; };
		0C04E11816DE960B002B0EE2 /* NoeudAccelerateur.h */ = {isa = PBXFileReference; fileEncoding = 4; lastKnownFileType = sourcecode.c.h; path = NoeudAccelerateur.h; sourceTree = "<group>"; };
		0C04E11B16DE960B002B0EE2 /* NoeudBut.cpp */ = {isa = PBXFileReference; fileEncoding = 4; lastKnownFileType = sourcecode.cpp.cpp; path = NoeudBut.cpp; sourceTree = "<group>"; };
		0C04E11C16DE960B002B0EE2 /* NoeudBut.h */ = {isa = PBXFileReference; fileEncoding = 4; lastKnownFileType = sourcecode.c.h; path = NoeudBut.h; sourceTree = "<group>"; };
		0C04E11D16DE960B002B0EE2 /* NoeudComposite.cpp */ = {isa = PBXFileReference; fileEncoding = 4; lastKnownFileType = sourcecode.cpp.cpp; path = NoeudComposite.cpp; sourceTree = "<group>"; };
		0C04E11E16DE960B002B0EE2 /* NoeudComposite.h */ = {isa = PBXFileReference; fileEncoding = 4; lastKnownFileType = sourcecode.c.h; path = NoeudComposite.h; sourceTree = "<group>"; };
		0C04E11F16DE960B002B0EE2 /* NoeudGroupe.cpp */ = {isa = PBXFileReference; fileEncoding = 4; lastKnownFileType = sourcecode.cpp.cpp; path = NoeudGroupe.cpp; sourceTree = "<group>"; };
		0C04E12016DE960B002B0EE2 /* NoeudGroupe.h */ = {isa = PBXFileReference; fileEncoding = 4; lastKnownFileType = sourcecode.c.h; path = NoeudGroupe.h; sourceTree = "<group>"; };
		0C04E12116DE960B002B0EE2 /* NoeudMaillet.cpp */ = {isa = PBXFileReference; fileEncoding = 4; lastKnownFileType = sourcecode.cpp.cpp; path = NoeudMaillet.cpp; sourceTree = "<group>"; };
		0C04E12216DE960B002B0EE2 /* NoeudMaillet.h */ = {isa = PBXFileReference; fileEncoding = 4; lastKnownFileType = sourcecode.c.h; path = NoeudMaillet.h; sourceTree = "<group>"; };
		0C04E12316DE960B002B0EE2 /* NoeudMuret.cpp */ = {isa = PBXFileReference; fileEncoding = 4; lastKnownFileType = sourcecode.cpp.cpp; path = NoeudMuret.cpp; sourceTree = "<group>"; };
		0C04E12416DE960B002B0EE2 /* NoeudMuret.h */ = {isa = PBXFileReference; fileEncoding = 4; lastKnownFileType = sourcecode.c.h; path = NoeudMuret.h; sourceTree = "<group>"; };
		0C04E12516DE960B002B0EE2 /* NoeudMuretRelatif.cpp */ = {isa = PBXFileReference; fileEncoding = 4; lastKnownFileType = sourcecode.cpp.cpp; path = NoeudMuretRelatif.cpp; sourceTree = "<group>"; };
		0C04E12616DE960B002B0EE2 /* NoeudMuretRelatif.h */ = {isa = PBXFileReference; fileEncoding = 4; lastKnownFileType = sourcecode.c.h; path = NoeudMuretRelatif.h; sourceTree = "<group>"; };
		0C04E12916DE960B002B0EE2 /* NoeudPoint.cpp */ = {isa = PBXFileReference; fileEncoding = 4; lastKnownFileType = sourcecode.cpp.cpp; path = NoeudPoint.cpp; sourceTree = "<group>"; };
		0C04E12A16DE960B002B0EE2 /* NoeudPoint.h */ = {isa = PBXFileReference; fileEncoding = 4; lastKnownFileType = sourcecode.c.h; path = NoeudPoint.h; sourceTree = "<group>"; };
		0C04E12B16DE960B002B0EE2 /* NoeudPortail.cpp */ = {isa = PBXFileReference; fileEncoding = 4; lastKnownFileType = sourcecode.cpp.cpp; path = NoeudPortail.cpp; sourceTree = "<group>"; };
		0C04E12C16DE960B002B0EE2 /* NoeudPortail.h */ = {isa = PBXFileReference; fileEncoding = 4; lastKnownFileType = sourcecode.c.h; path = NoeudPortail.h; sourceTree = "<group>"; };
		0C04E12D16DE960B002B0EE2 /* NoeudRondelle.cpp */ = {isa = PBXFileReference; fileEncoding = 4; lastKnownFileType = sourcecode.cpp.cpp; path = NoeudRondelle.cpp; sourceTree = "<group>"; };
		0C04E12E16DE960B002B0EE2 /* NoeudRondelle.h */ = {isa = PBXFileReference; fileEncoding = 4; lastKnownFileType = sourcecode.c.h; path = NoeudRondelle.h; sourceTree = "<group>"; };
		0C04E12F16DE960B002B0EE2 /* NoeudTable.cpp */ = {isa = PBXFileReference; fileEncoding = 4; lastKnownFileType = sourcecode.cpp.cpp; path = NoeudTable.cpp; sourceTree = "<group>"; };
		0C04E13016DE960B002B0EE2 /* NoeudTable.h */ = {isa = PBXFileReference; fileEncoding = 4; lastKnownFileType = sourcecode.c.h; path = NoeudTable.h; sourceTree = "<group>"; };
		0C04E13116DE960B002B0EE2 /* PositionSubject.h */ = {isa = PBXFileReference; fileEncoding = 4; lastKnownFileType = sourcecode.c.h; path = PositionSubject.h; sourceTree = "<group>"; };
		0C04E13216DE960B002B0EE2 /* NoeudAbstrait.h */ = {isa = PBXFileReference; fileEncoding = 4; lastKnownFileType = sourcecode.c.h; path = NoeudAbstrait.h; sourceTree = "<group>"; };
		0C04E13316DE960B002B0EE2 /* RazerGameTree.cpp */ = {isa = PBXFileReference; fileEncoding = 4; lastKnownFileType = sourcecode.cpp.cpp; path = RazerGameTree.cpp; sourceTree = "<group>"; };
		0C04E13416DE960B002B0EE2 /* RazerGameTree.h */ = {isa = PBXFileReference; fileEncoding = 4; lastKnownFileType = sourcecode.c.h; path = RazerGameTree.h; sourceTree = "<group>"; };
		0C04E13516DE960B002B0EE2 /* Terrain.cpp */ = {isa = PBXFileReference; fileEncoding = 4; lastKnownFileType = sourcecode.cpp.cpp; path = Terrain.cpp; sourceTree = "<group>"; };
		0C04E13616DE960B002B0EE2 /* Terrain.h */ = {isa = PBXFileReference; fileEncoding = 4; lastKnownFileType = sourcecode.c.h; path = Terrain.h; sourceTree = "<group>"; };
		0C04E13816DE960B002B0EE2 /* UsineNoeud.h */ = {isa = PBXFileReference; fileEncoding = 4; lastKnownFileType = sourcecode.c.h; path = UsineNoeud.h; sourceTree = "<group>"; };
		0C04E13A16DE960B002B0EE2 /* VisiteurCollision.cpp */ = {isa = PBXFileReference; fileEncoding = 4; lastKnownFileType = sourcecode.cpp.cpp; path = VisiteurCollision.cpp; sourceTree = "<group>"; };
		0C04E13B16DE960B002B0EE2 /* VisiteurCollision.h */ = {isa = PBXFileReference; fileEncoding = 4; lastKnownFileType = sourcecode.c.h; path = VisiteurCollision.h; sourceTree = "<group>"; };
		0C04E13C16DE960B002B0EE2 /* VisiteurDeplacement.cpp */ = {isa = PBXFileReference; fileEncoding = 4; lastKnownFileType = sourcecode.cpp.cpp; path = VisiteurDeplacement.cpp; sourceTree = "<group>"; };
		0C04E13D16DE960B002B0EE2 /* VisiteurDeplacement.h */ = {isa = PBXFileReference; fileEncoding = 4; lastKnownFileType = sourcecode.c.h; path = VisiteurDeplacement.h; sourceTree = "<group>"; };
		0C04E13E16DE960B002B0EE2 /* VisiteurDupliquer.cpp */ = {isa = PBXFileReference; fileEncoding = 4; lastKnownFileType = sourcecode.cpp.cpp; path = VisiteurDupliquer.cpp; sourceTree = "<group>"; };
		0C04E13F16DE960B002B0EE2 /* VisiteurDupliquer.h */ = {isa = PBXFileReference; fileEncoding = 4; lastKnownFileType = sourcecode.c.h; path = VisiteurDupliquer.h; sourceTree = "<group>"; };
		0C04E14016DE960B002B0EE2 /* VisiteurEchelle.cpp */ = {isa = PBXFileReference; fileEncoding = 4; lastKnownFileType = sourcecode.cpp.cpp; path = VisiteurEchelle.cpp; sourceTree = "<group>"; };
		0C04E14116DE960B002B0EE2 /* VisiteurEchelle.h */ = {isa = PBXFileReference; fileEncoding = 4; lastKnownFileType = sourcecode.c.h; path = VisiteurEchelle.h; sourceTree = "<group>"; };
		0C04E14216DE960B002B0EE2 /* VisiteurEcrireXML.cpp */ = {isa = PBXFileReference; fileEncoding = 4; lastKnownFileType = sourcecode.cpp.cpp; path = VisiteurEcrireXML.cpp; sourceTree = "<group>"; };
		0C04E14316DE960B002B0EE2 /* VisiteurEcrireXML.h */ = {isa = PBXFileReference; fileEncoding = 4; lastKnownFileType = sourcecode.c.h; path = VisiteurEcrireXML.h; sourceTree = "<group>"; };
		0C04E14416DE960B002B0EE2 /* VisiteurEstSelectione.cpp */ = {isa = PBXFileReference; fileEncoding = 4; lastKnownFileType = sourcecode.cpp.cpp; path = VisiteurEstSelectione.cpp; sourceTree = "<group>"; };
		0C04E14516DE960B002B0EE2 /* VisiteurEstSelectione.h */ = {isa = PBXFileReference; fileEncoding = 4; lastKnownFileType = sourcecode.c.h; path = VisiteurEstSelectione.h; sourceTree = "<group>"; };
		0C04E14816DE960B002B0EE2 /* VisiteurModifierProprieteNoeud.cpp */ = {isa = PBXFileReference; fileEncoding = 4; lastKnownFileType = sourcecode.cpp.cpp; path = VisiteurModifierProprieteNoeud.cpp; sourceTree = "<group>"; };
		0C04E14916DE960B002B0EE2 /* VisiteurModifierProprieteNoeud.h */ = {isa = PBXFileReference; fileEncoding = 4; lastKnownFileType = sourcecode.c.h; path = VisiteurModifierProprieteNoeud.h; sourceTree = "<group>"; };
		0C04E14A16DE960B002B0EE2 /* VisiteurNoeud.cpp */ = {isa = PBXFileReference; fileEncoding = 4; lastKnownFileType = sourcecode.cpp.cpp; path = VisiteurNoeud.cpp; sourceTree = "<group>"; };
		0C04E14B16DE960B002B0EE2 /* VisiteurNoeud.h */ = {isa = PBXFileReference; fileEncoding = 4; lastKnownFileType = sourcecode.c.h; path = VisiteurNoeud.h; sourceTree = "<group>"; };
		0C04E14C16DE960B002B0EE2 /* VisiteurRotation.cpp */ = {isa = PBXFileReference; fileEncoding = 4; lastKnownFileType = sourcecode.cpp.cpp; path = VisiteurRotation.cpp; sourceTree = "<group>"; };
		0C04E14D16DE960B002B0EE2 /* VisiteurRotation.h */ = {isa = PBXFileReference; fileEncoding = 4; lastKnownFileType = sourcecode.c.h; path = VisiteurRotation.h; sourceTree = "<group>"; };
		0C04E14E16DE960B002B0EE2 /* VisiteurSelection.cpp */ = {isa = PBXFileReference; fileEncoding = 4; lastKnownFileType = sourcecode.cpp.cpp; path = VisiteurSelection.cpp; sourceTree = "<group>"; };
		0C04E14F16DE960B002B0EE2 /* VisiteurSelection.h */ = {isa = PBXFileReference; fileEncoding = 4; lastKnownFileType = sourcecode.c.h; path = VisiteurSelection.h; sourceTree = "<group>"; };
		0C04E15016DE960B002B0EE2 /* VisiteurSelectionOpenGL.cpp */ = {isa = PBXFileReference; fileEncoding = 4; lastKnownFileType = sourcecode.cpp.cpp; path = VisiteurSelectionOpenGL.cpp; sourceTree = "<group>"; };
		0C04E15116DE960B002B0EE2 /* VisiteurSelectionOpenGL.h */ = {isa = PBXFileReference; fileEncoding = 4; lastKnownFileType = sourcecode.c.h; path = VisiteurSelectionOpenGL.h; sourceTree = "<group>"; };
		0C04E15216DE960B002B0EE2 /* VisiteurSuppression.cpp */ = {isa = PBXFileReference; fileEncoding = 4; lastKnownFileType = sourcecode.cpp.cpp; path = VisiteurSuppression.cpp; sourceTree = "<group>"; };
		0C04E15316DE960B002B0EE2 /* VisiteurSuppression.h */ = {isa = PBXFileReference; fileEncoding = 4; lastKnownFileType = sourcecode.c.h; path = VisiteurSuppression.h; sourceTree = "<group>"; };
		0C04E15416DE960B002B0EE2 /* ZoneEdition.cpp */ = {isa = PBXFileReference; fileEncoding = 4; lastKnownFileType = sourcecode.cpp.cpp; path = ZoneEdition.cpp; sourceTree = "<group>"; };
		0C04E15516DE960B002B0EE2 /* ZoneEdition.h */ = {isa = PBXFileReference; fileEncoding = 4; lastKnownFileType = sourcecode.c.h; path = ZoneEdition.h; sourceTree = "<group>"; };
		0C04E18616DE964E002B0EE2 /* AideCollision.cpp */ = {isa = PBXFileReference; fileEncoding = 4; lastKnownFileType = sourcecode.cpp.cpp; path = AideCollision.cpp; sourceTree = "<group>"; };
		0C04E18716DE964E002B0EE2 /* AideCollision.h */ = {isa = PBXFileReference; fileEncoding = 4; lastKnownFileType = sourcecode.c.h; path = AideCollision.h; sourceTree = "<group>"; };
		0C04E19216DE964E002B0EE2 /* BoundingBox.cpp */ = {isa = PBXFileReference; fileEncoding = 4; lastKnownFileType = sourcecode.cpp.cpp; path = BoundingBox.cpp; sourceTree = "<group>"; };
		0C04E19316DE964E002B0EE2 /* BoundingBox.h */ = {isa = PBXFileReference; fileEncoding = 4; lastKnownFileType = sourcecode.c.h; path = BoundingBox.h; sourceTree = "<group>"; };
		0C04E19416DE964E002B0EE2 /* CEcritureFichierBinaire.cpp */ = {isa = PBXFileReference; fileEncoding = 4; lastKnownFileType = sourcecode.cpp.cpp; path = CEcritureFichierBinaire.cpp; sourceTree = "<group>"; };
		0C04E19516DE964E002B0EE2 /* CEcritureFichierBinaire.h */ = {isa = PBXFileReference; fileEncoding = 4; lastKnownFileType = sourcecode.c.h; path = CEcritureFichierBinaire.h; sourceTree = "<group>"; };
		0C04E19616DE964E002B0EE2 /* CLectureFichierBinaire.cpp */ = {isa = PBXFileReference; fileEncoding = 4; lastKnownFileType = sourcecode.cpp.cpp; path = CLectureFichierBinaire.cpp; sourceTree = "<group>"; };
		0C04E19716DE964E002B0EE2 /* CLectureFichierBinaire.h */ = {isa = PBXFileReference; fileEncoding = 4; lastKnownFileType = sourcecode.c.h; path = CLectureFichierBinaire.h; sourceTree = "<group>"; };
		0C04E19A16DE964E002B0EE2 /* ConteneurAttribut.cpp */ = {isa = PBXFileReference; fileEncoding = 4; lastKnownFileType = sourcecode.cpp.cpp; path = ConteneurAttribut.cpp; sourceTree = "<group>"; };
		0C04E19B16DE964E002B0EE2 /* ConteneurAttribut.h */ = {isa = PBXFileReference; fileEncoding = 4; lastKnownFileType = sourcecode.c.h; path = ConteneurAttribut.h; sourceTree = "<group>"; };
		0C04E19C16DE964E002B0EE2 /* DecodeString.h */ = {isa = PBXFileReference; fileEncoding = 4; lastKnownFileType = sourcecode.c.h; path = DecodeString.h; sourceTree = "<group>"; };
		0C04E19D16DE964E002B0EE2 /* Droite3D.cpp */ = {isa = PBXFileReference; fileEncoding = 4; lastKnownFileType = sourcecode.cpp.cpp; path = Droite3D.cpp; sourceTree = "<group>"; };
		0C04E19E16DE964E002B0EE2 /* Droite3D.h */ = {isa = PBXFileReference; fileEncoding = 4; lastKnownFileType = sourcecode.c.h; path = Droite3D.h; sourceTree = "<group>"; };
		0C04E1A116DE964E002B0EE2 /* GameTime.cpp */ = {isa = PBXFileReference; fileEncoding = 4; lastKnownFileType = sourcecode.cpp.cpp; path = GameTime.cpp; sourceTree = "<group>"; };
		0C04E1A216DE964E002B0EE2 /* GameTime.h */ = {isa = PBXFileReference; fileEncoding = 4; lastKnownFileType = sourcecode.c.h; path = GameTime.h; sourceTree = "<group>"; };
		0C04E1A516DE964E002B0EE2 /* LignePointillee.h */ = {isa = PBXFileReference; fileEncoding = 4; lastKnownFileType = sourcecode.c.h; path = LignePointillee.h; sourceTree = "<group>"; };
		0C04E1AE16DE964E002B0EE2 /* MouseMoveObserver.h */ = {isa = PBXFileReference; fileEncoding = 4; lastKnownFileType = sourcecode.c.h; path = MouseMoveObserver.h; sourceTree = "<group>"; };
		0C04E1AF16DE964E002B0EE2 /* ObjetAnimable.cpp */ = {isa = PBXFileReference; fileEncoding = 4; lastKnownFileType = sourcecode.cpp.cpp; path = ObjetAnimable.cpp; sourceTree = "<group>"; };
		0C04E1B016DE964E002B0EE2 /* ObjetAnimable.h */ = {isa = PBXFileReference; fileEncoding = 4; lastKnownFileType = sourcecode.c.h; path = ObjetAnimable.h; sourceTree = "<group>"; };
		0C04E1B116DE964E002B0EE2 /* ObserverPaternDefinitions.h */ = {isa = PBXFileReference; fileEncoding = 4; lastKnownFileType = sourcecode.c.h; path = ObserverPaternDefinitions.h; sourceTree = "<group>"; };
		0C04E1B216DE964F002B0EE2 /* OnceVector.h */ = {isa = PBXFileReference; fileEncoding = 4; lastKnownFileType = sourcecode.c.h; path = OnceVector.h; sourceTree = "<group>"; };
		0C04E1B516DE964F002B0EE2 /* Plan3D.cpp */ = {isa = PBXFileReference; fileEncoding = 4; lastKnownFileType = sourcecode.cpp.cpp; path = Plan3D.cpp; sourceTree = "<group>"; };
		0C04E1B616DE964F002B0EE2 /* Plan3D.h */ = {isa = PBXFileReference; fileEncoding = 4; lastKnownFileType = sourcecode.c.h; path = Plan3D.h; sourceTree = "<group>"; };
		0C04E1B716DE964F002B0EE2 /* QueueThreadSafe.h */ = {isa = PBXFileReference; fileEncoding = 4; lastKnownFileType = sourcecode.c.h; path = QueueThreadSafe.h; sourceTree = "<group>"; };
		0C04E1B816DE964F002B0EE2 /* Singleton.h */ = {isa = PBXFileReference; fileEncoding = 4; lastKnownFileType = sourcecode.c.h; path = Singleton.h; sourceTree = "<group>"; };
		0C04E1B916DE964F002B0EE2 /* Solution_Defines.h */ = {isa = PBXFileReference; fileEncoding = 4; lastKnownFileType = sourcecode.c.h; path = Solution_Defines.h; sourceTree = "<group>"; };
		0C04E1BA16DE964F002B0EE2 /* Utilitaire.cpp */ = {isa = PBXFileReference; fileEncoding = 4; lastKnownFileType = sourcecode.cpp.cpp; path = Utilitaire.cpp; sourceTree = "<group>"; };
		0C04E1BB16DE964F002B0EE2 /* Utilitaire.h */ = {isa = PBXFileReference; fileEncoding = 4; lastKnownFileType = sourcecode.c.h; path = Utilitaire.h; sourceTree = "<group>"; };
		0C04E1D316DE964F002B0EE2 /* XMLUtils.cpp */ = {isa = PBXFileReference; fileEncoding = 4; lastKnownFileType = sourcecode.cpp.cpp; path = XMLUtils.cpp; sourceTree = "<group>"; };
		0C04E1D616DE964F002B0EE2 /* Vecteur.h */ = {isa = PBXFileReference; fileEncoding = 4; lastKnownFileType = sourcecode.c.h; path = Vecteur.h; sourceTree = "<group>"; };
		0C04E1D716DE964F002B0EE2 /* XMLUtils.h */ = {isa = PBXFileReference; fileEncoding = 4; lastKnownFileType = sourcecode.c.h; path = XMLUtils.h; sourceTree = "<group>"; };
		0C04E1FD16DEA0AB002B0EE2 /* EvenementSouris.cpp */ = {isa = PBXFileReference; fileEncoding = 4; lastKnownFileType = sourcecode.cpp.cpp; name = EvenementSouris.cpp; path = "../../Sources/C++/Environnement/Evenements/EvenementSouris.cpp"; sourceTree = "<group>"; };
		0C04E1FE16DEA0AB002B0EE2 /* EvenementSouris.h */ = {isa = PBXFileReference; fileEncoding = 4; lastKnownFileType = sourcecode.c.h; name = EvenementSouris.h; path = "../../Sources/C++/Environnement/Evenements/EvenementSouris.h"; sourceTree = "<group>"; };
		0C04E20316DEB841002B0EE2 /* CodesEvenements.h */ = {isa = PBXFileReference; fileEncoding = 4; lastKnownFileType = sourcecode.c.h; name = CodesEvenements.h; path = "../../Sources/C++/Interface/CodesEvenements.h"; sourceTree = "<group>"; };
		0C49614016E7F37F00D13713 /* ExceptionJeu.cpp */ = {isa = PBXFileReference; fileEncoding = 4; lastKnownFileType = sourcecode.cpp.cpp; path = ExceptionJeu.cpp; sourceTree = "<group>"; };
		0C49614116E7F37F00D13713 /* ExceptionJeu.h */ = {isa = PBXFileReference; fileEncoding = 4; lastKnownFileType = sourcecode.c.h; path = ExceptionJeu.h; sourceTree = "<group>"; };
		0C49614516E80AC600D13713 /* UsineNoeud.cpp */ = {isa = PBXFileReference; fileEncoding = 4; lastKnownFileType = sourcecode.cpp.cpp; path = UsineNoeud.cpp; sourceTree = "<group>"; };
		4E058F0816FA5C2A00A68C40 /* AFNetworking.xcodeproj */ = {isa = PBXFileReference; lastKnownFileType = "wrapper.pb-project"; name = AFNetworking.xcodeproj; path = AFNetworking/AFNetworking.xcodeproj; sourceTree = "<group>"; };
		4E07580616FBE5ED005F697E /* FieldModificationStrategyAbstract.h */ = {isa = PBXFileReference; fileEncoding = 4; lastKnownFileType = sourcecode.c.h; path = FieldModificationStrategyAbstract.h; sourceTree = "<group>"; };
		4E07580716FBE5ED005F697E /* FieldModificationStrategyMove.cpp */ = {isa = PBXFileReference; fileEncoding = 4; lastKnownFileType = sourcecode.cpp.cpp; path = FieldModificationStrategyMove.cpp; sourceTree = "<group>"; };
		4E07580816FBE5ED005F697E /* FieldModificationStrategyMove.h */ = {isa = PBXFileReference; fileEncoding = 4; lastKnownFileType = sourcecode.c.h; path = FieldModificationStrategyMove.h; sourceTree = "<group>"; };
		4E2A595116F2E455002160AE /* Flags.h */ = {isa = PBXFileReference; fileEncoding = 4; lastKnownFileType = sourcecode.c.h; path = Flags.h; sourceTree = "<group>"; };
		4E2A595316F2E48C002160AE /* BonusModifierAbstract.cpp */ = {isa = PBXFileReference; fileEncoding = 4; lastKnownFileType = sourcecode.cpp.cpp; path = BonusModifierAbstract.cpp; sourceTree = "<group>"; };
		4E2A595416F2E48C002160AE /* BonusModifierAbstract.h */ = {isa = PBXFileReference; fileEncoding = 4; lastKnownFileType = sourcecode.c.h; path = BonusModifierAbstract.h; sourceTree = "<group>"; };
		4E2A595516F2E48C002160AE /* BonusModifierGoThorughWall.cpp */ = {isa = PBXFileReference; fileEncoding = 4; lastKnownFileType = sourcecode.cpp.cpp; path = BonusModifierGoThorughWall.cpp; sourceTree = "<group>"; };
		4E2A595616F2E48C002160AE /* BonusModifierGoThorughWall.h */ = {isa = PBXFileReference; fileEncoding = 4; lastKnownFileType = sourcecode.c.h; path = BonusModifierGoThorughWall.h; sourceTree = "<group>"; };
		4E2A595916F2E558002160AE /* NodeBonus.cpp */ = {isa = PBXFileReference; fileEncoding = 4; lastKnownFileType = sourcecode.cpp.cpp; path = NodeBonus.cpp; sourceTree = "<group>"; };
		4E2A595A16F2E558002160AE /* NodeBonus.h */ = {isa = PBXFileReference; fileEncoding = 4; lastKnownFileType = sourcecode.c.h; path = NodeBonus.h; sourceTree = "<group>"; };
		4E2A595B16F2E558002160AE /* NodeModelRender.cpp */ = {isa = PBXFileReference; fileEncoding = 4; lastKnownFileType = sourcecode.cpp.cpp; path = NodeModelRender.cpp; sourceTree = "<group>"; };
		4E2A595C16F2E558002160AE /* NodeModelRender.h */ = {isa = PBXFileReference; fileEncoding = 4; lastKnownFileType = sourcecode.c.h; path = NodeModelRender.h; sourceTree = "<group>"; };
		4E2A595F16F2E658002160AE /* BonusModifierFactory.cpp */ = {isa = PBXFileReference; fileEncoding = 4; lastKnownFileType = sourcecode.cpp.cpp; name = BonusModifierFactory.cpp; path = ../Usines/BonusModifierFactory.cpp; sourceTree = "<group>"; };
		4E2A596016F2E658002160AE /* BonusModifierFactory.h */ = {isa = PBXFileReference; fileEncoding = 4; lastKnownFileType = sourcecode.c.h; name = BonusModifierFactory.h; path = ../Usines/BonusModifierFactory.h; sourceTree = "<group>"; };
		4E2A596216F2E84B002160AE /* Enum_Declarations.h */ = {isa = PBXFileReference; fileEncoding = 4; lastKnownFileType = sourcecode.c.h; name = Enum_Declarations.h; path = "../../C#/UIHeavyClient/UIHeavyClient/Enum_Declarations.h"; sourceTree = "<group>"; };
		4E8E3ABE1700EB3100C8FC56 /* EditorStateAbstract.h */ = {isa = PBXFileReference; fileEncoding = 4; lastKnownFileType = sourcecode.c.h; path = EditorStateAbstract.h; sourceTree = "<group>"; };
		4E8E3ABF1700EB3100C8FC56 /* EditorStateAbstract.m */ = {isa = PBXFileReference; fileEncoding = 4; lastKnownFileType = sourcecode.c.objc; path = EditorStateAbstract.m; sourceTree = "<group>"; };
		4E8E3AC11700EB7E00C8FC56 /* EventManager.h */ = {isa = PBXFileReference; fileEncoding = 4; lastKnownFileType = sourcecode.c.h; path = EventManager.h; sourceTree = "<group>"; };
		4E8E3AC21700EB7E00C8FC56 /* EventManager.m */ = {isa = PBXFileReference; fileEncoding = 4; lastKnownFileType = sourcecode.c.objc; path = EventManager.m; sourceTree = "<group>"; };
		4E8E3AC41700EBF700C8FC56 /* EditorStateAdd.h */ = {isa = PBXFileReference; fileEncoding = 4; lastKnownFileType = sourcecode.c.h; path = EditorStateAdd.h; sourceTree = "<group>"; };
		4E8E3AC51700EBF700C8FC56 /* EditorStateAdd.m */ = {isa = PBXFileReference; fileEncoding = 4; lastKnownFileType = sourcecode.c.objc; path = EditorStateAdd.m; sourceTree = "<group>"; };
		4E8E3AC71700EC6800C8FC56 /* EditorStateTransform.h */ = {isa = PBXFileReference; fileEncoding = 4; lastKnownFileType = sourcecode.c.h; path = EditorStateTransform.h; sourceTree = "<group>"; };
		4E8E3AC81700EC6800C8FC56 /* EditorStateTransform.m */ = {isa = PBXFileReference; fileEncoding = 4; lastKnownFileType = sourcecode.c.objc; path = EditorStateTransform.m; sourceTree = "<group>"; };
		4E8E3ACA1700ECB900C8FC56 /* EditorStateSelection.h */ = {isa = PBXFileReference; fileEncoding = 4; lastKnownFileType = sourcecode.c.h; path = EditorStateSelection.h; sourceTree = "<group>"; };
		4E8E3ACB1700ECB900C8FC56 /* EditorStateSelection.m */ = {isa = PBXFileReference; fileEncoding = 4; lastKnownFileType = sourcecode.c.objc; path = EditorStateSelection.m; sourceTree = "<group>"; };
		4E8E3ACD1700ECDF00C8FC56 /* EditorStateView.h */ = {isa = PBXFileReference; fileEncoding = 4; lastKnownFileType = sourcecode.c.h; path = EditorStateView.h; sourceTree = "<group>"; };
		4E8E3ACE1700ECDF00C8FC56 /* EditorStateView.m */ = {isa = PBXFileReference; fileEncoding = 4; lastKnownFileType = sourcecode.c.objc; path = EditorStateView.m; sourceTree = "<group>"; };
		4E90C0FA17024114000F2564 /* EditionEventManager.cpp */ = {isa = PBXFileReference; fileEncoding = 4; lastKnownFileType = sourcecode.cpp.cpp; name = EditionEventManager.cpp; path = "../../C++/Environnement/EditionEventManager.cpp"; sourceTree = "<group>"; };
		4E90C0FB17024114000F2564 /* EditionEventManager.h */ = {isa = PBXFileReference; fileEncoding = 4; lastKnownFileType = sourcecode.c.h; name = EditionEventManager.h; path = "../../C++/Environnement/EditionEventManager.h"; sourceTree = "<group>"; };
<<<<<<< HEAD
=======
		4E94494217025200005BC9F6 /* Model3DManager.h */ = {isa = PBXFileReference; fileEncoding = 4; lastKnownFileType = sourcecode.c.h; path = Model3DManager.h; sourceTree = "<group>"; };
		4E94494317025200005BC9F6 /* Model3DManager.m */ = {isa = PBXFileReference; fileEncoding = 4; lastKnownFileType = sourcecode.c.objc; path = Model3DManager.m; sourceTree = "<group>"; };
		4E96C87716FE0A5000CBA826 /* razor_sharp.png */ = {isa = PBXFileReference; lastKnownFileType = image.png; name = razor_sharp.png; path = ../../../Content/media/razor_sharp.png; sourceTree = "<group>"; };
>>>>>>> Debut du manager pour le dessin en 3D des noeuds sur iPad
		4E96DC6216F63D1D00588998 /* Box2D.xcodeproj */ = {isa = PBXFileReference; lastKnownFileType = "wrapper.pb-project"; name = Box2D.xcodeproj; path = Box2D/Box2D.xcodeproj; sourceTree = "<group>"; };
		4E9CE9F916FBB74100B04A12 /* Login.xib */ = {isa = PBXFileReference; fileEncoding = 4; lastKnownFileType = file.xib; path = Login.xib; sourceTree = "<group>"; };
		4E9CE9FB16FBBA4B00B04A12 /* LoadMapViewController.h */ = {isa = PBXFileReference; fileEncoding = 4; lastKnownFileType = sourcecode.c.h; path = LoadMapViewController.h; sourceTree = "<group>"; };
		4E9CE9FC16FBBA4B00B04A12 /* LoadMapViewController.m */ = {isa = PBXFileReference; fileEncoding = 4; lastKnownFileType = sourcecode.c.objc; path = LoadMapViewController.m; sourceTree = "<group>"; };
		4E9CE9FD16FBBA4B00B04A12 /* LoadMapViewController.xib */ = {isa = PBXFileReference; fileEncoding = 4; lastKnownFileType = file.xib; path = LoadMapViewController.xib; sourceTree = "<group>"; };
		4E9DDDB016FF842C0081B35D /* VisitorGatherProperties.cpp */ = {isa = PBXFileReference; fileEncoding = 4; lastKnownFileType = sourcecode.cpp.cpp; path = VisitorGatherProperties.cpp; sourceTree = "<group>"; };
		4E9DDDB116FF842C0081B35D /* VisitorGatherProperties.h */ = {isa = PBXFileReference; fileEncoding = 4; lastKnownFileType = sourcecode.c.h; path = VisitorGatherProperties.h; sourceTree = "<group>"; };
		4EA0DAF616FFDA7900C0502A /* PositionObserver.h */ = {isa = PBXFileReference; fileEncoding = 4; lastKnownFileType = sourcecode.c.h; path = PositionObserver.h; sourceTree = "<group>"; };
		4EA0DAF716FFDA7900C0502A /* ReplayObserver.h */ = {isa = PBXFileReference; fileEncoding = 4; lastKnownFileType = sourcecode.c.h; path = ReplayObserver.h; sourceTree = "<group>"; };
		4EA5287316FE356A008F89BD /* FieldModificationStrategyRotate.cpp */ = {isa = PBXFileReference; fileEncoding = 4; lastKnownFileType = sourcecode.cpp.cpp; path = FieldModificationStrategyRotate.cpp; sourceTree = "<group>"; };
		4EA5287416FE356A008F89BD /* FieldModificationStrategyRotate.h */ = {isa = PBXFileReference; fileEncoding = 4; lastKnownFileType = sourcecode.c.h; path = FieldModificationStrategyRotate.h; sourceTree = "<group>"; };
		4EA5287516FE356A008F89BD /* FieldModificationStrategyScale.cpp */ = {isa = PBXFileReference; fileEncoding = 4; lastKnownFileType = sourcecode.cpp.cpp; path = FieldModificationStrategyScale.cpp; sourceTree = "<group>"; };
		4EA5287616FE356A008F89BD /* FieldModificationStrategyScale.h */ = {isa = PBXFileReference; fileEncoding = 4; lastKnownFileType = sourcecode.c.h; path = FieldModificationStrategyScale.h; sourceTree = "<group>"; };
		4EA5287916FE366A008F89BD /* VisitorSetProperties.cpp */ = {isa = PBXFileReference; fileEncoding = 4; lastKnownFileType = sourcecode.cpp.cpp; path = VisitorSetProperties.cpp; sourceTree = "<group>"; };
		4EA5287A16FE366A008F89BD /* VisitorSetProperties.h */ = {isa = PBXFileReference; fileEncoding = 4; lastKnownFileType = sourcecode.c.h; path = VisitorSetProperties.h; sourceTree = "<group>"; };
		4EB7EA7716EFBE4100493722 /* VisiteurFunction.cpp */ = {isa = PBXFileReference; fileEncoding = 4; lastKnownFileType = sourcecode.cpp.cpp; path = VisiteurFunction.cpp; sourceTree = "<group>"; };
		4EB7EA7816EFBE4100493722 /* VisiteurFunction.h */ = {isa = PBXFileReference; fileEncoding = 4; lastKnownFileType = sourcecode.c.h; path = VisiteurFunction.h; sourceTree = "<group>"; };
		4EC1626C16F81A8C00577704 /* BonusModifierBlockGoal.cpp */ = {isa = PBXFileReference; fileEncoding = 4; lastKnownFileType = sourcecode.cpp.cpp; path = BonusModifierBlockGoal.cpp; sourceTree = "<group>"; };
		4EC1626D16F81A8C00577704 /* BonusModifierBlockGoal.h */ = {isa = PBXFileReference; fileEncoding = 4; lastKnownFileType = sourcecode.c.h; path = BonusModifierBlockGoal.h; sourceTree = "<group>"; };
		4EC1626F16F81F8000577704 /* RunnableBreaker.h */ = {isa = PBXFileReference; fileEncoding = 4; lastKnownFileType = sourcecode.c.h; path = RunnableBreaker.h; sourceTree = "<group>"; };
		4EC7359C17015F85002FCF4C /* Solution_Defines.cpp */ = {isa = PBXFileReference; fileEncoding = 4; lastKnownFileType = sourcecode.cpp.cpp; path = Solution_Defines.cpp; sourceTree = "<group>"; };
		4ED4BC3116FEED3200227F1E /* FieldModificationStrategyAddNode.cpp */ = {isa = PBXFileReference; fileEncoding = 4; lastKnownFileType = sourcecode.cpp.cpp; path = FieldModificationStrategyAddNode.cpp; sourceTree = "<group>"; };
		4ED4BC3216FEED3200227F1E /* FieldModificationStrategyAddNode.h */ = {isa = PBXFileReference; fileEncoding = 4; lastKnownFileType = sourcecode.c.h; path = FieldModificationStrategyAddNode.h; sourceTree = "<group>"; };
		4ED4BC3316FEED3200227F1E /* FieldModificationStrategyAddWall.cpp */ = {isa = PBXFileReference; fileEncoding = 4; lastKnownFileType = sourcecode.cpp.cpp; path = FieldModificationStrategyAddWall.cpp; sourceTree = "<group>"; };
		4ED4BC3416FEED3200227F1E /* FieldModificationStrategyAddWall.h */ = {isa = PBXFileReference; fileEncoding = 4; lastKnownFileType = sourcecode.c.h; path = FieldModificationStrategyAddWall.h; sourceTree = "<group>"; };
		4EEBBF9816E86E5B00017127 /* Model.h */ = {isa = PBXFileReference; fileEncoding = 4; lastKnownFileType = sourcecode.c.h; path = Model.h; sourceTree = "<group>"; };
		4EEBBF9916E86E5B00017127 /* Model.mm */ = {isa = PBXFileReference; fileEncoding = 4; lastKnownFileType = sourcecode.cpp.objcpp; path = Model.mm; sourceTree = "<group>"; };
		4EEBBFA216E8832900017127 /* NoeudAbstrait.cpp */ = {isa = PBXFileReference; fileEncoding = 4; lastKnownFileType = sourcecode.cpp.cpp; path = NoeudAbstrait.cpp; sourceTree = "<group>"; };
		4EF2169E16FA2ABE005FB093 /* TinyXml.xcodeproj */ = {isa = PBXFileReference; lastKnownFileType = "wrapper.pb-project"; name = TinyXml.xcodeproj; path = TinyXml/TinyXml.xcodeproj; sourceTree = "<group>"; };
		6D01D0911702682400899CCB /* razor_sharp.png */ = {isa = PBXFileReference; lastKnownFileType = image.png; path = razor_sharp.png; sourceTree = "<group>"; };
		6D951C3E16EE753600894B44 /* LeftBar.png */ = {isa = PBXFileReference; lastKnownFileType = image.png; path = LeftBar.png; sourceTree = "<group>"; };
		6D951C4016EE767B00894B44 /* BottomBar.png */ = {isa = PBXFileReference; lastKnownFileType = image.png; path = BottomBar.png; sourceTree = "<group>"; };
		96378D761472C71100F543EA /* Hockedu.app */ = {isa = PBXFileReference; explicitFileType = wrapper.application; includeInIndex = 0; path = Hockedu.app; sourceTree = BUILT_PRODUCTS_DIR; };
		96378D7A1472C71100F543EA /* UIKit.framework */ = {isa = PBXFileReference; lastKnownFileType = wrapper.framework; name = UIKit.framework; path = System/Library/Frameworks/UIKit.framework; sourceTree = SDKROOT; };
		96378D7C1472C71100F543EA /* Foundation.framework */ = {isa = PBXFileReference; lastKnownFileType = wrapper.framework; name = Foundation.framework; path = System/Library/Frameworks/Foundation.framework; sourceTree = SDKROOT; };
		96378D7E1472C71100F543EA /* CoreGraphics.framework */ = {isa = PBXFileReference; lastKnownFileType = wrapper.framework; name = CoreGraphics.framework; path = System/Library/Frameworks/CoreGraphics.framework; sourceTree = SDKROOT; };
		96378D821472C71200F543EA /* Hockedu-Info.plist */ = {isa = PBXFileReference; lastKnownFileType = text.plist.xml; path = "Hockedu-Info.plist"; sourceTree = "<group>"; };
		96378D841472C71200F543EA /* en */ = {isa = PBXFileReference; lastKnownFileType = text.plist.strings; name = en; path = en.lproj/InfoPlist.strings; sourceTree = "<group>"; };
		96378D861472C71200F543EA /* main.m */ = {isa = PBXFileReference; lastKnownFileType = sourcecode.c.objc; path = main.m; sourceTree = "<group>"; };
		96378D881472C71200F543EA /* Hockedu-Prefix.pch */ = {isa = PBXFileReference; lastKnownFileType = sourcecode.c.h; path = "Hockedu-Prefix.pch"; sourceTree = "<group>"; };
		96378D891472C71200F543EA /* HockeduAppDelegate.h */ = {isa = PBXFileReference; lastKnownFileType = sourcecode.c.h; path = HockeduAppDelegate.h; sourceTree = "<group>"; };
		96378D8A1472C71200F543EA /* HockeduAppDelegate.m */ = {isa = PBXFileReference; lastKnownFileType = sourcecode.c.objc; path = HockeduAppDelegate.m; sourceTree = "<group>"; };
		96378D8D1472C71200F543EA /* en */ = {isa = PBXFileReference; lastKnownFileType = file.xib; name = en; path = en.lproj/MainWindow.xib; sourceTree = "<group>"; };
		96378D951472C7CC00F543EA /* MenuViewController.h */ = {isa = PBXFileReference; fileEncoding = 4; lastKnownFileType = sourcecode.c.h; path = MenuViewController.h; sourceTree = "<group>"; };
		96378D961472C7CC00F543EA /* MenuViewController.m */ = {isa = PBXFileReference; fileEncoding = 4; lastKnownFileType = sourcecode.c.objc; path = MenuViewController.m; sourceTree = "<group>"; };
		96378D991472C80A00F543EA /* MenuViewController.xib */ = {isa = PBXFileReference; fileEncoding = 4; lastKnownFileType = file.xib; path = MenuViewController.xib; sourceTree = "<group>"; };
		968DACBB1472EB55007D15A3 /* cube.mtl */ = {isa = PBXFileReference; fileEncoding = 4; lastKnownFileType = text; path = cube.mtl; sourceTree = "<group>"; };
		968DACBC1472EB55007D15A3 /* cube.obj */ = {isa = PBXFileReference; fileEncoding = 4; lastKnownFileType = text; path = cube.obj; sourceTree = "<group>"; };
		968DACBD1472EB55007D15A3 /* poly.png */ = {isa = PBXFileReference; lastKnownFileType = image.png; path = poly.png; sourceTree = "<group>"; };
		968DACC31472EDA4007D15A3 /* OpenGLTexture3D.h */ = {isa = PBXFileReference; fileEncoding = 4; lastKnownFileType = sourcecode.c.h; path = OpenGLTexture3D.h; sourceTree = "<group>"; };
		968DACC41472EDA4007D15A3 /* OpenGLTexture3D.m */ = {isa = PBXFileReference; fileEncoding = 4; lastKnownFileType = sourcecode.c.objc; path = OpenGLTexture3D.m; sourceTree = "<group>"; };
		968DACC51472EDA4007D15A3 /* OpenGLWaveFrontCommon.h */ = {isa = PBXFileReference; fileEncoding = 4; lastKnownFileType = sourcecode.c.h; path = OpenGLWaveFrontCommon.h; sourceTree = "<group>"; };
		968DACC61472EDA4007D15A3 /* OpenGLWaveFrontGroup.h */ = {isa = PBXFileReference; fileEncoding = 4; lastKnownFileType = sourcecode.c.h; path = OpenGLWaveFrontGroup.h; sourceTree = "<group>"; };
		968DACC71472EDA4007D15A3 /* OpenGLWaveFrontGroup.m */ = {isa = PBXFileReference; fileEncoding = 4; lastKnownFileType = sourcecode.c.objc; path = OpenGLWaveFrontGroup.m; sourceTree = "<group>"; };
		968DACC81472EDA4007D15A3 /* OpenGLWaveFrontMaterial.h */ = {isa = PBXFileReference; fileEncoding = 4; lastKnownFileType = sourcecode.c.h; path = OpenGLWaveFrontMaterial.h; sourceTree = "<group>"; };
		968DACC91472EDA4007D15A3 /* OpenGLWaveFrontMaterial.m */ = {isa = PBXFileReference; fileEncoding = 4; lastKnownFileType = sourcecode.c.objc; path = OpenGLWaveFrontMaterial.m; sourceTree = "<group>"; };
		968DACCA1472EDA4007D15A3 /* OpenGLWaveFrontObject.h */ = {isa = PBXFileReference; fileEncoding = 4; lastKnownFileType = sourcecode.c.h; lineEnding = 0; path = OpenGLWaveFrontObject.h; sourceTree = "<group>"; xcLanguageSpecificationIdentifier = xcode.lang.objcpp; };
		968DACCB1472EDA4007D15A3 /* OpenGLWaveFrontObject.m */ = {isa = PBXFileReference; fileEncoding = 4; lastKnownFileType = sourcecode.c.objc; lineEnding = 0; path = OpenGLWaveFrontObject.m; sourceTree = "<group>"; xcLanguageSpecificationIdentifier = xcode.lang.objc; };
		969DDEDE1472CF8C00ED5DC8 /* EAGLView.h */ = {isa = PBXFileReference; fileEncoding = 4; lastKnownFileType = sourcecode.c.h; path = EAGLView.h; sourceTree = "<group>"; };
		969DDEDF1472CF8C00ED5DC8 /* EAGLView.m */ = {isa = PBXFileReference; fileEncoding = 4; lastKnownFileType = sourcecode.c.objc; path = EAGLView.m; sourceTree = "<group>"; };
		969DDF881472E03500ED5DC8 /* OpenGLES.framework */ = {isa = PBXFileReference; lastKnownFileType = wrapper.framework; name = OpenGLES.framework; path = System/Library/Frameworks/OpenGLES.framework; sourceTree = SDKROOT; };
		969DDF8A1472E05400ED5DC8 /* QuartzCore.framework */ = {isa = PBXFileReference; lastKnownFileType = wrapper.framework; name = QuartzCore.framework; path = System/Library/Frameworks/QuartzCore.framework; sourceTree = SDKROOT; };
		969DDF8D1472E15900ED5DC8 /* EAGLViewController.h */ = {isa = PBXFileReference; fileEncoding = 4; lastKnownFileType = sourcecode.c.h; path = EAGLViewController.h; sourceTree = "<group>"; };
		969DDF8E1472E15900ED5DC8 /* EAGLViewController.m */ = {isa = PBXFileReference; fileEncoding = 4; lastKnownFileType = sourcecode.c.objc; lineEnding = 0; path = EAGLViewController.m; sourceTree = "<group>"; xcLanguageSpecificationIdentifier = xcode.lang.objc; };
		969DDF8F1472E15900ED5DC8 /* EAGLViewController.xib */ = {isa = PBXFileReference; fileEncoding = 4; lastKnownFileType = file.xib; path = EAGLViewController.xib; sourceTree = "<group>"; };
/* End PBXFileReference section */

/* Begin PBXFrameworksBuildPhase section */
		96378D731472C71100F543EA /* Frameworks */ = {
			isa = PBXFrameworksBuildPhase;
			buildActionMask = 2147483647;
			files = (
				4E058F2E16FA5D0800A68C40 /* libAFNetworking.a in Frameworks */,
				4E8C11B916FA31AE003D61E8 /* libTinyXml.a in Frameworks */,
				969DDF8B1472E05400ED5DC8 /* QuartzCore.framework in Frameworks */,
				969DDF891472E03500ED5DC8 /* OpenGLES.framework in Frameworks */,
				4E96DF0416F64C4700588998 /* libBox2D.a in Frameworks */,
				96378D7B1472C71100F543EA /* UIKit.framework in Frameworks */,
				96378D7D1472C71100F543EA /* Foundation.framework in Frameworks */,
				96378D7F1472C71100F543EA /* CoreGraphics.framework in Frameworks */,
			);
			runOnlyForDeploymentPostprocessing = 0;
		};
/* End PBXFrameworksBuildPhase section */

/* Begin PBXGroup section */
		0C04E03B16DE7835002B0EE2 /* Icones */ = {
			isa = PBXGroup;
			children = (
				0C04E03C16DE7835002B0EE2 /* aide32x32.png */,
				0C04E03D16DE7835002B0EE2 /* ajouter_accelerateur.png */,
				0C04E03E16DE7835002B0EE2 /* ajouter_maillet.png */,
				0C04E03F16DE7835002B0EE2 /* ajouter_muret.png */,
				0C04E04016DE7835002B0EE2 /* ajouter_objet.png */,
				0C04E04116DE7835002B0EE2 /* ajouter_portail.png */,
				0C04E04216DE7835002B0EE2 /* ajouter_rondelle.png */,
				0C04E04316DE7835002B0EE2 /* bouton_enfonce.png */,
				0C04E04416DE7835002B0EE2 /* bouton_normal.png */,
				0C04E04516DE7835002B0EE2 /* bouton_survole.png */,
				0C04E04616DE7835002B0EE2 /* camera.gif */,
				0C04E04716DE7835002B0EE2 /* cameraFixe.png */,
				0C04E04816DE7835002B0EE2 /* cameraLibre.png */,
				0C04E04916DE7835002B0EE2 /* cameraOrbite.png */,
				0C04E04A16DE7835002B0EE2 /* deplacer.png */,
				0C04E04B16DE7835002B0EE2 /* dupliquer.png */,
				0C04E04C16DE7835002B0EE2 /* menu.png */,
			);
			path = Icones;
			sourceTree = "<group>";
		};
		0C04E09316DE88ED002B0EE2 /* C++Files */ = {
			isa = PBXGroup;
			children = (
				4E90C0FA17024114000F2564 /* EditionEventManager.cpp */,
				4E90C0FB17024114000F2564 /* EditionEventManager.h */,
				0C04E18516DE964E002B0EE2 /* Utilitaire */,
				0C04E0F016DE960A002B0EE2 /* Arbre */,
				0C04E0EF16DE917C002B0EE2 /* RazerGameTypeDef.h */,
				0C04E0EA16DE8B7B002B0EE2 /* RazerGameUtilities.cpp */,
				0C04E0EB16DE8B7B002B0EE2 /* RazerGameUtilities.h */,
				0C04E08F16DE81DC002B0EE2 /* Vecteur.h */,
			);
			name = "C++Files";
			sourceTree = "<group>";
		};
		0C04E0F016DE960A002B0EE2 /* Arbre */ = {
			isa = PBXGroup;
			children = (
				0C04E13316DE960B002B0EE2 /* RazerGameTree.cpp */,
				0C04E13416DE960B002B0EE2 /* RazerGameTree.h */,
				0C04E13516DE960B002B0EE2 /* Terrain.cpp */,
				0C04E13616DE960B002B0EE2 /* Terrain.h */,
				0C04E15416DE960B002B0EE2 /* ZoneEdition.cpp */,
				0C04E15516DE960B002B0EE2 /* ZoneEdition.h */,
				4E07580516FBE5ED005F697E /* FieldModificationStrategy */,
				4E2A595216F2E48C002160AE /* Bonus */,
				0C04E10916DE960B002B0EE2 /* Noeuds */,
				0C04E13716DE960B002B0EE2 /* Usines */,
				0C04E13916DE960B002B0EE2 /* Visiteur */,
			);
			name = Arbre;
			path = "../../C++/Arbre";
			sourceTree = "<group>";
		};
		0C04E10916DE960B002B0EE2 /* Noeuds */ = {
			isa = PBXGroup;
			children = (
				4E2A595916F2E558002160AE /* NodeBonus.cpp */,
				4E2A595A16F2E558002160AE /* NodeBonus.h */,
				4E2A595B16F2E558002160AE /* NodeModelRender.cpp */,
				4E2A595C16F2E558002160AE /* NodeModelRender.h */,
				0C04E0F116DE960A002B0EE2 /* ArbreNoeudLibre.cpp */,
				0C04E0F216DE960A002B0EE2 /* ArbreNoeudLibre.h */,
				0C04E0F316DE960A002B0EE2 /* ArbreRendu.cpp */,
				0C04E0F416DE960A002B0EE2 /* ArbreRendu.h */,
				0C04E10A16DE960B002B0EE2 /* ControlPointMutableAbstract.cpp */,
				0C04E10B16DE960B002B0EE2 /* ControlPointMutableAbstract.h */,
				0C04E10C16DE960B002B0EE2 /* NodeControlPoint.cpp */,
				0C04E10D16DE960B002B0EE2 /* NodeControlPoint.h */,
				0C04E10E16DE960B002B0EE2 /* NodePolygone.cpp */,
				0C04E10F16DE960B002B0EE2 /* NodePolygone.h */,
				0C04E11016DE960B002B0EE2 /* NodeRinkBoards.cpp */,
				0C04E11116DE960B002B0EE2 /* NodeRinkBoards.h */,
				0C04E11216DE960B002B0EE2 /* NodeWallAbstract.cpp */,
				0C04E11316DE960B002B0EE2 /* NodeWallAbstract.h */,
				0C04E11416DE960B002B0EE2 /* NodeWallEdition.cpp */,
				0C04E11516DE960B002B0EE2 /* NodeWallEdition.h */,
				4EEBBFA216E8832900017127 /* NoeudAbstrait.cpp */,
				0C04E09216DE88A2002B0EE2 /* NoeudAbstrait.h */,
				0C04E11716DE960B002B0EE2 /* NoeudAccelerateur.cpp */,
				0C04E11816DE960B002B0EE2 /* NoeudAccelerateur.h */,
				0C04E11B16DE960B002B0EE2 /* NoeudBut.cpp */,
				0C04E11C16DE960B002B0EE2 /* NoeudBut.h */,
				0C04E11D16DE960B002B0EE2 /* NoeudComposite.cpp */,
				0C04E11E16DE960B002B0EE2 /* NoeudComposite.h */,
				0C04E11F16DE960B002B0EE2 /* NoeudGroupe.cpp */,
				0C04E12016DE960B002B0EE2 /* NoeudGroupe.h */,
				0C04E12116DE960B002B0EE2 /* NoeudMaillet.cpp */,
				0C04E12216DE960B002B0EE2 /* NoeudMaillet.h */,
				0C04E12316DE960B002B0EE2 /* NoeudMuret.cpp */,
				0C04E12416DE960B002B0EE2 /* NoeudMuret.h */,
				0C04E12516DE960B002B0EE2 /* NoeudMuretRelatif.cpp */,
				0C04E12616DE960B002B0EE2 /* NoeudMuretRelatif.h */,
				0C04E12916DE960B002B0EE2 /* NoeudPoint.cpp */,
				0C04E12A16DE960B002B0EE2 /* NoeudPoint.h */,
				0C04E12B16DE960B002B0EE2 /* NoeudPortail.cpp */,
				0C04E12C16DE960B002B0EE2 /* NoeudPortail.h */,
				0C04E12D16DE960B002B0EE2 /* NoeudRondelle.cpp */,
				0C04E12E16DE960B002B0EE2 /* NoeudRondelle.h */,
				0C04E12F16DE960B002B0EE2 /* NoeudTable.cpp */,
				0C04E13016DE960B002B0EE2 /* NoeudTable.h */,
				0C04E13116DE960B002B0EE2 /* PositionSubject.h */,
				0C04E13216DE960B002B0EE2 /* NoeudAbstrait.h */,
			);
			path = Noeuds;
			sourceTree = "<group>";
		};
		0C04E13716DE960B002B0EE2 /* Usines */ = {
			isa = PBXGroup;
			children = (
				0C49614516E80AC600D13713 /* UsineNoeud.cpp */,
				0C04E13816DE960B002B0EE2 /* UsineNoeud.h */,
			);
			path = Usines;
			sourceTree = "<group>";
		};
		0C04E13916DE960B002B0EE2 /* Visiteur */ = {
			isa = PBXGroup;
			children = (
				4E9DDDB016FF842C0081B35D /* VisitorGatherProperties.cpp */,
				4E9DDDB116FF842C0081B35D /* VisitorGatherProperties.h */,
				4EA5287916FE366A008F89BD /* VisitorSetProperties.cpp */,
				4EA5287A16FE366A008F89BD /* VisitorSetProperties.h */,
				4EB7EA7716EFBE4100493722 /* VisiteurFunction.cpp */,
				4EB7EA7816EFBE4100493722 /* VisiteurFunction.h */,
				0C04E13A16DE960B002B0EE2 /* VisiteurCollision.cpp */,
				0C04E13B16DE960B002B0EE2 /* VisiteurCollision.h */,
				0C04E13C16DE960B002B0EE2 /* VisiteurDeplacement.cpp */,
				0C04E13D16DE960B002B0EE2 /* VisiteurDeplacement.h */,
				0C04E13E16DE960B002B0EE2 /* VisiteurDupliquer.cpp */,
				0C04E13F16DE960B002B0EE2 /* VisiteurDupliquer.h */,
				0C04E14016DE960B002B0EE2 /* VisiteurEchelle.cpp */,
				0C04E14116DE960B002B0EE2 /* VisiteurEchelle.h */,
				0C04E14216DE960B002B0EE2 /* VisiteurEcrireXML.cpp */,
				0C04E14316DE960B002B0EE2 /* VisiteurEcrireXML.h */,
				0C04E14416DE960B002B0EE2 /* VisiteurEstSelectione.cpp */,
				0C04E14516DE960B002B0EE2 /* VisiteurEstSelectione.h */,
				0C04E14816DE960B002B0EE2 /* VisiteurModifierProprieteNoeud.cpp */,
				0C04E14916DE960B002B0EE2 /* VisiteurModifierProprieteNoeud.h */,
				0C04E14A16DE960B002B0EE2 /* VisiteurNoeud.cpp */,
				0C04E14B16DE960B002B0EE2 /* VisiteurNoeud.h */,
				0C04E14C16DE960B002B0EE2 /* VisiteurRotation.cpp */,
				0C04E14D16DE960B002B0EE2 /* VisiteurRotation.h */,
				0C04E14E16DE960B002B0EE2 /* VisiteurSelection.cpp */,
				0C04E14F16DE960B002B0EE2 /* VisiteurSelection.h */,
				0C04E15016DE960B002B0EE2 /* VisiteurSelectionOpenGL.cpp */,
				0C04E15116DE960B002B0EE2 /* VisiteurSelectionOpenGL.h */,
				0C04E15216DE960B002B0EE2 /* VisiteurSuppression.cpp */,
				0C04E15316DE960B002B0EE2 /* VisiteurSuppression.h */,
			);
			path = Visiteur;
			sourceTree = "<group>";
		};
		0C04E18516DE964E002B0EE2 /* Utilitaire */ = {
			isa = PBXGroup;
			children = (
				4EC7359C17015F85002FCF4C /* Solution_Defines.cpp */,
				4EA0DAF616FFDA7900C0502A /* PositionObserver.h */,
				4EA0DAF716FFDA7900C0502A /* ReplayObserver.h */,
				0C49614016E7F37F00D13713 /* ExceptionJeu.cpp */,
				0C49614116E7F37F00D13713 /* ExceptionJeu.h */,
				0C04E20316DEB841002B0EE2 /* CodesEvenements.h */,
				0C04E1FD16DEA0AB002B0EE2 /* EvenementSouris.cpp */,
				0C04E1FE16DEA0AB002B0EE2 /* EvenementSouris.h */,
				4EC1626F16F81F8000577704 /* RunnableBreaker.h */,
				4E2A595116F2E455002160AE /* Flags.h */,
				0C04E18616DE964E002B0EE2 /* AideCollision.cpp */,
				0C04E18716DE964E002B0EE2 /* AideCollision.h */,
				0C04E19216DE964E002B0EE2 /* BoundingBox.cpp */,
				0C04E19316DE964E002B0EE2 /* BoundingBox.h */,
				0C04E19416DE964E002B0EE2 /* CEcritureFichierBinaire.cpp */,
				0C04E19516DE964E002B0EE2 /* CEcritureFichierBinaire.h */,
				0C04E19616DE964E002B0EE2 /* CLectureFichierBinaire.cpp */,
				0C04E19716DE964E002B0EE2 /* CLectureFichierBinaire.h */,
				0C04E19A16DE964E002B0EE2 /* ConteneurAttribut.cpp */,
				0C04E19B16DE964E002B0EE2 /* ConteneurAttribut.h */,
				0C04E19C16DE964E002B0EE2 /* DecodeString.h */,
				0C04E19D16DE964E002B0EE2 /* Droite3D.cpp */,
				0C04E19E16DE964E002B0EE2 /* Droite3D.h */,
				0C04E1A116DE964E002B0EE2 /* GameTime.cpp */,
				0C04E1A216DE964E002B0EE2 /* GameTime.h */,
				0C04E1A516DE964E002B0EE2 /* LignePointillee.h */,
				0C04E1AE16DE964E002B0EE2 /* MouseMoveObserver.h */,
				0C04E1AF16DE964E002B0EE2 /* ObjetAnimable.cpp */,
				0C04E1B016DE964E002B0EE2 /* ObjetAnimable.h */,
				0C04E1B116DE964E002B0EE2 /* ObserverPaternDefinitions.h */,
				0C04E1B216DE964F002B0EE2 /* OnceVector.h */,
				0C04E1B516DE964F002B0EE2 /* Plan3D.cpp */,
				0C04E1B616DE964F002B0EE2 /* Plan3D.h */,
				0C04E1B716DE964F002B0EE2 /* QueueThreadSafe.h */,
				0C04E1B816DE964F002B0EE2 /* Singleton.h */,
				0C04E1B916DE964F002B0EE2 /* Solution_Defines.h */,
				0C04E1BA16DE964F002B0EE2 /* Utilitaire.cpp */,
				0C04E1BB16DE964F002B0EE2 /* Utilitaire.h */,
				0C04E1D316DE964F002B0EE2 /* XMLUtils.cpp */,
				0C04E1D616DE964F002B0EE2 /* Vecteur.h */,
				0C04E1D716DE964F002B0EE2 /* XMLUtils.h */,
			);
			name = Utilitaire;
			path = ../../../Commun/Utilitaire;
			sourceTree = "<group>";
		};
		0CC6367816DE731600D05BBE /* Images */ = {
			isa = PBXGroup;
			children = (
				6D01D0911702682400899CCB /* razor_sharp.png */,
				6D951C4016EE767B00894B44 /* BottomBar.png */,
				6D951C3E16EE753600894B44 /* LeftBar.png */,
				0C04E03B16DE7835002B0EE2 /* Icones */,
			);
			name = Images;
			sourceTree = "<group>";
		};
		4E058F0916FA5C2A00A68C40 /* Products */ = {
			isa = PBXGroup;
			children = (
				4E058F0D16FA5C2B00A68C40 /* libAFNetworking.a */,
			);
			name = Products;
			sourceTree = "<group>";
		};
		4E07580516FBE5ED005F697E /* FieldModificationStrategy */ = {
			isa = PBXGroup;
			children = (
				4ED4BC3116FEED3200227F1E /* FieldModificationStrategyAddNode.cpp */,
				4ED4BC3216FEED3200227F1E /* FieldModificationStrategyAddNode.h */,
				4ED4BC3316FEED3200227F1E /* FieldModificationStrategyAddWall.cpp */,
				4ED4BC3416FEED3200227F1E /* FieldModificationStrategyAddWall.h */,
				4EA5287316FE356A008F89BD /* FieldModificationStrategyRotate.cpp */,
				4EA5287416FE356A008F89BD /* FieldModificationStrategyRotate.h */,
				4EA5287516FE356A008F89BD /* FieldModificationStrategyScale.cpp */,
				4EA5287616FE356A008F89BD /* FieldModificationStrategyScale.h */,
				4E07580616FBE5ED005F697E /* FieldModificationStrategyAbstract.h */,
				4E07580716FBE5ED005F697E /* FieldModificationStrategyMove.cpp */,
				4E07580816FBE5ED005F697E /* FieldModificationStrategyMove.h */,
			);
			path = FieldModificationStrategy;
			sourceTree = "<group>";
		};
		4E2A595216F2E48C002160AE /* Bonus */ = {
			isa = PBXGroup;
			children = (
				4E2A595F16F2E658002160AE /* BonusModifierFactory.cpp */,
				4E2A596016F2E658002160AE /* BonusModifierFactory.h */,
				4EC1626C16F81A8C00577704 /* BonusModifierBlockGoal.cpp */,
				4EC1626D16F81A8C00577704 /* BonusModifierBlockGoal.h */,
				4E2A595316F2E48C002160AE /* BonusModifierAbstract.cpp */,
				4E2A595416F2E48C002160AE /* BonusModifierAbstract.h */,
				4E2A595516F2E48C002160AE /* BonusModifierGoThorughWall.cpp */,
				4E2A595616F2E48C002160AE /* BonusModifierGoThorughWall.h */,
			);
			path = Bonus;
			sourceTree = "<group>";
		};
		4E8E3ABD1700EAB300C8FC56 /* State */ = {
			isa = PBXGroup;
			children = (
				4E8E3ABE1700EB3100C8FC56 /* EditorStateAbstract.h */,
				4E8E3ABF1700EB3100C8FC56 /* EditorStateAbstract.m */,
				4E8E3AC11700EB7E00C8FC56 /* EventManager.h */,
				4E8E3AC21700EB7E00C8FC56 /* EventManager.m */,
				4E8E3AC41700EBF700C8FC56 /* EditorStateAdd.h */,
				4E8E3AC51700EBF700C8FC56 /* EditorStateAdd.m */,
				4E8E3AC71700EC6800C8FC56 /* EditorStateTransform.h */,
				4E8E3AC81700EC6800C8FC56 /* EditorStateTransform.m */,
				4E8E3ACA1700ECB900C8FC56 /* EditorStateSelection.h */,
				4E8E3ACB1700ECB900C8FC56 /* EditorStateSelection.m */,
				4E8E3ACD1700ECDF00C8FC56 /* EditorStateView.h */,
				4E8E3ACE1700ECDF00C8FC56 /* EditorStateView.m */,
			);
			name = State;
			sourceTree = "<group>";
		};
		4E96DC6316F63D1D00588998 /* Products */ = {
			isa = PBXGroup;
			children = (
				4E96DC6716F63D2100588998 /* libBox2D.a */,
			);
			name = Products;
			sourceTree = "<group>";
		};
		4EF2169F16FA2ABE005FB093 /* Products */ = {
			isa = PBXGroup;
			children = (
				4EF216A316FA2AC0005FB093 /* libTinyXml.a */,
			);
			name = Products;
			sourceTree = "<group>";
		};
		96378D6B1472C71100F543EA = {
			isa = PBXGroup;
			children = (
				4E2A596216F2E84B002160AE /* Enum_Declarations.h */,
				0C04E09316DE88ED002B0EE2 /* C++Files */,
				96378D801472C71100F543EA /* Hockedu */,
				0CC6367816DE731600D05BBE /* Images */,
				96378D791472C71100F543EA /* Frameworks */,
				96378D771472C71100F543EA /* Products */,
				4E96DC6216F63D1D00588998 /* Box2D.xcodeproj */,
				4EF2169E16FA2ABE005FB093 /* TinyXml.xcodeproj */,
				4E058F0816FA5C2A00A68C40 /* AFNetworking.xcodeproj */,
			);
			sourceTree = "<group>";
		};
		96378D771472C71100F543EA /* Products */ = {
			isa = PBXGroup;
			children = (
				96378D761472C71100F543EA /* Hockedu.app */,
			);
			name = Products;
			sourceTree = "<group>";
		};
		96378D791472C71100F543EA /* Frameworks */ = {
			isa = PBXGroup;
			children = (
				969DDF8A1472E05400ED5DC8 /* QuartzCore.framework */,
				969DDF881472E03500ED5DC8 /* OpenGLES.framework */,
				96378D7A1472C71100F543EA /* UIKit.framework */,
				96378D7C1472C71100F543EA /* Foundation.framework */,
				96378D7E1472C71100F543EA /* CoreGraphics.framework */,
			);
			name = Frameworks;
			sourceTree = "<group>";
		};
		96378D801472C71100F543EA /* Hockedu */ = {
			isa = PBXGroup;
			children = (
				96378D891472C71200F543EA /* HockeduAppDelegate.h */,
				96378D8A1472C71200F543EA /* HockeduAppDelegate.m */,
				4E8E3ABD1700EAB300C8FC56 /* State */,
				968DACC11472ED46007D15A3 /* Utilitaires */,
				969DDEDC1472CF6000ED5DC8 /* Vues */,
				96378D981472C7F200F543EA /* Interface Builder */,
				96378D941472C78200F543EA /* Controleurs */,
				96378D811472C71200F543EA /* Supporting Files */,
				968DACBA1472EAFF007D15A3 /* Modèles 3D */,
				4EEBBF9816E86E5B00017127 /* Model.h */,
				4EEBBF9916E86E5B00017127 /* Model.mm */,
				4E94494217025200005BC9F6 /* Model3DManager.h */,
				4E94494317025200005BC9F6 /* Model3DManager.m */,
			);
			name = Hockedu;
			path = AppDemo;
			sourceTree = "<group>";
		};
		96378D811472C71200F543EA /* Supporting Files */ = {
			isa = PBXGroup;
			children = (
				96378D821472C71200F543EA /* Hockedu-Info.plist */,
				96378D831472C71200F543EA /* InfoPlist.strings */,
				96378D861472C71200F543EA /* main.m */,
				96378D881472C71200F543EA /* Hockedu-Prefix.pch */,
			);
			name = "Supporting Files";
			sourceTree = "<group>";
		};
		96378D941472C78200F543EA /* Controleurs */ = {
			isa = PBXGroup;
			children = (
				96378D951472C7CC00F543EA /* MenuViewController.h */,
				96378D961472C7CC00F543EA /* MenuViewController.m */,
				969DDF8D1472E15900ED5DC8 /* EAGLViewController.h */,
				969DDF8E1472E15900ED5DC8 /* EAGLViewController.m */,
				4E9CE9FB16FBBA4B00B04A12 /* LoadMapViewController.h */,
				4E9CE9FC16FBBA4B00B04A12 /* LoadMapViewController.m */,
			);
			name = Controleurs;
			sourceTree = "<group>";
		};
		96378D981472C7F200F543EA /* Interface Builder */ = {
			isa = PBXGroup;
			children = (
				96378D8C1472C71200F543EA /* MainWindow.xib */,
				96378D991472C80A00F543EA /* MenuViewController.xib */,
				969DDF8F1472E15900ED5DC8 /* EAGLViewController.xib */,
				4E9CE9FD16FBBA4B00B04A12 /* LoadMapViewController.xib */,
				4E9CE9F916FBB74100B04A12 /* Login.xib */,
			);
			name = "Interface Builder";
			sourceTree = "<group>";
		};
		968DACBA1472EAFF007D15A3 /* Modèles 3D */ = {
			isa = PBXGroup;
			children = (
				968DACBB1472EB55007D15A3 /* cube.mtl */,
				968DACBC1472EB55007D15A3 /* cube.obj */,
				968DACBD1472EB55007D15A3 /* poly.png */,
			);
			name = "Modèles 3D";
			sourceTree = "<group>";
		};
		968DACC11472ED46007D15A3 /* Utilitaires */ = {
			isa = PBXGroup;
			children = (
				968DACC31472EDA4007D15A3 /* OpenGLTexture3D.h */,
				968DACC41472EDA4007D15A3 /* OpenGLTexture3D.m */,
				968DACC51472EDA4007D15A3 /* OpenGLWaveFrontCommon.h */,
				968DACC61472EDA4007D15A3 /* OpenGLWaveFrontGroup.h */,
				968DACC71472EDA4007D15A3 /* OpenGLWaveFrontGroup.m */,
				968DACC81472EDA4007D15A3 /* OpenGLWaveFrontMaterial.h */,
				968DACC91472EDA4007D15A3 /* OpenGLWaveFrontMaterial.m */,
				968DACCA1472EDA4007D15A3 /* OpenGLWaveFrontObject.h */,
				968DACCB1472EDA4007D15A3 /* OpenGLWaveFrontObject.m */,
			);
			name = Utilitaires;
			sourceTree = "<group>";
		};
		969DDEDC1472CF6000ED5DC8 /* Vues */ = {
			isa = PBXGroup;
			children = (
				969DDEDE1472CF8C00ED5DC8 /* EAGLView.h */,
				969DDEDF1472CF8C00ED5DC8 /* EAGLView.m */,
			);
			name = Vues;
			sourceTree = "<group>";
		};
/* End PBXGroup section */

/* Begin PBXNativeTarget section */
		96378D751472C71100F543EA /* Hockedu */ = {
			isa = PBXNativeTarget;
			buildConfigurationList = 96378D911472C71200F543EA /* Build configuration list for PBXNativeTarget "Hockedu" */;
			buildPhases = (
				96378D721472C71100F543EA /* Sources */,
				96378D731472C71100F543EA /* Frameworks */,
				96378D741472C71100F543EA /* Resources */,
			);
			buildRules = (
			);
			dependencies = (
				4E058F2D16FA5CFD00A68C40 /* PBXTargetDependency */,
				4EF216B616FA2CAF005FB093 /* PBXTargetDependency */,
				4E96DF0216F641E600588998 /* PBXTargetDependency */,
			);
			name = Hockedu;
			productName = AppDemo;
			productReference = 96378D761472C71100F543EA /* Hockedu.app */;
			productType = "com.apple.product-type.application";
		};
/* End PBXNativeTarget section */

/* Begin PBXProject section */
		96378D6D1472C71100F543EA /* Project object */ = {
			isa = PBXProject;
			attributes = {
				LastUpgradeCheck = 0460;
			};
			buildConfigurationList = 96378D701472C71100F543EA /* Build configuration list for PBXProject "Hockedu" */;
			compatibilityVersion = "Xcode 3.2";
			developmentRegion = English;
			hasScannedForEncodings = 0;
			knownRegions = (
				en,
			);
			mainGroup = 96378D6B1472C71100F543EA;
			productRefGroup = 96378D771472C71100F543EA /* Products */;
			projectDirPath = "";
			projectReferences = (
				{
					ProductGroup = 4E058F0916FA5C2A00A68C40 /* Products */;
					ProjectRef = 4E058F0816FA5C2A00A68C40 /* AFNetworking.xcodeproj */;
				},
				{
					ProductGroup = 4E96DC6316F63D1D00588998 /* Products */;
					ProjectRef = 4E96DC6216F63D1D00588998 /* Box2D.xcodeproj */;
				},
				{
					ProductGroup = 4EF2169F16FA2ABE005FB093 /* Products */;
					ProjectRef = 4EF2169E16FA2ABE005FB093 /* TinyXml.xcodeproj */;
				},
			);
			projectRoot = "";
			targets = (
				96378D751472C71100F543EA /* Hockedu */,
			);
		};
/* End PBXProject section */

/* Begin PBXReferenceProxy section */
		4E058F0D16FA5C2B00A68C40 /* libAFNetworking.a */ = {
			isa = PBXReferenceProxy;
			fileType = archive.ar;
			path = libAFNetworking.a;
			remoteRef = 4E058F0C16FA5C2B00A68C40 /* PBXContainerItemProxy */;
			sourceTree = BUILT_PRODUCTS_DIR;
		};
		4E96DC6716F63D2100588998 /* libBox2D.a */ = {
			isa = PBXReferenceProxy;
			fileType = archive.ar;
			path = libBox2D.a;
			remoteRef = 4E96DC6616F63D2100588998 /* PBXContainerItemProxy */;
			sourceTree = BUILT_PRODUCTS_DIR;
		};
		4EF216A316FA2AC0005FB093 /* libTinyXml.a */ = {
			isa = PBXReferenceProxy;
			fileType = archive.ar;
			path = libTinyXml.a;
			remoteRef = 4EF216A216FA2AC0005FB093 /* PBXContainerItemProxy */;
			sourceTree = BUILT_PRODUCTS_DIR;
		};
/* End PBXReferenceProxy section */

/* Begin PBXResourcesBuildPhase section */
		96378D741472C71100F543EA /* Resources */ = {
			isa = PBXResourcesBuildPhase;
			buildActionMask = 2147483647;
			files = (
				96378D851472C71200F543EA /* InfoPlist.strings in Resources */,
				96378D8E1472C71200F543EA /* MainWindow.xib in Resources */,
				96378D9A1472C80A00F543EA /* MenuViewController.xib in Resources */,
				969DDF911472E15900ED5DC8 /* EAGLViewController.xib in Resources */,
				968DACBE1472EB55007D15A3 /* cube.mtl in Resources */,
				968DACBF1472EB55007D15A3 /* cube.obj in Resources */,
				968DACC01472EB55007D15A3 /* poly.png in Resources */,
				0C04E06216DE7835002B0EE2 /* aide32x32.png in Resources */,
				0C04E06316DE7835002B0EE2 /* ajouter_accelerateur.png in Resources */,
				0C04E06416DE7835002B0EE2 /* ajouter_maillet.png in Resources */,
				0C04E06516DE7835002B0EE2 /* ajouter_muret.png in Resources */,
				0C04E06616DE7835002B0EE2 /* ajouter_objet.png in Resources */,
				0C04E06716DE7835002B0EE2 /* ajouter_portail.png in Resources */,
				0C04E06816DE7835002B0EE2 /* ajouter_rondelle.png in Resources */,
				0C04E06916DE7835002B0EE2 /* bouton_enfonce.png in Resources */,
				0C04E06A16DE7835002B0EE2 /* bouton_normal.png in Resources */,
				0C04E06B16DE7835002B0EE2 /* bouton_survole.png in Resources */,
				0C04E06C16DE7835002B0EE2 /* camera.gif in Resources */,
				0C04E06D16DE7835002B0EE2 /* cameraFixe.png in Resources */,
				0C04E06E16DE7835002B0EE2 /* cameraLibre.png in Resources */,
				0C04E06F16DE7835002B0EE2 /* cameraOrbite.png in Resources */,
				0C04E07016DE7835002B0EE2 /* deplacer.png in Resources */,
				0C04E07116DE7835002B0EE2 /* dupliquer.png in Resources */,
				0C04E07216DE7835002B0EE2 /* menu.png in Resources */,
				6D951C3F16EE753600894B44 /* LeftBar.png in Resources */,
				6D951C4116EE767B00894B44 /* BottomBar.png in Resources */,
				4E9CE9FA16FBB74100B04A12 /* Login.xib in Resources */,
				4E9CE9FF16FBBA4B00B04A12 /* LoadMapViewController.xib in Resources */,
				6D01D0921702682400899CCB /* razor_sharp.png in Resources */,
			);
			runOnlyForDeploymentPostprocessing = 0;
		};
/* End PBXResourcesBuildPhase section */

/* Begin PBXSourcesBuildPhase section */
		96378D721472C71100F543EA /* Sources */ = {
			isa = PBXSourcesBuildPhase;
			buildActionMask = 2147483647;
			files = (
				96378D871472C71200F543EA /* main.m in Sources */,
				96378D8B1472C71200F543EA /* HockeduAppDelegate.m in Sources */,
				96378D971472C7CC00F543EA /* MenuViewController.m in Sources */,
				969DDEE01472CF8C00ED5DC8 /* EAGLView.m in Sources */,
				969DDF901472E15900ED5DC8 /* EAGLViewController.m in Sources */,
				968DACCC1472EDA4007D15A3 /* OpenGLTexture3D.m in Sources */,
				968DACCD1472EDA4007D15A3 /* OpenGLWaveFrontGroup.m in Sources */,
				968DACCE1472EDA4007D15A3 /* OpenGLWaveFrontMaterial.m in Sources */,
				968DACCF1472EDA4007D15A3 /* OpenGLWaveFrontObject.m in Sources */,
				0C04E0EC16DE8B7B002B0EE2 /* RazerGameUtilities.cpp in Sources */,
				0C04E15616DE960B002B0EE2 /* ArbreNoeudLibre.cpp in Sources */,
				0C04E15716DE960B002B0EE2 /* ArbreRendu.cpp in Sources */,
				0C04E16116DE960B002B0EE2 /* ControlPointMutableAbstract.cpp in Sources */,
				0C04E16216DE960B002B0EE2 /* NodeControlPoint.cpp in Sources */,
				0C04E16316DE960B002B0EE2 /* NodePolygone.cpp in Sources */,
				0C04E16416DE960B002B0EE2 /* NodeRinkBoards.cpp in Sources */,
				0C04E16516DE960B002B0EE2 /* NodeWallAbstract.cpp in Sources */,
				0C04E16616DE960B002B0EE2 /* NodeWallEdition.cpp in Sources */,
				0C04E16816DE960B002B0EE2 /* NoeudAccelerateur.cpp in Sources */,
				0C04E16A16DE960B002B0EE2 /* NoeudBut.cpp in Sources */,
				0C04E16B16DE960B002B0EE2 /* NoeudComposite.cpp in Sources */,
				0C04E16C16DE960B002B0EE2 /* NoeudGroupe.cpp in Sources */,
				0C04E16D16DE960B002B0EE2 /* NoeudMaillet.cpp in Sources */,
				0C04E16E16DE960B002B0EE2 /* NoeudMuret.cpp in Sources */,
				0C04E16F16DE960B002B0EE2 /* NoeudMuretRelatif.cpp in Sources */,
				0C04E17116DE960B002B0EE2 /* NoeudPoint.cpp in Sources */,
				0C04E17216DE960B002B0EE2 /* NoeudPortail.cpp in Sources */,
				0C04E17316DE960B002B0EE2 /* NoeudRondelle.cpp in Sources */,
				0C04E17416DE960B002B0EE2 /* NoeudTable.cpp in Sources */,
				0C04E17516DE960B002B0EE2 /* RazerGameTree.cpp in Sources */,
				0C04E17616DE960B002B0EE2 /* Terrain.cpp in Sources */,
				0C04E17716DE960B002B0EE2 /* VisiteurCollision.cpp in Sources */,
				0C04E17816DE960B002B0EE2 /* VisiteurDeplacement.cpp in Sources */,
				0C04E17916DE960B002B0EE2 /* VisiteurDupliquer.cpp in Sources */,
				0C04E17A16DE960B002B0EE2 /* VisiteurEchelle.cpp in Sources */,
				0C04E17B16DE960B002B0EE2 /* VisiteurEcrireXML.cpp in Sources */,
				0C04E17C16DE960B002B0EE2 /* VisiteurEstSelectione.cpp in Sources */,
				0C04E17E16DE960B002B0EE2 /* VisiteurModifierProprieteNoeud.cpp in Sources */,
				0C04E17F16DE960B002B0EE2 /* VisiteurNoeud.cpp in Sources */,
				0C04E18016DE960B002B0EE2 /* VisiteurRotation.cpp in Sources */,
				0C04E18116DE960B002B0EE2 /* VisiteurSelection.cpp in Sources */,
				0C04E18216DE960B002B0EE2 /* VisiteurSelectionOpenGL.cpp in Sources */,
				0C04E18316DE960B002B0EE2 /* VisiteurSuppression.cpp in Sources */,
				0C04E18416DE960B002B0EE2 /* ZoneEdition.cpp in Sources */,
				0C04E1D816DE964F002B0EE2 /* AideCollision.cpp in Sources */,
				0C04E1DE16DE964F002B0EE2 /* BoundingBox.cpp in Sources */,
				0C04E1DF16DE964F002B0EE2 /* CEcritureFichierBinaire.cpp in Sources */,
				0C04E1E016DE964F002B0EE2 /* CLectureFichierBinaire.cpp in Sources */,
				0C04E1E216DE964F002B0EE2 /* ConteneurAttribut.cpp in Sources */,
				0C04E1E316DE964F002B0EE2 /* Droite3D.cpp in Sources */,
				0C04E1E516DE964F002B0EE2 /* GameTime.cpp in Sources */,
				0C04E1EB16DE964F002B0EE2 /* ObjetAnimable.cpp in Sources */,
				0C04E1ED16DE964F002B0EE2 /* Plan3D.cpp in Sources */,
				0C04E1EE16DE964F002B0EE2 /* Utilitaire.cpp in Sources */,
				0C04E1FB16DE964F002B0EE2 /* XMLUtils.cpp in Sources */,
				0C04E1FF16DEA0AC002B0EE2 /* EvenementSouris.cpp in Sources */,
				0C49614216E7F37F00D13713 /* ExceptionJeu.cpp in Sources */,
				0C49614616E80AC600D13713 /* UsineNoeud.cpp in Sources */,
				4EEBBF9A16E86E5B00017127 /* Model.mm in Sources */,
				4EEBBFA316E8832900017127 /* NoeudAbstrait.cpp in Sources */,
				4EB7EA7916EFBE4100493722 /* VisiteurFunction.cpp in Sources */,
				4E2A595716F2E48C002160AE /* BonusModifierAbstract.cpp in Sources */,
				4E2A595816F2E48C002160AE /* BonusModifierGoThorughWall.cpp in Sources */,
				4E2A595D16F2E558002160AE /* NodeBonus.cpp in Sources */,
				4E2A595E16F2E558002160AE /* NodeModelRender.cpp in Sources */,
				4E2A596116F2E658002160AE /* BonusModifierFactory.cpp in Sources */,
				4EC1626E16F81A8C00577704 /* BonusModifierBlockGoal.cpp in Sources */,
				4E9CE9FE16FBBA4B00B04A12 /* LoadMapViewController.m in Sources */,
				4E07580916FBE5ED005F697E /* FieldModificationStrategyMove.cpp in Sources */,
				4EA5287716FE356A008F89BD /* FieldModificationStrategyRotate.cpp in Sources */,
				4EA5287816FE356A008F89BD /* FieldModificationStrategyScale.cpp in Sources */,
				4EA5287B16FE366A008F89BD /* VisitorSetProperties.cpp in Sources */,
				4ED4BC3516FEED3200227F1E /* FieldModificationStrategyAddNode.cpp in Sources */,
				4ED4BC3616FEED3200227F1E /* FieldModificationStrategyAddWall.cpp in Sources */,
				4E9DDDB216FF842C0081B35D /* VisitorGatherProperties.cpp in Sources */,
				4E8E3AC01700EB3100C8FC56 /* EditorStateAbstract.m in Sources */,
				4E8E3AC31700EB7E00C8FC56 /* EventManager.m in Sources */,
				4E8E3AC61700EBF700C8FC56 /* EditorStateAdd.m in Sources */,
				4E8E3AC91700EC6800C8FC56 /* EditorStateTransform.m in Sources */,
				4E8E3ACC1700ECB900C8FC56 /* EditorStateSelection.m in Sources */,
				4E8E3ACF1700ECDF00C8FC56 /* EditorStateView.m in Sources */,
				4EC7359D17015F85002FCF4C /* Solution_Defines.cpp in Sources */,
				4E90C0FC17024114000F2564 /* EditionEventManager.cpp in Sources */,
				4E94494417025200005BC9F6 /* Model3DManager.m in Sources */,
			);
			runOnlyForDeploymentPostprocessing = 0;
		};
/* End PBXSourcesBuildPhase section */

/* Begin PBXTargetDependency section */
		4E058F2D16FA5CFD00A68C40 /* PBXTargetDependency */ = {
			isa = PBXTargetDependency;
			name = AFNetworking;
			targetProxy = 4E058F2C16FA5CFD00A68C40 /* PBXContainerItemProxy */;
		};
		4E96DF0216F641E600588998 /* PBXTargetDependency */ = {
			isa = PBXTargetDependency;
			name = Box2D;
			targetProxy = 4E96DF0116F641E600588998 /* PBXContainerItemProxy */;
		};
		4EF216B616FA2CAF005FB093 /* PBXTargetDependency */ = {
			isa = PBXTargetDependency;
			name = TinyXml;
			targetProxy = 4EF216B516FA2CAF005FB093 /* PBXContainerItemProxy */;
		};
/* End PBXTargetDependency section */

/* Begin PBXVariantGroup section */
		96378D831472C71200F543EA /* InfoPlist.strings */ = {
			isa = PBXVariantGroup;
			children = (
				96378D841472C71200F543EA /* en */,
			);
			name = InfoPlist.strings;
			sourceTree = "<group>";
		};
		96378D8C1472C71200F543EA /* MainWindow.xib */ = {
			isa = PBXVariantGroup;
			children = (
				96378D8D1472C71200F543EA /* en */,
			);
			name = MainWindow.xib;
			sourceTree = "<group>";
		};
/* End PBXVariantGroup section */

/* Begin XCBuildConfiguration section */
		96378D8F1472C71200F543EA /* Debug */ = {
			isa = XCBuildConfiguration;
			buildSettings = {
				ALWAYS_SEARCH_USER_PATHS = NO;
				ARCHS = "$(ARCHS_UNIVERSAL_IPHONE_OS)";
				"CODE_SIGN_IDENTITY[sdk=iphoneos*]" = "iPhone Developer";
				COPY_PHASE_STRIP = NO;
				GCC_C_LANGUAGE_STANDARD = gnu99;
				GCC_DYNAMIC_NO_PIC = NO;
				GCC_OPTIMIZATION_LEVEL = 0;
				GCC_PREPROCESSOR_DEFINITIONS = (
					"DEBUG=1",
					"$(inherited)",
				);
				GCC_SYMBOLS_PRIVATE_EXTERN = NO;
				GCC_VERSION = "";
				GCC_WARN_ABOUT_MISSING_PROTOTYPES = YES;
				GCC_WARN_ABOUT_RETURN_TYPE = YES;
				GCC_WARN_UNUSED_VARIABLE = YES;
				IPHONEOS_DEPLOYMENT_TARGET = 6.0;
				OTHER_LDFLAGS = "";
				SDKROOT = iphoneos;
				TARGETED_DEVICE_FAMILY = 2;
			};
			name = Debug;
		};
		96378D901472C71200F543EA /* Release */ = {
			isa = XCBuildConfiguration;
			buildSettings = {
				ALWAYS_SEARCH_USER_PATHS = NO;
				ARCHS = "$(ARCHS_UNIVERSAL_IPHONE_OS)";
				"CODE_SIGN_IDENTITY[sdk=iphoneos*]" = "iPhone Developer";
				COPY_PHASE_STRIP = YES;
				GCC_C_LANGUAGE_STANDARD = gnu99;
				GCC_VERSION = "";
				GCC_WARN_ABOUT_MISSING_PROTOTYPES = YES;
				GCC_WARN_ABOUT_RETURN_TYPE = YES;
				GCC_WARN_UNUSED_VARIABLE = YES;
				IPHONEOS_DEPLOYMENT_TARGET = 6.0;
				OTHER_CFLAGS = "-DNS_BLOCK_ASSERTIONS=1";
				OTHER_LDFLAGS = "";
				SDKROOT = iphoneos;
				TARGETED_DEVICE_FAMILY = 2;
				VALIDATE_PRODUCT = YES;
			};
			name = Release;
		};
		96378D921472C71200F543EA /* Debug */ = {
			isa = XCBuildConfiguration;
			buildSettings = {
				CLANG_ENABLE_OBJC_ARC = NO;
				GCC_PRECOMPILE_PREFIX_HEADER = YES;
				GCC_PREFIX_HEADER = "AppDemo/Hockedu-Prefix.pch";
				GCC_VERSION = "";
				"HEADER_SEARCH_PATHS[arch=*]" = (
					../../../Commun/Externe/,
					AFNetworking/AFNetworking/,
				);
				INFOPLIST_FILE = "AppDemo/Hockedu-Info.plist";
				IPHONEOS_DEPLOYMENT_TARGET = 6.0;
				LIBRARY_SEARCH_PATHS = (
					"$(inherited)",
					"\"$(SRCROOT)/../../../Commun/Externe/Box2D/Libs\"",
				);
				ONLY_ACTIVE_ARCH = NO;
				PRODUCT_NAME = Hockedu;
				"USER_HEADER_SEARCH_PATHS[arch=*]" = "../../../Commun/Externe/** AFNetworking/AFNetworking/";
				WRAPPER_EXTENSION = app;
			};
			name = Debug;
		};
		96378D931472C71200F543EA /* Release */ = {
			isa = XCBuildConfiguration;
			buildSettings = {
				CLANG_ENABLE_OBJC_ARC = NO;
				GCC_PRECOMPILE_PREFIX_HEADER = YES;
				GCC_PREFIX_HEADER = "AppDemo/Hockedu-Prefix.pch";
				GCC_VERSION = "";
				INFOPLIST_FILE = "AppDemo/Hockedu-Info.plist";
				IPHONEOS_DEPLOYMENT_TARGET = 6.0;
				LIBRARY_SEARCH_PATHS = (
					"$(inherited)",
					"\"$(SRCROOT)/../../../Commun/Externe/Box2D/Libs\"",
				);
				ONLY_ACTIVE_ARCH = NO;
				PRODUCT_NAME = Hockedu;
				WRAPPER_EXTENSION = app;
			};
			name = Release;
		};
/* End XCBuildConfiguration section */

/* Begin XCConfigurationList section */
		96378D701472C71100F543EA /* Build configuration list for PBXProject "Hockedu" */ = {
			isa = XCConfigurationList;
			buildConfigurations = (
				96378D8F1472C71200F543EA /* Debug */,
				96378D901472C71200F543EA /* Release */,
			);
			defaultConfigurationIsVisible = 0;
			defaultConfigurationName = Debug;
		};
		96378D911472C71200F543EA /* Build configuration list for PBXNativeTarget "Hockedu" */ = {
			isa = XCConfigurationList;
			buildConfigurations = (
				96378D921472C71200F543EA /* Debug */,
				96378D931472C71200F543EA /* Release */,
			);
			defaultConfigurationIsVisible = 0;
			defaultConfigurationName = Debug;
		};
/* End XCConfigurationList section */
	};
	rootObject = 96378D6D1472C71100F543EA /* Project object */;
}
